<?xml version="1.0" encoding="utf-8"?>
<Project ToolsVersion="4.0" xmlns="http://schemas.microsoft.com/developer/msbuild/2003">
  <ItemGroup>
    <ClCompile Include="src\VQM_ITMS_Driver.cpp">
      <Filter>Src</Filter>
    </ClCompile>
    <ClCompile Include="src\VQM\CrossPlatform\IServiceWrapper.cpp">
      <Filter>Src\VQM\CrossPlaform</Filter>
    </ClCompile>
    <ClCompile Include="src\Exception.cpp">
      <Filter>Src</Filter>
    </ClCompile>
    <ClCompile Include="src\VQM_ITMS_Base.cpp">
      <Filter>Src</Filter>
    </ClCompile>
    <ClCompile Include="src\VQM\CrossPlatform\FIR-filter-class\filt.cpp">
      <Filter>Src\VQM\CrossPlaform\FIR-filter-class</Filter>
    </ClCompile>
  </ItemGroup>
  <ItemGroup>
    <ClInclude Include="src\ParameterDefns.h">
      <Filter>Src</Filter>
    </ClInclude>
    <ClInclude Include="src\VQM_ITMS_Driver.h">
      <Filter>Src</Filter>
    </ClInclude>
    <ClInclude Include="src\Exception.h">
      <Filter>Src</Filter>
    </ClInclude>
    <ClInclude Include="src\VQM\CrossPlatform\IServiceWrapper.h">
      <Filter>Src\VQM\CrossPlaform</Filter>
    </ClInclude>
    <ClInclude Include="Src\VQM\CrossPlatform\IHeaderData.h">
      <Filter>Src\VQM\CrossPlaform</Filter>
    </ClInclude>
    <ClInclude Include="src\VQM\Include\SRawConnectionOptions.h">
      <Filter>Src\VQM\Include</Filter>
    </ClInclude>
    <ClInclude Include="src\VQM_ITMS_Base.h">
      <Filter>Src</Filter>
    </ClInclude>
    <ClInclude Include="src\VQM\CrossPlatform\FIR-filter-class\filt.h">
      <Filter>Src\VQM\CrossPlaform\FIR-filter-class</Filter>
    </ClInclude>
  </ItemGroup>
  <ItemGroup>
    <None Include="Db\SoftwareVersions.db">
      <Filter>Db</Filter>
    </None>
    <None Include="Db\VQM_ITMS.Asyn4-26.db">
      <Filter>Db</Filter>
    </None>
    <None Include="Db\VQM_ITMS.db">
      <Filter>Db</Filter>
    </None>
    <None Include="Db\Makefile">
      <Filter>Db</Filter>
    </None>
    <None Include="src\Makefile">
      <Filter>Src</Filter>
    </None>
  </ItemGroup>
  <ItemGroup>
    <Filter Include="Src">
      <UniqueIdentifier>{7845b4a7-f46f-4e61-8292-34ac159a8f1e}</UniqueIdentifier>
    </Filter>
    <Filter Include="Db">
      <UniqueIdentifier>{b433b273-5394-436c-a82f-99da5d0ebc12}</UniqueIdentifier>
    </Filter>
    <Filter Include="Src\VQM">
      <UniqueIdentifier>{35a497ed-7dc0-4a0a-8fb5-36aad8a54df7}</UniqueIdentifier>
    </Filter>
    <Filter Include="Src\VQM\CrossPlaform">
      <UniqueIdentifier>{d5e79079-ce62-442a-aaf9-2e3a42b70487}</UniqueIdentifier>
    </Filter>
    <Filter Include="Src\VQM\Include">
      <UniqueIdentifier>{00ef670e-1e9e-448f-bcf9-b88c7b3be290}</UniqueIdentifier>
    </Filter>
    <Filter Include="Src\VQM\CrossPlaform\FIR-filter-class">
      <UniqueIdentifier>{e3915f60-b074-4955-bf21-53b2461f452e}</UniqueIdentifier>
    </Filter>
  </ItemGroup>
</Project>