<?xml version="1.0" encoding="utf-8"?>
<Project ToolsVersion="4.0" xmlns="http://schemas.microsoft.com/developer/msbuild/2003">
  <ItemGroup>
    <Filter Include="Source Files">
      <UniqueIdentifier>{fd788527-eb27-4a26-bf97-7805240ecaf4}</UniqueIdentifier>
      <Extensions>cpp;c;cxx;rc;def;r;odl;idl;hpj;bat</Extensions>
    </Filter>
    <Filter Include="Header Files">
      <UniqueIdentifier>{daa79b8a-06c1-43ab-a0d3-eef60378a585}</UniqueIdentifier>
      <Extensions>h;hpp;hxx;hm;inl</Extensions>
    </Filter>
    <Filter Include="Resource Files">
      <UniqueIdentifier>{32250977-db49-4451-aa3b-2060ea824a8d}</UniqueIdentifier>
      <Extensions>ico;cur;bmp;dlg;rc2;rct;bin;rgs;gif;jpg;jpeg;jpe</Extensions>
    </Filter>
  </ItemGroup>
  <ItemGroup>
    <ClCompile Include="WaitDlg.cpp">
      <Filter>Source Files</Filter>
    </ClCompile>
    <ClCompile Include="configure.cpp">
      <Filter>Source Files</Filter>
    </ClCompile>
    <ClCompile Include="configure_wizard.cpp">
      <Filter>Source Files</Filter>
    </ClCompile>
    <ClCompile Include="finished_page.cpp">
      <Filter>Source Files</Filter>
    </ClCompile>
    <ClCompile Include="stdafx.cpp">
      <Filter>Source Files</Filter>
    </ClCompile>
    <ClCompile Include="system_page.cpp">
      <Filter>Source Files</Filter>
    </ClCompile>
    <ClCompile Include="target_page.cpp">
      <Filter>Source Files</Filter>
    </ClCompile>
    <ClCompile Include="welcome_page.cpp">
      <Filter>Source Files</Filter>
    </ClCompile>
  </ItemGroup>
  <ItemGroup>
    <ResourceCompile Include="configure.rc">
      <Filter>Source Files</Filter>
    </ResourceCompile>
  </ItemGroup>
  <ItemGroup>
    <ClInclude Include="WaitDlg.h">
      <Filter>Header Files</Filter>
    </ClInclude>
    <ClInclude Include="configure.h">
      <Filter>Header Files</Filter>
    </ClInclude>
    <ClInclude Include="configure_wizard.h">
      <Filter>Header Files</Filter>
    </ClInclude>
    <ClInclude Include="finished_page.h">
      <Filter>Header Files</Filter>
    </ClInclude>
    <ClInclude Include="resource.h">
      <Filter>Header Files</Filter>
    </ClInclude>
    <ClInclude Include="stdafx.h">
      <Filter>Header Files</Filter>
    </ClInclude>
    <ClInclude Include="system_page.h">
      <Filter>Header Files</Filter>
    </ClInclude>
    <ClInclude Include="target_page.h">
      <Filter>Header Files</Filter>
    </ClInclude>
    <ClInclude Include="welcome_page.h">
      <Filter>Header Files</Filter>
    </ClInclude>
  </ItemGroup>
  <ItemGroup>
    <None Include="res\configure.ico">
      <Filter>Resource Files</Filter>
    </None>
    <None Include="res\configure.rc2">
      <Filter>Resource Files</Filter>
    </None>
    <None Include="res\magick.bmp">
      <Filter>Resource Files</Filter>
    </None>
  </ItemGroup>
</Project>