Microsoft Visual Studio Solution File, Format Version 12.00
# Visual Studio 15
VisualStudioVersion = 15.0.28307.136
MinimumVisualStudioVersion = 10.0.40219.1
Project("{8BC9CEB8-8B4A-11D0-8D11-00A0C91BC942}") = "DAQmxBaseApp", "DAQmxBaseApp\DAQmxBaseApp.vcxproj", "{4198C3D2-FCF6-4FCA-B093-A0C53A4DB235}"
EndProject
Project("{2150E333-8FDC-42A3-9474-1A3956D46DE8}") = "base", "base", "{349AC5F9-10A7-4B3C-B951-6A95B6A5F26D}"
EndProject
Project("{2150E333-8FDC-42A3-9474-1A3956D46DE8}") = "src", "src", "{EB5AAB71-887F-4333-A7F9-7F81CA06440D}"
EndProject
Project("{8BC9CEB8-8B4A-11D0-8D11-00A0C91BC942}") = "Com", "..\..\base-7.0.3\modules\libcom\src\Com.vcxproj", "{E9D99FC7-E592-472B-B2E2-C3B0D81D8169}"
EndProject
Project("{2150E333-8FDC-42A3-9474-1A3956D46DE8}") = "asyn-R4-36", "asyn-R4-36", "{F526B712-6357-4ABF-9E19-D4AC8E0ABBA8}"
EndProject
Project("{8BC9CEB8-8B4A-11D0-8D11-00A0C91BC942}") = "asyn", "..\..\support\asyn-R4-36\asyn\asyn.vcxproj", "{C3EA0FF7-6039-4884-BA91-7B4619BEFEA5}"
EndProject
Project("{2150E333-8FDC-42A3-9474-1A3956D46DE8}") = "flex", "flex", "{934DD2BA-B990-40CE-ACB9-812F5C16D832}"
EndProject
Project("{2150E333-8FDC-42A3-9474-1A3956D46DE8}") = "yacc", "yacc", "{7967784F-6C95-49CF-B947-57DB393D6777}"
EndProject
Project("{8BC9CEB8-8B4A-11D0-8D11-00A0C91BC942}") = "e_flex", "..\..\base-7.0.3\modules\libcom\src\flex\e_flex.vcxproj", "{280222D8-1C6B-430D-8F32-C8A47397525B}"
EndProject
Project("{8BC9CEB8-8B4A-11D0-8D11-00A0C91BC942}") = "antelope", "..\..\base-7.0.3\modules\libcom\src\yacc\antelope.vcxproj", "{B06AFD40-69E3-4D78-B401-75A27C869381}"
EndProject
Project("{2150E333-8FDC-42A3-9474-1A3956D46DE8}") = "tools", "tools", "{0BF84631-7BB3-491C-9369-CCCAF96DFA82}"
EndProject
Project("{8BC9CEB8-8B4A-11D0-8D11-00A0C91BC942}") = "tools", "..\..\base-7.0.3\src\tools\tools.vcxproj", "{5CCE1C6A-2BD5-48BF-99E2-D29B58F91991}"
EndProject
Project("{2150E333-8FDC-42A3-9474-1A3956D46DE8}") = "ca", "ca", "{DE252BAC-69FF-48A8-928E-893303AA93A2}"
EndProject
Project("{2150E333-8FDC-42A3-9474-1A3956D46DE8}") = "client", "client", "{8278AE66-CAA9-4B2E-87A3-3E7AC6CC84DF}"
EndProject
Project("{8BC9CEB8-8B4A-11D0-8D11-00A0C91BC942}") = "ca", "..\..\base-7.0.3\modules\ca\src\client\ca.vcxproj", "{361BCEBD-8B02-4B15-B28B-863F0602CB99}"
EndProject
Project("{2150E333-8FDC-42A3-9474-1A3956D46DE8}") = "ioc", "ioc", "{A1FE2CDF-31F9-4E05-B922-8E1AA338B643}"
EndProject
Project("{2150E333-8FDC-42A3-9474-1A3956D46DE8}") = "std", "std", "{DB25F822-52B5-47D1-949D-086F11D339EE}"
EndProject
Project("{8BC9CEB8-8B4A-11D0-8D11-00A0C91BC942}") = "dbRecStd", "..\..\base-7.0.3\modules\database\src\std\dbRecStd.vcxproj", "{9CF8D9AB-E47D-4923-A251-80E40B4E7144}"
EndProject
Project("{8BC9CEB8-8B4A-11D0-8D11-00A0C91BC942}") = "dbCore", "..\..\base-7.0.3\modules\database\src\ioc\dbCore.vcxproj", "{422A8C73-836C-48CB-86C8-0591E69C0CA1}"
EndProject
Project("{2150E333-8FDC-42A3-9474-1A3956D46DE8}") = "startup", "startup", "{78A542CE-D213-4BF0-9691-8A8EDB5E6824}"
	ProjectSection(SolutionItems) = preProject
		..\base\startup\win32.bat = ..\base\startup\win32.bat
	EndProjectSection
EndProject
Project("{2150E333-8FDC-42A3-9474-1A3956D46DE8}") = "bpt", "bpt", "{B10BD902-9C77-4551-9BE4-DD590E6472BF}"
EndProject
Project("{8BC9CEB8-8B4A-11D0-8D11-00A0C91BC942}") = "makeBpt", "..\..\base-7.0.3\modules\database\src\ioc\bpt\makeBpt.vcxproj", "{A17BA797-3CA6-47F9-B47E-673118EABA1A}"
EndProject
Project("{2150E333-8FDC-42A3-9474-1A3956D46DE8}") = "softIoc", "softIoc", "{CFC49015-1DDE-4567-8347-523826801833}"
EndProject
Project("{8BC9CEB8-8B4A-11D0-8D11-00A0C91BC942}") = "softIoc", "..\..\base-7.0.3\modules\database\src\std\softIoc\softIoc.vcxproj", "{CE14B4D8-C63F-4EA6-9DE4-CACE48EA092C}"
EndProject
Project("{2150E333-8FDC-42A3-9474-1A3956D46DE8}") = "support", "support", "{71518EC9-D3AA-4825-A81C-B204843C281D}"
EndProject
Project("{2150E333-8FDC-42A3-9474-1A3956D46DE8}") = "modules", "modules", "{A3CA9525-6B9B-47FB-B12F-9D27CA5333ED}"
EndProject
Project("{2150E333-8FDC-42A3-9474-1A3956D46DE8}") = "src", "src", "{7770006B-21A1-45D5-B90E-B14CC4CBFD00}"
EndProject
Project("{2150E333-8FDC-42A3-9474-1A3956D46DE8}") = "database", "database", "{EA44A37A-3D66-41C0-80A8-5966FABE0129}"
EndProject
Project("{2150E333-8FDC-42A3-9474-1A3956D46DE8}") = "src", "src", "{D5F9F609-7F81-421B-B619-199C66D7B6E8}"
EndProject
Project("{2150E333-8FDC-42A3-9474-1A3956D46DE8}") = "libcom", "libcom", "{4FF80F71-D201-48B2-B21D-8A2AE2A130D1}"
EndProject
Project("{2150E333-8FDC-42A3-9474-1A3956D46DE8}") = "src", "src", "{BF75FBDE-EADA-40ED-A601-71191A0B3F21}"
EndProject
Project("{2150E333-8FDC-42A3-9474-1A3956D46DE8}") = "tools", "tools", "{9DCD094D-F654-4B63-8C5D-428A458C5D7B}"
EndProject
Project("{8BC9CEB8-8B4A-11D0-8D11-00A0C91BC942}") = "dbtools", "..\..\base-7.0.3\modules\database\src\tools\dbtools.vcxproj", "{421A512B-4C74-4461-9956-DC5864275D18}"
EndProject
Global
	GlobalSection(SolutionConfigurationPlatforms) = preSolution
		Debug_DLL|Win32 = Debug_DLL|Win32
		Debug_DLL|x64 = Debug_DLL|x64
		Debug_LIB|Win32 = Debug_LIB|Win32
		Debug_LIB|x64 = Debug_LIB|x64
		Release_DLL|Win32 = Release_DLL|Win32
		Release_DLL|x64 = Release_DLL|x64
		Release_LIB|Win32 = Release_LIB|Win32
		Release_LIB|x64 = Release_LIB|x64
	EndGlobalSection
	GlobalSection(ProjectConfigurationPlatforms) = postSolution
		{4198C3D2-FCF6-4FCA-B093-A0C53A4DB235}.Debug_DLL|Win32.ActiveCfg = Debug_DLL|Win32
		{4198C3D2-FCF6-4FCA-B093-A0C53A4DB235}.Debug_DLL|Win32.Build.0 = Debug_DLL|Win32
		{4198C3D2-FCF6-4FCA-B093-A0C53A4DB235}.Debug_DLL|x64.ActiveCfg = Debug_DLL|x64
		{4198C3D2-FCF6-4FCA-B093-A0C53A4DB235}.Debug_DLL|x64.Build.0 = Debug_DLL|x64
		{4198C3D2-FCF6-4FCA-B093-A0C53A4DB235}.Debug_LIB|Win32.ActiveCfg = Debug_LIB|Win32
		{4198C3D2-FCF6-4FCA-B093-A0C53A4DB235}.Debug_LIB|Win32.Build.0 = Debug_LIB|Win32
		{4198C3D2-FCF6-4FCA-B093-A0C53A4DB235}.Debug_LIB|x64.ActiveCfg = Debug_LIB|x64
		{4198C3D2-FCF6-4FCA-B093-A0C53A4DB235}.Debug_LIB|x64.Build.0 = Debug_LIB|x64
		{4198C3D2-FCF6-4FCA-B093-A0C53A4DB235}.Release_DLL|Win32.ActiveCfg = Release_DLL|Win32
		{4198C3D2-FCF6-4FCA-B093-A0C53A4DB235}.Release_DLL|Win32.Build.0 = Release_DLL|Win32
		{4198C3D2-FCF6-4FCA-B093-A0C53A4DB235}.Release_DLL|x64.ActiveCfg = Release_DLL|x64
		{4198C3D2-FCF6-4FCA-B093-A0C53A4DB235}.Release_DLL|x64.Build.0 = Release_DLL|x64
		{4198C3D2-FCF6-4FCA-B093-A0C53A4DB235}.Release_LIB|Win32.ActiveCfg = Release_LIB|Win32
		{4198C3D2-FCF6-4FCA-B093-A0C53A4DB235}.Release_LIB|Win32.Build.0 = Release_LIB|Win32
		{4198C3D2-FCF6-4FCA-B093-A0C53A4DB235}.Release_LIB|x64.ActiveCfg = Release_LIB|x64
		{4198C3D2-FCF6-4FCA-B093-A0C53A4DB235}.Release_LIB|x64.Build.0 = Release_LIB|x64
		{E9D99FC7-E592-472B-B2E2-C3B0D81D8169}.Debug_DLL|Win32.ActiveCfg = Debug_DLL|Win32
		{E9D99FC7-E592-472B-B2E2-C3B0D81D8169}.Debug_DLL|Win32.Build.0 = Debug_DLL|Win32
		{E9D99FC7-E592-472B-B2E2-C3B0D81D8169}.Debug_DLL|x64.ActiveCfg = Debug_DLL|x64
		{E9D99FC7-E592-472B-B2E2-C3B0D81D8169}.Debug_DLL|x64.Build.0 = Debug_DLL|x64
		{E9D99FC7-E592-472B-B2E2-C3B0D81D8169}.Debug_LIB|Win32.ActiveCfg = Debug_LIB|Win32
		{E9D99FC7-E592-472B-B2E2-C3B0D81D8169}.Debug_LIB|Win32.Build.0 = Debug_LIB|Win32
		{E9D99FC7-E592-472B-B2E2-C3B0D81D8169}.Debug_LIB|x64.ActiveCfg = Debug_LIB|x64
		{E9D99FC7-E592-472B-B2E2-C3B0D81D8169}.Debug_LIB|x64.Build.0 = Debug_LIB|x64
		{E9D99FC7-E592-472B-B2E2-C3B0D81D8169}.Release_DLL|Win32.ActiveCfg = Release_DLL|Win32
		{E9D99FC7-E592-472B-B2E2-C3B0D81D8169}.Release_DLL|Win32.Build.0 = Release_DLL|Win32
		{E9D99FC7-E592-472B-B2E2-C3B0D81D8169}.Release_DLL|x64.ActiveCfg = Release_DLL|x64
		{E9D99FC7-E592-472B-B2E2-C3B0D81D8169}.Release_DLL|x64.Build.0 = Release_DLL|x64
		{E9D99FC7-E592-472B-B2E2-C3B0D81D8169}.Release_LIB|Win32.ActiveCfg = Release_LIB|Win32
		{E9D99FC7-E592-472B-B2E2-C3B0D81D8169}.Release_LIB|Win32.Build.0 = Release_LIB|Win32
		{E9D99FC7-E592-472B-B2E2-C3B0D81D8169}.Release_LIB|x64.ActiveCfg = Release_LIB|x64
		{E9D99FC7-E592-472B-B2E2-C3B0D81D8169}.Release_LIB|x64.Build.0 = Release_LIB|x64
		{C3EA0FF7-6039-4884-BA91-7B4619BEFEA5}.Debug_DLL|Win32.ActiveCfg = Debug_DLL|Win32
		{C3EA0FF7-6039-4884-BA91-7B4619BEFEA5}.Debug_DLL|Win32.Build.0 = Debug_DLL|Win32
		{C3EA0FF7-6039-4884-BA91-7B4619BEFEA5}.Debug_DLL|x64.ActiveCfg = Debug_DLL|x64
		{C3EA0FF7-6039-4884-BA91-7B4619BEFEA5}.Debug_DLL|x64.Build.0 = Debug_DLL|x64
		{C3EA0FF7-6039-4884-BA91-7B4619BEFEA5}.Debug_LIB|Win32.ActiveCfg = Debug_LIB|Win32
		{C3EA0FF7-6039-4884-BA91-7B4619BEFEA5}.Debug_LIB|Win32.Build.0 = Debug_LIB|Win32
		{C3EA0FF7-6039-4884-BA91-7B4619BEFEA5}.Debug_LIB|x64.ActiveCfg = Debug_LIB|x64
		{C3EA0FF7-6039-4884-BA91-7B4619BEFEA5}.Debug_LIB|x64.Build.0 = Debug_LIB|x64
		{C3EA0FF7-6039-4884-BA91-7B4619BEFEA5}.Release_DLL|Win32.ActiveCfg = Release_DLL|Win32
		{C3EA0FF7-6039-4884-BA91-7B4619BEFEA5}.Release_DLL|Win32.Build.0 = Release_DLL|Win32
		{C3EA0FF7-6039-4884-BA91-7B4619BEFEA5}.Release_DLL|x64.ActiveCfg = Release_DLL|x64
		{C3EA0FF7-6039-4884-BA91-7B4619BEFEA5}.Release_DLL|x64.Build.0 = Release_DLL|x64
		{C3EA0FF7-6039-4884-BA91-7B4619BEFEA5}.Release_LIB|Win32.ActiveCfg = Release_LIB|Win32
		{C3EA0FF7-6039-4884-BA91-7B4619BEFEA5}.Release_LIB|Win32.Build.0 = Release_LIB|Win32
		{C3EA0FF7-6039-4884-BA91-7B4619BEFEA5}.Release_LIB|x64.ActiveCfg = Release_LIB|x64
		{C3EA0FF7-6039-4884-BA91-7B4619BEFEA5}.Release_LIB|x64.Build.0 = Release_LIB|x64
		{280222D8-1C6B-430D-8F32-C8A47397525B}.Debug_DLL|Win32.ActiveCfg = Debug_DLL|Win32
		{280222D8-1C6B-430D-8F32-C8A47397525B}.Debug_DLL|Win32.Build.0 = Debug_DLL|Win32
		{280222D8-1C6B-430D-8F32-C8A47397525B}.Debug_DLL|x64.ActiveCfg = Debug_DLL|x64
		{280222D8-1C6B-430D-8F32-C8A47397525B}.Debug_DLL|x64.Build.0 = Debug_DLL|x64
		{280222D8-1C6B-430D-8F32-C8A47397525B}.Debug_LIB|Win32.ActiveCfg = Debug_LIB|Win32
		{280222D8-1C6B-430D-8F32-C8A47397525B}.Debug_LIB|Win32.Build.0 = Debug_LIB|Win32
		{280222D8-1C6B-430D-8F32-C8A47397525B}.Debug_LIB|x64.ActiveCfg = Debug_LIB|x64
		{280222D8-1C6B-430D-8F32-C8A47397525B}.Debug_LIB|x64.Build.0 = Debug_LIB|x64
		{280222D8-1C6B-430D-8F32-C8A47397525B}.Release_DLL|Win32.ActiveCfg = Release_DLL|Win32
		{280222D8-1C6B-430D-8F32-C8A47397525B}.Release_DLL|Win32.Build.0 = Release_DLL|Win32
		{280222D8-1C6B-430D-8F32-C8A47397525B}.Release_DLL|x64.ActiveCfg = Release_DLL|x64
		{280222D8-1C6B-430D-8F32-C8A47397525B}.Release_DLL|x64.Build.0 = Release_DLL|x64
		{280222D8-1C6B-430D-8F32-C8A47397525B}.Release_LIB|Win32.ActiveCfg = Release_LIB|Win32
		{280222D8-1C6B-430D-8F32-C8A47397525B}.Release_LIB|Win32.Build.0 = Release_LIB|Win32
		{280222D8-1C6B-430D-8F32-C8A47397525B}.Release_LIB|x64.ActiveCfg = Release_LIB|x64
		{280222D8-1C6B-430D-8F32-C8A47397525B}.Release_LIB|x64.Build.0 = Release_LIB|x64
		{B06AFD40-69E3-4D78-B401-75A27C869381}.Debug_DLL|Win32.ActiveCfg = Debug_DLL|Win32
		{B06AFD40-69E3-4D78-B401-75A27C869381}.Debug_DLL|Win32.Build.0 = Debug_DLL|Win32
		{B06AFD40-69E3-4D78-B401-75A27C869381}.Debug_DLL|x64.ActiveCfg = Debug_DLL|x64
		{B06AFD40-69E3-4D78-B401-75A27C869381}.Debug_DLL|x64.Build.0 = Debug_DLL|x64
		{B06AFD40-69E3-4D78-B401-75A27C869381}.Debug_LIB|Win32.ActiveCfg = Debug_LIB|Win32
		{B06AFD40-69E3-4D78-B401-75A27C869381}.Debug_LIB|Win32.Build.0 = Debug_LIB|Win32
		{B06AFD40-69E3-4D78-B401-75A27C869381}.Debug_LIB|x64.ActiveCfg = Debug_LIB|x64
		{B06AFD40-69E3-4D78-B401-75A27C869381}.Debug_LIB|x64.Build.0 = Debug_LIB|x64
		{B06AFD40-69E3-4D78-B401-75A27C869381}.Release_DLL|Win32.ActiveCfg = Release_DLL|Win32
		{B06AFD40-69E3-4D78-B401-75A27C869381}.Release_DLL|Win32.Build.0 = Release_DLL|Win32
		{B06AFD40-69E3-4D78-B401-75A27C869381}.Release_DLL|x64.ActiveCfg = Release_DLL|x64
		{B06AFD40-69E3-4D78-B401-75A27C869381}.Release_DLL|x64.Build.0 = Release_DLL|x64
		{B06AFD40-69E3-4D78-B401-75A27C869381}.Release_LIB|Win32.ActiveCfg = Release_LIB|Win32
		{B06AFD40-69E3-4D78-B401-75A27C869381}.Release_LIB|Win32.Build.0 = Release_LIB|Win32
		{B06AFD40-69E3-4D78-B401-75A27C869381}.Release_LIB|x64.ActiveCfg = Release_LIB|x64
		{B06AFD40-69E3-4D78-B401-75A27C869381}.Release_LIB|x64.Build.0 = Release_LIB|x64
		{5CCE1C6A-2BD5-48BF-99E2-D29B58F91991}.Debug_DLL|Win32.ActiveCfg = Debug_DLL|Win32
		{5CCE1C6A-2BD5-48BF-99E2-D29B58F91991}.Debug_DLL|Win32.Build.0 = Debug_DLL|Win32
		{5CCE1C6A-2BD5-48BF-99E2-D29B58F91991}.Debug_DLL|x64.ActiveCfg = Debug_DLL|x64
		{5CCE1C6A-2BD5-48BF-99E2-D29B58F91991}.Debug_DLL|x64.Build.0 = Debug_DLL|x64
		{5CCE1C6A-2BD5-48BF-99E2-D29B58F91991}.Debug_LIB|Win32.ActiveCfg = Debug_LIB|Win32
		{5CCE1C6A-2BD5-48BF-99E2-D29B58F91991}.Debug_LIB|Win32.Build.0 = Debug_LIB|Win32
		{5CCE1C6A-2BD5-48BF-99E2-D29B58F91991}.Debug_LIB|x64.ActiveCfg = Debug_LIB|x64
		{5CCE1C6A-2BD5-48BF-99E2-D29B58F91991}.Debug_LIB|x64.Build.0 = Debug_LIB|x64
		{5CCE1C6A-2BD5-48BF-99E2-D29B58F91991}.Release_DLL|Win32.ActiveCfg = Release_DLL|Win32
		{5CCE1C6A-2BD5-48BF-99E2-D29B58F91991}.Release_DLL|Win32.Build.0 = Release_DLL|Win32
		{5CCE1C6A-2BD5-48BF-99E2-D29B58F91991}.Release_DLL|x64.ActiveCfg = Release_DLL|x64
		{5CCE1C6A-2BD5-48BF-99E2-D29B58F91991}.Release_DLL|x64.Build.0 = Release_DLL|x64
		{5CCE1C6A-2BD5-48BF-99E2-D29B58F91991}.Release_LIB|Win32.ActiveCfg = Release_LIB|Win32
		{5CCE1C6A-2BD5-48BF-99E2-D29B58F91991}.Release_LIB|Win32.Build.0 = Release_LIB|Win32
		{5CCE1C6A-2BD5-48BF-99E2-D29B58F91991}.Release_LIB|x64.ActiveCfg = Release_LIB|x64
		{5CCE1C6A-2BD5-48BF-99E2-D29B58F91991}.Release_LIB|x64.Build.0 = Release_LIB|x64
		{361BCEBD-8B02-4B15-B28B-863F0602CB99}.Debug_DLL|Win32.ActiveCfg = Debug_DLL|Win32
		{361BCEBD-8B02-4B15-B28B-863F0602CB99}.Debug_DLL|Win32.Build.0 = Debug_DLL|Win32
		{361BCEBD-8B02-4B15-B28B-863F0602CB99}.Debug_DLL|x64.ActiveCfg = Debug_DLL|x64
		{361BCEBD-8B02-4B15-B28B-863F0602CB99}.Debug_DLL|x64.Build.0 = Debug_DLL|x64
		{361BCEBD-8B02-4B15-B28B-863F0602CB99}.Debug_LIB|Win32.ActiveCfg = Debug_LIB|Win32
		{361BCEBD-8B02-4B15-B28B-863F0602CB99}.Debug_LIB|Win32.Build.0 = Debug_LIB|Win32
		{361BCEBD-8B02-4B15-B28B-863F0602CB99}.Debug_LIB|x64.ActiveCfg = Debug_LIB|x64
		{361BCEBD-8B02-4B15-B28B-863F0602CB99}.Debug_LIB|x64.Build.0 = Debug_LIB|x64
		{361BCEBD-8B02-4B15-B28B-863F0602CB99}.Release_DLL|Win32.ActiveCfg = Release_DLL|Win32
		{361BCEBD-8B02-4B15-B28B-863F0602CB99}.Release_DLL|Win32.Build.0 = Release_DLL|Win32
		{361BCEBD-8B02-4B15-B28B-863F0602CB99}.Release_DLL|x64.ActiveCfg = Release_DLL|x64
		{361BCEBD-8B02-4B15-B28B-863F0602CB99}.Release_DLL|x64.Build.0 = Release_DLL|x64
		{361BCEBD-8B02-4B15-B28B-863F0602CB99}.Release_LIB|Win32.ActiveCfg = Release_LIB|Win32
		{361BCEBD-8B02-4B15-B28B-863F0602CB99}.Release_LIB|Win32.Build.0 = Release_LIB|Win32
		{361BCEBD-8B02-4B15-B28B-863F0602CB99}.Release_LIB|x64.ActiveCfg = Release_LIB|x64
		{361BCEBD-8B02-4B15-B28B-863F0602CB99}.Release_LIB|x64.Build.0 = Release_LIB|x64
		{9CF8D9AB-E47D-4923-A251-80E40B4E7144}.Debug_DLL|Win32.ActiveCfg = Debug_DLL|Win32
		{9CF8D9AB-E47D-4923-A251-80E40B4E7144}.Debug_DLL|Win32.Build.0 = Debug_DLL|Win32
		{9CF8D9AB-E47D-4923-A251-80E40B4E7144}.Debug_DLL|x64.ActiveCfg = Debug_DLL|x64
		{9CF8D9AB-E47D-4923-A251-80E40B4E7144}.Debug_DLL|x64.Build.0 = Debug_DLL|x64
		{9CF8D9AB-E47D-4923-A251-80E40B4E7144}.Debug_LIB|Win32.ActiveCfg = Debug_LIB|Win32
		{9CF8D9AB-E47D-4923-A251-80E40B4E7144}.Debug_LIB|Win32.Build.0 = Debug_LIB|Win32
		{9CF8D9AB-E47D-4923-A251-80E40B4E7144}.Debug_LIB|x64.ActiveCfg = Debug_LIB|x64
		{9CF8D9AB-E47D-4923-A251-80E40B4E7144}.Debug_LIB|x64.Build.0 = Debug_LIB|x64
		{9CF8D9AB-E47D-4923-A251-80E40B4E7144}.Release_DLL|Win32.ActiveCfg = Release_DLL|Win32
		{9CF8D9AB-E47D-4923-A251-80E40B4E7144}.Release_DLL|Win32.Build.0 = Release_DLL|Win32
		{9CF8D9AB-E47D-4923-A251-80E40B4E7144}.Release_DLL|x64.ActiveCfg = Release_DLL|x64
		{9CF8D9AB-E47D-4923-A251-80E40B4E7144}.Release_DLL|x64.Build.0 = Release_DLL|x64
		{9CF8D9AB-E47D-4923-A251-80E40B4E7144}.Release_LIB|Win32.ActiveCfg = Release_LIB|Win32
		{9CF8D9AB-E47D-4923-A251-80E40B4E7144}.Release_LIB|Win32.Build.0 = Release_LIB|Win32
		{9CF8D9AB-E47D-4923-A251-80E40B4E7144}.Release_LIB|x64.ActiveCfg = Release_LIB|x64
		{9CF8D9AB-E47D-4923-A251-80E40B4E7144}.Release_LIB|x64.Build.0 = Release_LIB|x64
		{422A8C73-836C-48CB-86C8-0591E69C0CA1}.Debug_DLL|Win32.ActiveCfg = Debug_DLL|Win32
		{422A8C73-836C-48CB-86C8-0591E69C0CA1}.Debug_DLL|Win32.Build.0 = Debug_DLL|Win32
		{422A8C73-836C-48CB-86C8-0591E69C0CA1}.Debug_DLL|x64.ActiveCfg = Debug_DLL|x64
		{422A8C73-836C-48CB-86C8-0591E69C0CA1}.Debug_DLL|x64.Build.0 = Debug_DLL|x64
		{422A8C73-836C-48CB-86C8-0591E69C0CA1}.Debug_LIB|Win32.ActiveCfg = Debug_LIB|Win32
		{422A8C73-836C-48CB-86C8-0591E69C0CA1}.Debug_LIB|Win32.Build.0 = Debug_LIB|Win32
		{422A8C73-836C-48CB-86C8-0591E69C0CA1}.Debug_LIB|x64.ActiveCfg = Debug_LIB|x64
		{422A8C73-836C-48CB-86C8-0591E69C0CA1}.Debug_LIB|x64.Build.0 = Debug_LIB|x64
		{422A8C73-836C-48CB-86C8-0591E69C0CA1}.Release_DLL|Win32.ActiveCfg = Release_DLL|Win32
		{422A8C73-836C-48CB-86C8-0591E69C0CA1}.Release_DLL|Win32.Build.0 = Release_DLL|Win32
		{422A8C73-836C-48CB-86C8-0591E69C0CA1}.Release_DLL|x64.ActiveCfg = Release_DLL|x64
		{422A8C73-836C-48CB-86C8-0591E69C0CA1}.Release_DLL|x64.Build.0 = Release_DLL|x64
		{422A8C73-836C-48CB-86C8-0591E69C0CA1}.Release_LIB|Win32.ActiveCfg = Release_LIB|Win32
		{422A8C73-836C-48CB-86C8-0591E69C0CA1}.Release_LIB|Win32.Build.0 = Release_LIB|Win32
		{422A8C73-836C-48CB-86C8-0591E69C0CA1}.Release_LIB|x64.ActiveCfg = Release_LIB|x64
		{422A8C73-836C-48CB-86C8-0591E69C0CA1}.Release_LIB|x64.Build.0 = Release_LIB|x64
		{A17BA797-3CA6-47F9-B47E-673118EABA1A}.Debug_DLL|Win32.ActiveCfg = Debug_DLL|Win32
		{A17BA797-3CA6-47F9-B47E-673118EABA1A}.Debug_DLL|Win32.Build.0 = Debug_DLL|Win32
		{A17BA797-3CA6-47F9-B47E-673118EABA1A}.Debug_DLL|x64.ActiveCfg = Debug_DLL|x64
		{A17BA797-3CA6-47F9-B47E-673118EABA1A}.Debug_DLL|x64.Build.0 = Debug_DLL|x64
		{A17BA797-3CA6-47F9-B47E-673118EABA1A}.Debug_LIB|Win32.ActiveCfg = Debug_LIB|Win32
		{A17BA797-3CA6-47F9-B47E-673118EABA1A}.Debug_LIB|Win32.Build.0 = Debug_LIB|Win32
		{A17BA797-3CA6-47F9-B47E-673118EABA1A}.Debug_LIB|x64.ActiveCfg = Debug_LIB|x64
		{A17BA797-3CA6-47F9-B47E-673118EABA1A}.Debug_LIB|x64.Build.0 = Debug_LIB|x64
		{A17BA797-3CA6-47F9-B47E-673118EABA1A}.Release_DLL|Win32.ActiveCfg = Release_DLL|Win32
		{A17BA797-3CA6-47F9-B47E-673118EABA1A}.Release_DLL|Win32.Build.0 = Release_DLL|Win32
		{A17BA797-3CA6-47F9-B47E-673118EABA1A}.Release_DLL|x64.ActiveCfg = Release_DLL|x64
		{A17BA797-3CA6-47F9-B47E-673118EABA1A}.Release_DLL|x64.Build.0 = Release_DLL|x64
		{A17BA797-3CA6-47F9-B47E-673118EABA1A}.Release_LIB|Win32.ActiveCfg = Release_LIB|Win32
		{A17BA797-3CA6-47F9-B47E-673118EABA1A}.Release_LIB|Win32.Build.0 = Release_LIB|Win32
		{A17BA797-3CA6-47F9-B47E-673118EABA1A}.Release_LIB|x64.ActiveCfg = Release_LIB|x64
		{A17BA797-3CA6-47F9-B47E-673118EABA1A}.Release_LIB|x64.Build.0 = Release_LIB|x64
		{CE14B4D8-C63F-4EA6-9DE4-CACE48EA092C}.Debug_DLL|Win32.ActiveCfg = Debug_DLL|Win32
		{CE14B4D8-C63F-4EA6-9DE4-CACE48EA092C}.Debug_DLL|Win32.Build.0 = Debug_DLL|Win32
		{CE14B4D8-C63F-4EA6-9DE4-CACE48EA092C}.Debug_DLL|x64.ActiveCfg = Debug_DLL|x64
		{CE14B4D8-C63F-4EA6-9DE4-CACE48EA092C}.Debug_DLL|x64.Build.0 = Debug_DLL|x64
		{CE14B4D8-C63F-4EA6-9DE4-CACE48EA092C}.Debug_LIB|Win32.ActiveCfg = Debug_LIB|Win32
		{CE14B4D8-C63F-4EA6-9DE4-CACE48EA092C}.Debug_LIB|Win32.Build.0 = Debug_LIB|Win32
		{CE14B4D8-C63F-4EA6-9DE4-CACE48EA092C}.Debug_LIB|x64.ActiveCfg = Debug_LIB|x64
		{CE14B4D8-C63F-4EA6-9DE4-CACE48EA092C}.Debug_LIB|x64.Build.0 = Debug_LIB|x64
		{CE14B4D8-C63F-4EA6-9DE4-CACE48EA092C}.Release_DLL|Win32.ActiveCfg = Release_DLL|Win32
		{CE14B4D8-C63F-4EA6-9DE4-CACE48EA092C}.Release_DLL|Win32.Build.0 = Release_DLL|Win32
		{CE14B4D8-C63F-4EA6-9DE4-CACE48EA092C}.Release_DLL|x64.ActiveCfg = Release_DLL|x64
		{CE14B4D8-C63F-4EA6-9DE4-CACE48EA092C}.Release_DLL|x64.Build.0 = Release_DLL|x64
		{CE14B4D8-C63F-4EA6-9DE4-CACE48EA092C}.Release_LIB|Win32.ActiveCfg = Release_LIB|Win32
		{CE14B4D8-C63F-4EA6-9DE4-CACE48EA092C}.Release_LIB|Win32.Build.0 = Release_LIB|Win32
		{CE14B4D8-C63F-4EA6-9DE4-CACE48EA092C}.Release_LIB|x64.ActiveCfg = Release_LIB|x64
		{CE14B4D8-C63F-4EA6-9DE4-CACE48EA092C}.Release_LIB|x64.Build.0 = Release_LIB|x64
		{421A512B-4C74-4461-9956-DC5864275D18}.Debug_DLL|Win32.ActiveCfg = Debug_DLL|Win32
		{421A512B-4C74-4461-9956-DC5864275D18}.Debug_DLL|Win32.Build.0 = Debug_DLL|Win32
		{421A512B-4C74-4461-9956-DC5864275D18}.Debug_DLL|x64.ActiveCfg = Debug_DLL|x64
		{421A512B-4C74-4461-9956-DC5864275D18}.Debug_DLL|x64.Build.0 = Debug_DLL|x64
		{421A512B-4C74-4461-9956-DC5864275D18}.Debug_LIB|Win32.ActiveCfg = Debug_LIB|Win32
		{421A512B-4C74-4461-9956-DC5864275D18}.Debug_LIB|Win32.Build.0 = Debug_LIB|Win32
		{421A512B-4C74-4461-9956-DC5864275D18}.Debug_LIB|x64.ActiveCfg = Debug_LIB|x64
		{421A512B-4C74-4461-9956-DC5864275D18}.Debug_LIB|x64.Build.0 = Debug_LIB|x64
		{421A512B-4C74-4461-9956-DC5864275D18}.Release_DLL|Win32.ActiveCfg = Release_DLL|Win32
		{421A512B-4C74-4461-9956-DC5864275D18}.Release_DLL|Win32.Build.0 = Release_DLL|Win32
		{421A512B-4C74-4461-9956-DC5864275D18}.Release_DLL|x64.ActiveCfg = Release_DLL|x64
		{421A512B-4C74-4461-9956-DC5864275D18}.Release_DLL|x64.Build.0 = Release_DLL|x64
		{421A512B-4C74-4461-9956-DC5864275D18}.Release_LIB|Win32.ActiveCfg = Release_LIB|Win32
		{421A512B-4C74-4461-9956-DC5864275D18}.Release_LIB|Win32.Build.0 = Release_LIB|Win32
		{421A512B-4C74-4461-9956-DC5864275D18}.Release_LIB|x64.ActiveCfg = Release_LIB|x64
		{421A512B-4C74-4461-9956-DC5864275D18}.Release_LIB|x64.Build.0 = Release_LIB|x64
	EndGlobalSection
	GlobalSection(SolutionProperties) = preSolution
		HideSolutionNode = FALSE
	EndGlobalSection
	GlobalSection(NestedProjects) = preSolution
		{EB5AAB71-887F-4333-A7F9-7F81CA06440D} = {349AC5F9-10A7-4B3C-B951-6A95B6A5F26D}
		{E9D99FC7-E592-472B-B2E2-C3B0D81D8169} = {BF75FBDE-EADA-40ED-A601-71191A0B3F21}
		{F526B712-6357-4ABF-9E19-D4AC8E0ABBA8} = {71518EC9-D3AA-4825-A81C-B204843C281D}
		{C3EA0FF7-6039-4884-BA91-7B4619BEFEA5} = {F526B712-6357-4ABF-9E19-D4AC8E0ABBA8}
		{934DD2BA-B990-40CE-ACB9-812F5C16D832} = {BF75FBDE-EADA-40ED-A601-71191A0B3F21}
		{7967784F-6C95-49CF-B947-57DB393D6777} = {BF75FBDE-EADA-40ED-A601-71191A0B3F21}
		{280222D8-1C6B-430D-8F32-C8A47397525B} = {934DD2BA-B990-40CE-ACB9-812F5C16D832}
		{B06AFD40-69E3-4D78-B401-75A27C869381} = {7967784F-6C95-49CF-B947-57DB393D6777}
		{0BF84631-7BB3-491C-9369-CCCAF96DFA82} = {EB5AAB71-887F-4333-A7F9-7F81CA06440D}
		{5CCE1C6A-2BD5-48BF-99E2-D29B58F91991} = {0BF84631-7BB3-491C-9369-CCCAF96DFA82}
		{DE252BAC-69FF-48A8-928E-893303AA93A2} = {A3CA9525-6B9B-47FB-B12F-9D27CA5333ED}
		{8278AE66-CAA9-4B2E-87A3-3E7AC6CC84DF} = {7770006B-21A1-45D5-B90E-B14CC4CBFD00}
		{361BCEBD-8B02-4B15-B28B-863F0602CB99} = {8278AE66-CAA9-4B2E-87A3-3E7AC6CC84DF}
		{A1FE2CDF-31F9-4E05-B922-8E1AA338B643} = {D5F9F609-7F81-421B-B619-199C66D7B6E8}
		{DB25F822-52B5-47D1-949D-086F11D339EE} = {D5F9F609-7F81-421B-B619-199C66D7B6E8}
		{9CF8D9AB-E47D-4923-A251-80E40B4E7144} = {DB25F822-52B5-47D1-949D-086F11D339EE}
		{422A8C73-836C-48CB-86C8-0591E69C0CA1} = {A1FE2CDF-31F9-4E05-B922-8E1AA338B643}
		{78A542CE-D213-4BF0-9691-8A8EDB5E6824} = {349AC5F9-10A7-4B3C-B951-6A95B6A5F26D}
		{B10BD902-9C77-4551-9BE4-DD590E6472BF} = {A1FE2CDF-31F9-4E05-B922-8E1AA338B643}
		{A17BA797-3CA6-47F9-B47E-673118EABA1A} = {B10BD902-9C77-4551-9BE4-DD590E6472BF}
		{CFC49015-1DDE-4567-8347-523826801833} = {DB25F822-52B5-47D1-949D-086F11D339EE}
		{CE14B4D8-C63F-4EA6-9DE4-CACE48EA092C} = {CFC49015-1DDE-4567-8347-523826801833}
		{A3CA9525-6B9B-47FB-B12F-9D27CA5333ED} = {349AC5F9-10A7-4B3C-B951-6A95B6A5F26D}
		{7770006B-21A1-45D5-B90E-B14CC4CBFD00} = {DE252BAC-69FF-48A8-928E-893303AA93A2}
		{EA44A37A-3D66-41C0-80A8-5966FABE0129} = {A3CA9525-6B9B-47FB-B12F-9D27CA5333ED}
		{D5F9F609-7F81-421B-B619-199C66D7B6E8} = {EA44A37A-3D66-41C0-80A8-5966FABE0129}
		{4FF80F71-D201-48B2-B21D-8A2AE2A130D1} = {A3CA9525-6B9B-47FB-B12F-9D27CA5333ED}
		{BF75FBDE-EADA-40ED-A601-71191A0B3F21} = {4FF80F71-D201-48B2-B21D-8A2AE2A130D1}
		{9DCD094D-F654-4B63-8C5D-428A458C5D7B} = {D5F9F609-7F81-421B-B619-199C66D7B6E8}
		{421A512B-4C74-4461-9956-DC5864275D18} = {9DCD094D-F654-4B63-8C5D-428A458C5D7B}
	EndGlobalSection
	GlobalSection(ExtensibilityGlobals) = postSolution
		SolutionGuid = {63281511-7F13-4B6A-8D13-1F23F54A8EB7}
	EndGlobalSection
EndGlobal
