<?xml version="1.0" encoding="utf-8"?>
<Project ToolsVersion="4.0" xmlns="http://schemas.microsoft.com/developer/msbuild/2003">
  <ItemGroup>
    <Filter Include="channelProviderLocal">
      <UniqueIdentifier>{161e4e96-1ed6-411a-8bef-cf2d1e47349b}</UniqueIdentifier>
    </Filter>
    <Filter Include="database">
      <UniqueIdentifier>{69d918bf-31b8-4d3a-b54a-017cd9814eea}</UniqueIdentifier>
    </Filter>
    <Filter Include="install">
      <UniqueIdentifier>{a4949212-4ded-470b-9d74-393b28400ff2}</UniqueIdentifier>
    </Filter>
    <Filter Include="monitor">
      <UniqueIdentifier>{7737e23f-506f-4d62-b213-d992e16a02ac}</UniqueIdentifier>
    </Filter>
    <Filter Include="pvCopy">
      <UniqueIdentifier>{ca5d59ed-7248-404e-be6d-fec66f43fbe0}</UniqueIdentifier>
    </Filter>
    <Filter Include="service">
      <UniqueIdentifier>{4e700754-09b9-44e1-bf34-214d6c274272}</UniqueIdentifier>
    </Filter>
    <Filter Include="support">
      <UniqueIdentifier>{cae0e499-17f5-4ed6-a60b-4a6f18e2d029}</UniqueIdentifier>
    </Filter>
    <Filter Include="util">
      <UniqueIdentifier>{823fcf75-fb16-4021-b6f3-1ff7073633eb}</UniqueIdentifier>
    </Filter>
    <Filter Include="ezchannelRPC">
      <UniqueIdentifier>{11cd116a-fc24-4377-8de8-7717da269511}</UniqueIdentifier>
    </Filter>
    <Filter Include="support\basic">
      <UniqueIdentifier>{d044819e-4be5-42d4-ba3d-8b4ebdf8454d}</UniqueIdentifier>
    </Filter>
  </ItemGroup>
  <ItemGroup>
    <ClCompile Include="channelProviderLocal\channelProviderLocal.cpp">
      <Filter>channelProviderLocal</Filter>
    </ClCompile>
    <ClCompile Include="channelProviderLocal\channelProviderLocalRegister.cpp">
      <Filter>channelProviderLocal</Filter>
    </ClCompile>
    <ClCompile Include="database\pvDatabase.cpp">
      <Filter>database</Filter>
    </ClCompile>
    <ClCompile Include="database\pvRecord.cpp">
      <Filter>database</Filter>
    </ClCompile>
    <ClCompile Include="install\afterStart.cpp">
      <Filter>install</Filter>
    </ClCompile>
    <ClCompile Include="install\install.cpp">
      <Filter>install</Filter>
    </ClCompile>
    <ClCompile Include="install\supportCreation.cpp">
      <Filter>install</Filter>
    </ClCompile>
    <ClCompile Include="ezchannelRPC\ezchannelRPC.cpp">
      <Filter>ezchannelRPC</Filter>
    </ClCompile>
    <ClCompile Include="util\eventScanner.cpp">
      <Filter>util</Filter>
    </ClCompile>
    <ClCompile Include="util\periodicScanner.cpp">
      <Filter>util</Filter>
    </ClCompile>
    <ClCompile Include="util\requestResultFunc.cpp">
      <Filter>util</Filter>
    </ClCompile>
    <ClCompile Include="util\scanField.cpp">
      <Filter>util</Filter>
    </ClCompile>
    <ClCompile Include="util\scanTypeFunc.cpp">
      <Filter>util</Filter>
    </ClCompile>
    <ClCompile Include="support\recordProcess.cpp">
      <Filter>support</Filter>
    </ClCompile>
    <ClCompile Include="support\support.cpp">
      <Filter>support</Filter>
    </ClCompile>
    <ClCompile Include="support\supportState.cpp">
      <Filter>support</Filter>
    </ClCompile>
    <ClCompile Include="support\basic\genericSupport.cpp">
      <Filter>support\basic</Filter>
    </ClCompile>
    <ClCompile Include="support\basic\noopSupport.cpp">
      <Filter>support\basic</Filter>
    </ClCompile>
    <ClCompile Include="support\basic\scanFieldSupport.cpp">
      <Filter>support\basic</Filter>
    </ClCompile>
    <ClCompile Include="service\channelBase.cpp">
      <Filter>service</Filter>
    </ClCompile>
    <ClCompile Include="service\channelBaseProvider.cpp">
      <Filter>service</Filter>
    </ClCompile>
    <ClCompile Include="service\pvServiceChannelCTX.cpp">
      <Filter>service</Filter>
    </ClCompile>
    <ClCompile Include="service\pvServiceChannelRegister.cpp">
      <Filter>service</Filter>
    </ClCompile>
    <ClCompile Include="service\pvServiceProvider.cpp">
      <Filter>service</Filter>
    </ClCompile>
    <ClCompile Include="service\serviceChannelRPC.cpp">
      <Filter>service</Filter>
    </ClCompile>
    <ClCompile Include="pvCopy\pvCopy.cpp">
      <Filter>pvCopy</Filter>
    </ClCompile>
    <ClCompile Include="pvCopy\pvShare.cpp">
      <Filter>pvCopy</Filter>
    </ClCompile>
    <ClCompile Include="pvCopy\pvShareStructureArray.cpp">
      <Filter>pvCopy</Filter>
    </ClCompile>
  </ItemGroup>
  <ItemGroup>
    <None Include="channelProviderLocal\channelProviderLocal.dbd">
      <Filter>channelProviderLocal</Filter>
    </None>
    <None Include="service\pvServiceChannelRegister.dbd">
      <Filter>service</Filter>
    </None>
  </ItemGroup>
  <ItemGroup>
    <ClInclude Include="channelProviderLocal\channelProviderLocal.h">
      <Filter>channelProviderLocal</Filter>
    </ClInclude>
    <ClInclude Include="database\pvDatabase.h">
      <Filter>database</Filter>
    </ClInclude>
    <ClInclude Include="install\install.h">
      <Filter>install</Filter>
    </ClInclude>
    <ClInclude Include="monitor\monitorAlgorithm.h">
      <Filter>monitor</Filter>
    </ClInclude>
    <ClInclude Include="ezchannelRPC\ezchannelRPC.h">
      <Filter>ezchannelRPC</Filter>
    </ClInclude>
    <ClInclude Include="util\util.h">
      <Filter>util</Filter>
    </ClInclude>
    <ClInclude Include="support\support.h">
      <Filter>support</Filter>
    </ClInclude>
    <ClInclude Include="support\basic\basicSupport.h">
      <Filter>support\basic</Filter>
    </ClInclude>
    <ClInclude Include="service\channelBase.h">
      <Filter>service</Filter>
    </ClInclude>
    <ClInclude Include="service\pvServiceProvider.h">
      <Filter>service</Filter>
    </ClInclude>
    <ClInclude Include="service\service.h">
      <Filter>service</Filter>
    </ClInclude>
    <ClInclude Include="pvCopy\pvCopy.h">
      <Filter>pvCopy</Filter>
    </ClInclude>
  </ItemGroup>
</Project>