Microsoft Visual Studio Solution File, Format Version 11.00
# Visual Studio 2010
Project("{8BC9CEB8-8B4A-11D0-8D11-00A0C91BC942}") = "asyn", "..\..\asyn4-33\asyn\asyn.vcxproj", "{C3EA0FF7-6039-4884-BA91-7B4619BEFEA5}"
EndProject
Project("{8BC9CEB8-8B4A-11D0-8D11-00A0C91BC942}") = "Com", "..\..\..\base-3.15.5\src\libCom\Com.vcxproj", "{35E6ABA4-E192-497D-BA02-EFB79D1E0336}"
EndProject
Project("{8BC9CEB8-8B4A-11D0-8D11-00A0C91BC942}") = "ca", "..\..\..\base-3.15.5\src\ca\client\ca.vcxproj", "{02CAF068-A7FC-463E-AA7E-72EEAF665826}"
EndProject
Project("{8BC9CEB8-8B4A-11D0-8D11-00A0C91BC942}") = "e_flex", "..\..\..\base-3.15.5\src\libCom\flex\e_flex.vcxproj", "{285B2DD5-B55E-4195-9B2D-F129CF54A2B4}"
EndProject
Project("{8BC9CEB8-8B4A-11D0-8D11-00A0C91BC942}") = "antelope", "..\..\..\base-3.15.5\src\libCom\yacc\antelope.vcxproj", "{5F6323FF-CEEB-4AD8-BED3-A443E6F75546}"
EndProject
Project("{2150E333-8FDC-42A3-9474-1A3956D46DE8}") = "base-3.15.5", "base-3.15.5", "{D772CB17-6D38-48F4-958E-6A721026C056}"
EndProject
Project("{2150E333-8FDC-42A3-9474-1A3956D46DE8}") = "src", "src", "{AF70446C-3E93-42DF-9943-18DDCFA4991A}"
EndProject
Project("{2150E333-8FDC-42A3-9474-1A3956D46DE8}") = "ca", "ca", "{665C7A29-60C1-447F-A897-42E68A96F6E3}"
EndProject
Project("{2150E333-8FDC-42A3-9474-1A3956D46DE8}") = "client", "client", "{B2DF808C-1DFB-40C9-8555-CB94D7B92C8F}"
EndProject
Project("{2150E333-8FDC-42A3-9474-1A3956D46DE8}") = "libCom", "libCom", "{40388928-DF89-4B74-ABD0-440569C51A20}"
EndProject
Project("{2150E333-8FDC-42A3-9474-1A3956D46DE8}") = "flex", "flex", "{CD897BA0-128B-4B9D-9BD0-1829E3EB91C6}"
EndProject
Project("{2150E333-8FDC-42A3-9474-1A3956D46DE8}") = "yacc", "yacc", "{D915C7BF-E16C-446D-BB8F-26414F1C8F5B}"
EndProject
Project("{2150E333-8FDC-42A3-9474-1A3956D46DE8}") = "tools", "tools", "{72F51F37-2669-43E0-A166-04E8FD34B294}"
EndProject
Project("{8BC9CEB8-8B4A-11D0-8D11-00A0C91BC942}") = "tools", "..\..\..\base-3.15.5\src\tools\tools.vcxproj", "{5CCE1C6A-2BD5-48BF-99E2-D29B58F91991}"
EndProject
Project("{2150E333-8FDC-42A3-9474-1A3956D46DE8}") = "ioc", "ioc", "{5499ACCB-903F-4F89-AAFA-C82E7AF7F132}"
EndProject
Project("{8BC9CEB8-8B4A-11D0-8D11-00A0C91BC942}") = "dbCore", "..\..\..\base-3.15.5\src\ioc\dbCore.vcxproj", "{440C585D-AD66-4738-941C-A87A1817A9BE}"
EndProject
Project("{2150E333-8FDC-42A3-9474-1A3956D46DE8}") = "std", "std", "{06A4CD01-E81E-4372-A9D4-34C4F3C5ABEC}"
EndProject
Project("{8BC9CEB8-8B4A-11D0-8D11-00A0C91BC942}") = "dbRecStd", "..\..\..\base-3.15.5\src\std\dbRecStd.vcxproj", "{3B0E3542-CB89-4FFA-B004-EAC882B3F277}"
EndProject
Project("{2150E333-8FDC-42A3-9474-1A3956D46DE8}") = "asyn4-33", "asyn4-33", "{F96E9D8C-5CA4-42F4-A6B0-A1E28779DE50}"
EndProject
Project("{2150E333-8FDC-42A3-9474-1A3956D46DE8}") = "asyn", "asyn", "{5F8962DB-830E-42EA-8DEC-E87B958D532B}"
EndProject
Project("{2150E333-8FDC-42A3-9474-1A3956D46DE8}") = "softIoc", "softIoc", "{BA5F5A20-2C40-4066-AE19-9853DFF82EEE}"
EndProject
Project("{8BC9CEB8-8B4A-11D0-8D11-00A0C91BC942}") = "softIoc", "..\..\..\base-3.15.5\src\std\softIoc\softIoc.vcxproj", "{0DF29C1B-6C17-4D60-8B78-27FE8714DC11}"
EndProject
Project("{2150E333-8FDC-42A3-9474-1A3956D46DE8}") = "legacy", "legacy", "{111D8975-EB90-4DBB-9639-0EA89A192999}"
EndProject
Project("{2150E333-8FDC-42A3-9474-1A3956D46DE8}") = "pcas", "pcas", "{08A4F5B9-442C-4AAC-9118-1163B28D0557}"
EndProject
Project("{8BC9CEB8-8B4A-11D0-8D11-00A0C91BC942}") = "cas", "..\..\..\base-3.15.5\src\ca\legacy\pcas\cas.vcxproj", "{1D35FFAF-078A-4A9F-8F63-D62E9C7B3928}"
EndProject
Project("{2150E333-8FDC-42A3-9474-1A3956D46DE8}") = "gdd", "gdd", "{8DD5BDA7-D522-4199-94BE-892D5ECB3980}"
EndProject
Project("{8BC9CEB8-8B4A-11D0-8D11-00A0C91BC942}") = "gdd", "..\..\..\base-3.15.5\src\ca\legacy\gdd\gdd.vcxproj", "{7DB032CE-8696-4D7A-8679-E8B486012AEC}"
EndProject
Project("{8BC9CEB8-8B4A-11D0-8D11-00A0C91BC942}") = "genapps", "..\..\..\base-3.15.5\src\ca\legacy\gdd\genapps.vcxproj", "{8CC25EE1-944A-4AA0-9A58-BEDE2BB3C86C}"
EndProject
Project("{8BC9CEB8-8B4A-11D0-8D11-00A0C91BC942}") = "aitgen", "..\..\..\base-3.15.5\src\ca\legacy\gdd\aitgen.vcxproj", "{3C906C28-3E5E-429A-9DC9-FADD47DB579E}"
EndProject
Project("{2150E333-8FDC-42A3-9474-1A3956D46DE8}") = "bpt", "bpt", "{3BE95765-EB5A-44D6-9369-A8759A2FAFDE}"
EndProject
Project("{8BC9CEB8-8B4A-11D0-8D11-00A0C91BC942}") = "makeBpt", "..\..\..\base-3.15.5\src\ioc\bpt\makeBpt.vcxproj", "{3D039C8A-8B8D-4408-B1F7-BF1878D50315}"
EndProject
Project("{2150E333-8FDC-42A3-9474-1A3956D46DE8}") = "support", "support", "{0419E814-81A1-4054-B88C-0AACD53CAAAB}"
EndProject
Project("{2150E333-8FDC-42A3-9474-1A3956D46DE8}") = "areaDetectorR3-2", "areaDetectorR3-2", "{B4C01990-91CA-4F74-95B2-90F7286BCCF9}"
EndProject
Project("{2150E333-8FDC-42A3-9474-1A3956D46DE8}") = "ADURL", "ADURL", "{A26F1C8E-2B8E-4D85-8B4E-799905A7BB43}"
EndProject
Project("{2150E333-8FDC-42A3-9474-1A3956D46DE8}") = "iocs", "iocs", "{535DA8BE-A011-462E-8690-E066F4E9BF3F}"
EndProject
Project("{2150E333-8FDC-42A3-9474-1A3956D46DE8}") = "urlIOC", "urlIOC", "{A5236B14-0B52-4ED2-A1BF-8846FC73E5CF}"
EndProject
Project("{2150E333-8FDC-42A3-9474-1A3956D46DE8}") = "urlAPP", "urlAPP", "{7B41D864-863A-410A-8A50-6322BC88746D}"
EndProject
Project("{8BC9CEB8-8B4A-11D0-8D11-00A0C91BC942}") = "URLDriverApp", "iocs\urlIOC\urlApp\URLDriverApp.vcxproj", "{B113F023-4E72-48D0-9DE0-F6BFF5CAC62A}"
EndProject
Project("{2150E333-8FDC-42A3-9474-1A3956D46DE8}") = "urlApp", "urlApp", "{C6D31DE6-C1C3-4378-A005-34DED5D99E49}"
EndProject
Project("{8BC9CEB8-8B4A-11D0-8D11-00A0C91BC942}") = "URLDriver", "urlApp\URLDriver.vcxproj", "{A07A2021-121C-4C5C-8AEF-49E8006FF4B0}"
EndProject
Project("{2150E333-8FDC-42A3-9474-1A3956D46DE8}") = "ADSupport", "ADSupport", "{0E746B6F-00AD-449C-9575-03AA410EB23A}"
EndProject
Project("{2150E333-8FDC-42A3-9474-1A3956D46DE8}") = "GraphicsMagickSrc", "GraphicsMagickSrc", "{661DDC1C-3156-48A2-80CD-605B81CCA86C}"
EndProject
Project("{2150E333-8FDC-42A3-9474-1A3956D46DE8}") = "VisualMagick", "VisualMagick", "{7ED86CF4-02D8-4E11-9B8B-0454B502DAA0}"
EndProject
Project("{8BC9CEB8-8B4A-11D0-8D11-00A0C91BC942}") = "CORE_bzlib", "..\ADSupport\supportApp\GraphicsMagickSrc\VisualMagick\bzlib\CORE_bzlib.vcxproj", "{2BEE02CB-BAE8-4B48-9D07-4D102A0827BD}"
EndProject
Project("{8BC9CEB8-8B4A-11D0-8D11-00A0C91BC942}") = "CORE_coders", "..\ADSupport\supportApp\GraphicsMagickSrc\VisualMagick\coders\CORE_coders.vcxproj", "{DCFE05FB-91FA-4885-BE8C-E3F19D156AC3}"
EndProject
Project("{8BC9CEB8-8B4A-11D0-8D11-00A0C91BC942}") = "CORE_filters", "..\ADSupport\supportApp\GraphicsMagickSrc\VisualMagick\filters\CORE_filters.vcxproj", "{BB4263F7-6587-4D6B-9D8D-610072E7B119}"
EndProject
Project("{8BC9CEB8-8B4A-11D0-8D11-00A0C91BC942}") = "CORE_jbig", "..\ADSupport\supportApp\GraphicsMagickSrc\VisualMagick\jbig\CORE_jbig.vcxproj", "{56ED8A40-51A5-49EF-BEE1-10A4EF0C11DF}"
EndProject
Project("{8BC9CEB8-8B4A-11D0-8D11-00A0C91BC942}") = "CORE_jp2", "..\ADSupport\supportApp\GraphicsMagickSrc\VisualMagick\jp2\CORE_jp2.vcxproj", "{8D4D1E05-54B0-4861-A657-3EEAFEFEBBE2}"
EndProject
Project("{8BC9CEB8-8B4A-11D0-8D11-00A0C91BC942}") = "CORE_lcms", "..\ADSupport\supportApp\GraphicsMagickSrc\VisualMagick\lcms\CORE_lcms.vcxproj", "{E2B6D5E1-7383-4DCA-BA1C-05B8F2C44E4E}"
EndProject
Project("{8BC9CEB8-8B4A-11D0-8D11-00A0C91BC942}") = "CORE_magick", "..\ADSupport\supportApp\GraphicsMagickSrc\VisualMagick\magick\CORE_magick.vcxproj", "{8F881D50-14C0-4D6D-A47A-086C73BB7DA3}"
EndProject
Project("{8BC9CEB8-8B4A-11D0-8D11-00A0C91BC942}") = "CORE_Magick++", "..\ADSupport\supportApp\GraphicsMagickSrc\VisualMagick\Magick++\CORE_Magick++.vcxproj", "{055517C9-0A16-49EB-938A-FF2CFF783B99}"
EndProject
Project("{8BC9CEB8-8B4A-11D0-8D11-00A0C91BC942}") = "CORE_png", "..\ADSupport\supportApp\GraphicsMagickSrc\VisualMagick\png\CORE_png.vcxproj", "{BF6E0FF5-5886-4845-B21D-B82D631BEC00}"
EndProject
Project("{8BC9CEB8-8B4A-11D0-8D11-00A0C91BC942}") = "CORE_ttf", "..\ADSupport\supportApp\GraphicsMagickSrc\VisualMagick\ttf\CORE_ttf.vcxproj", "{57CD7F0E-D3C6-4914-83AE-315BA04EA555}"
EndProject
Project("{8BC9CEB8-8B4A-11D0-8D11-00A0C91BC942}") = "CORE_webp", "..\ADSupport\supportApp\GraphicsMagickSrc\VisualMagick\webp\CORE_webp.vcxproj", "{B483CDC5-37FA-4580-861C-AE28E823781B}"
EndProject
Project("{8BC9CEB8-8B4A-11D0-8D11-00A0C91BC942}") = "CORE_wmf", "..\ADSupport\supportApp\GraphicsMagickSrc\VisualMagick\wmf\CORE_wmf.vcxproj", "{D8CE3982-3E41-47A0-9F32-138728B45B6D}"
EndProject
Project("{8BC9CEB8-8B4A-11D0-8D11-00A0C91BC942}") = "CORE_libxml", "..\ADSupport\supportApp\GraphicsMagickSrc\VisualMagick\libxml\CORE_libxml.vcxproj", "{8B797ED0-1330-469E-99C8-6D6669921412}"
EndProject
Project("{8BC9CEB8-8B4A-11D0-8D11-00A0C91BC942}") = "CORE_tiff", "..\ADSupport\supportApp\GraphicsMagickSrc\VisualMagick\tiff\CORE_tiff.vcxproj", "{E3C6D871-83EC-4F64-815A-AFD9E6B63EDA}"
EndProject
Project("{8BC9CEB8-8B4A-11D0-8D11-00A0C91BC942}") = "CORE_jpeg", "..\ADSupport\supportApp\GraphicsMagickSrc\VisualMagick\jpeg\CORE_jpeg.vcxproj", "{D5B667D9-4A72-4CCB-AAF6-8BA2C433EDD6}"
EndProject
Project("{8BC9CEB8-8B4A-11D0-8D11-00A0C91BC942}") = "CORE_zlib", "..\ADSupport\supportApp\GraphicsMagickSrc\VisualMagick\zlib\CORE_zlib.vcxproj", "{C4C77088-9772-4F2C-898B-653ACB53B11A}"
EndProject
Project("{2150E333-8FDC-42A3-9474-1A3956D46DE8}") = "bzlib", "bzlib", "{70C08225-F674-4E79-A237-3B127EBFE97D}"
EndProject
Project("{2150E333-8FDC-42A3-9474-1A3956D46DE8}") = "coders", "coders", "{B5013D28-E481-47D3-B52E-EEAA2DDCB241}"
EndProject
Project("{2150E333-8FDC-42A3-9474-1A3956D46DE8}") = "filters", "filters", "{4257A106-41F3-43C7-9724-FA7478668A02}"
EndProject
Project("{2150E333-8FDC-42A3-9474-1A3956D46DE8}") = "jbig", "jbig", "{48A241DB-089E-46A3-A4E0-F004DB022306}"
EndProject
Project("{2150E333-8FDC-42A3-9474-1A3956D46DE8}") = "jp2", "jp2", "{3EE0FE30-35A4-48B8-AD13-F119F5299F35}"
EndProject
Project("{2150E333-8FDC-42A3-9474-1A3956D46DE8}") = "jpeg", "jpeg", "{F9B3E6C2-C70B-43CF-8381-AA97EA117044}"
EndProject
Project("{2150E333-8FDC-42A3-9474-1A3956D46DE8}") = "lcms", "lcms", "{3B97ADD6-46C9-406B-ABAF-93D5F5EC5FC5}"
EndProject
Project("{2150E333-8FDC-42A3-9474-1A3956D46DE8}") = "xml", "xml", "{D1B2AEAF-739D-4831-A43C-D6FB2045D9B8}"
EndProject
Project("{2150E333-8FDC-42A3-9474-1A3956D46DE8}") = "magick", "magick", "{82CEC2D8-02F6-40B3-A641-21088097A2FA}"
EndProject
Project("{2150E333-8FDC-42A3-9474-1A3956D46DE8}") = "Magick++", "Magick++", "{A61EFD1A-FABB-43EC-BE6A-9D7F607158D7}"
EndProject
Project("{2150E333-8FDC-42A3-9474-1A3956D46DE8}") = "png", "png", "{B9A2B380-209A-4DC7-B6B2-8719673BDD2E}"
EndProject
Project("{2150E333-8FDC-42A3-9474-1A3956D46DE8}") = "tiff", "tiff", "{FF30867A-2FAC-4AE6-855E-A7B0C0BBEC6E}"
EndProject
Project("{2150E333-8FDC-42A3-9474-1A3956D46DE8}") = "ttf", "ttf", "{E16DD236-245C-4B58-9786-2484EDDB60EB}"
EndProject
Project("{2150E333-8FDC-42A3-9474-1A3956D46DE8}") = "webp", "webp", "{6CB44AB4-5735-456A-9BDE-D2705C788C8A}"
EndProject
Project("{2150E333-8FDC-42A3-9474-1A3956D46DE8}") = "wmf", "wmf", "{341B6BD2-DBA5-4FCB-B0FD-6344914E88CA}"
EndProject
Project("{2150E333-8FDC-42A3-9474-1A3956D46DE8}") = "zlib", "zlib", "{CB325354-3A04-4948-9E31-50A8754AA822}"
EndProject
Project("{2150E333-8FDC-42A3-9474-1A3956D46DE8}") = "ADCore", "ADCore", "{9E79E287-83E2-4322-A014-9ACA80A1A48C}"
EndProject
Project("{2150E333-8FDC-42A3-9474-1A3956D46DE8}") = "ADApp", "ADApp", "{5AC8D97E-E50B-4280-B7AB-541A6725A26E}"
EndProject
Project("{8BC9CEB8-8B4A-11D0-8D11-00A0C91BC942}") = "ADBase", "..\ADCore\ADApp\ADSrc\ADBase.vcxproj", "{77CBC12C-AE16-40EF-A286-A61535F45A99}"
EndProject
Project("{2150E333-8FDC-42A3-9474-1A3956D46DE8}") = "pluginSrc", "pluginSrc", "{E2C160E0-B9FF-4E8E-92B3-FD898011155D}"
EndProject
Project("{8BC9CEB8-8B4A-11D0-8D11-00A0C91BC942}") = "NDPlugin", "..\ADCore\ADApp\pluginSrc\NDPlugin.vcxproj", "{98DFF6EA-747C-4964-A11F-7ABB34B314F4}"
EndProject
Project("{2150E333-8FDC-42A3-9474-1A3956D46DE8}") = "hdf5Src", "hdf5Src", "{944D37EB-CA44-4C68-928A-E669406F6EFD}"
EndProject
Project("{8BC9CEB8-8B4A-11D0-8D11-00A0C91BC942}") = "hdf5", "..\ADSupport\supportApp\hdf5Src\hdf5.vcxproj", "{A1C1777E-50D2-47DC-91BB-3B328362214A}"
EndProject
Project("{2150E333-8FDC-42A3-9474-1A3956D46DE8}") = "szipSrc", "szipSrc", "{428F6F99-62EF-4478-8924-4B28B5813404}"
EndProject
Project("{8BC9CEB8-8B4A-11D0-8D11-00A0C91BC942}") = "szip", "..\ADSupport\supportApp\szipSrc\szip.vcxproj", "{C9C70B97-BFAF-412C-887A-5B1E19181433}"
EndProject
Project("{2150E333-8FDC-42A3-9474-1A3956D46DE8}") = "netCDFSrc", "netCDFSrc", "{97439278-DDB7-4684-B8AD-88EF3FE25108}"
EndProject
Project("{8BC9CEB8-8B4A-11D0-8D11-00A0C91BC942}") = "netCDF", "..\ADSupport\supportApp\netCDFSrc\netCDF.vcxproj", "{39A57A7C-0399-40D5-BF95-2940FC941E4D}"
EndProject
Project("{2150E333-8FDC-42A3-9474-1A3956D46DE8}") = "nexusSrc", "nexusSrc", "{2506559D-409F-406E-99AE-4B54DAAD57B7}"
EndProject
Project("{8BC9CEB8-8B4A-11D0-8D11-00A0C91BC942}") = "NeXus", "..\ADSupport\supportApp\nexusSrc\NeXus.vcxproj", "{575A12DD-9181-465B-B0E1-C3BF5B3D9171}"
EndProject
Project("{2150E333-8FDC-42A3-9474-1A3956D46DE8}") = "busy", "busy", "{22DFB684-2F2B-4988-83A6-32378C9231B5}"
EndProject
Project("{2150E333-8FDC-42A3-9474-1A3956D46DE8}") = "busyApp", "busyApp", "{E887F24E-278A-4314-9331-FCDF8B47DF97}"
EndProject
Project("{2150E333-8FDC-42A3-9474-1A3956D46DE8}") = "src", "src", "{4F233774-85D0-4E51-A0B1-6B40CA4D0CE8}"
EndProject
Project("{8BC9CEB8-8B4A-11D0-8D11-00A0C91BC942}") = "busy", "..\..\busy\busyApp\src\busy.vcxproj", "{98D6B430-C1E3-47D6-AECB-846A7EE2D938}"
EndProject
Project("{2150E333-8FDC-42A3-9474-1A3956D46DE8}") = "calc", "calc", "{77F3BBCD-8410-428C-8C88-974E91240745}"
EndProject
Project("{2150E333-8FDC-42A3-9474-1A3956D46DE8}") = "calcApp", "calcApp", "{5BE0855D-912D-416F-B49E-3C146D4D79AF}"
EndProject
Project("{2150E333-8FDC-42A3-9474-1A3956D46DE8}") = "src", "src", "{7E1AC61D-477B-4899-A276-44F1EFC89D21}"
EndProject
Project("{8BC9CEB8-8B4A-11D0-8D11-00A0C91BC942}") = "calc", "..\..\calc\calcApp\src\calc.vcxproj", "{704A182E-FAEA-4E59-B5F4-9DC799F4556A}"
EndProject
Project("{2150E333-8FDC-42A3-9474-1A3956D46DE8}") = "sscan", "sscan", "{57214243-9EDA-4CA2-929E-A3BB43D471B0}"
EndProject
Project("{2150E333-8FDC-42A3-9474-1A3956D46DE8}") = "sscanApp", "sscanApp", "{EC1D535E-4FA4-41F4-9297-85C81083457C}"
EndProject
Project("{2150E333-8FDC-42A3-9474-1A3956D46DE8}") = "src", "src", "{3376CCCF-3390-40F4-A4B4-B82EF5EE1D50}"
EndProject
Project("{8BC9CEB8-8B4A-11D0-8D11-00A0C91BC942}") = "sscan", "..\..\sscan\sscanApp\src\sscan.vcxproj", "{BC5F994E-1BFE-4C94-BF8D-86077EF84ED7}"
EndProject
Project("{2150E333-8FDC-42A3-9474-1A3956D46DE8}") = "autosave", "autosave", "{CA2A648F-7A25-4E2E-A299-1F6F5CB1BA8B}"
EndProject
Project("{2150E333-8FDC-42A3-9474-1A3956D46DE8}") = "asApp", "asApp", "{54616F7B-916C-403F-9E2F-35BC73A5A0ED}"
EndProject
Project("{2150E333-8FDC-42A3-9474-1A3956D46DE8}") = "src", "src", "{58A227E3-8DAD-4E95-9158-D9B493A873AD}"
EndProject
Project("{8BC9CEB8-8B4A-11D0-8D11-00A0C91BC942}") = "autosave", "..\..\autosave\asApp\src\autosave.vcxproj", "{EC5C161C-4177-49BD-BD1F-2BA6A05F03D4}"
EndProject
Project("{2150E333-8FDC-42A3-9474-1A3956D46DE8}") = "Db", "Db", "{F00FDECF-9B2D-46DB-9E9B-E58B5EFCE42F}"
EndProject
Global
	GlobalSection(SolutionConfigurationPlatforms) = preSolution
		Debug_DLL|Win32 = Debug_DLL|Win32
		Debug_DLL|x64 = Debug_DLL|x64
		Debug_LIB|Win32 = Debug_LIB|Win32
		Debug_LIB|x64 = Debug_LIB|x64
		Release_DLL|Win32 = Release_DLL|Win32
		Release_DLL|x64 = Release_DLL|x64
		Release_LIB|Win32 = Release_LIB|Win32
		Release_LIB|x64 = Release_LIB|x64
	EndGlobalSection
	GlobalSection(ProjectConfigurationPlatforms) = postSolution
		{C3EA0FF7-6039-4884-BA91-7B4619BEFEA5}.Debug_DLL|Win32.ActiveCfg = Debug_DLL|Win32
		{C3EA0FF7-6039-4884-BA91-7B4619BEFEA5}.Debug_DLL|Win32.Build.0 = Debug_DLL|Win32
		{C3EA0FF7-6039-4884-BA91-7B4619BEFEA5}.Debug_DLL|x64.ActiveCfg = Debug_DLL|x64
		{C3EA0FF7-6039-4884-BA91-7B4619BEFEA5}.Debug_DLL|x64.Build.0 = Debug_DLL|x64
		{C3EA0FF7-6039-4884-BA91-7B4619BEFEA5}.Debug_LIB|Win32.ActiveCfg = Debug_LIB|Win32
		{C3EA0FF7-6039-4884-BA91-7B4619BEFEA5}.Debug_LIB|Win32.Build.0 = Debug_LIB|Win32
		{C3EA0FF7-6039-4884-BA91-7B4619BEFEA5}.Debug_LIB|x64.ActiveCfg = Debug_LIB|x64
		{C3EA0FF7-6039-4884-BA91-7B4619BEFEA5}.Debug_LIB|x64.Build.0 = Debug_LIB|x64
		{C3EA0FF7-6039-4884-BA91-7B4619BEFEA5}.Release_DLL|Win32.ActiveCfg = Release_DLL|Win32
		{C3EA0FF7-6039-4884-BA91-7B4619BEFEA5}.Release_DLL|Win32.Build.0 = Release_DLL|Win32
		{C3EA0FF7-6039-4884-BA91-7B4619BEFEA5}.Release_DLL|x64.ActiveCfg = Release_DLL|x64
		{C3EA0FF7-6039-4884-BA91-7B4619BEFEA5}.Release_DLL|x64.Build.0 = Release_DLL|x64
		{C3EA0FF7-6039-4884-BA91-7B4619BEFEA5}.Release_LIB|Win32.ActiveCfg = Release_LIB|Win32
		{C3EA0FF7-6039-4884-BA91-7B4619BEFEA5}.Release_LIB|Win32.Build.0 = Release_LIB|Win32
		{C3EA0FF7-6039-4884-BA91-7B4619BEFEA5}.Release_LIB|x64.ActiveCfg = Release_LIB|x64
		{C3EA0FF7-6039-4884-BA91-7B4619BEFEA5}.Release_LIB|x64.Build.0 = Release_LIB|x64
		{35E6ABA4-E192-497D-BA02-EFB79D1E0336}.Debug_DLL|Win32.ActiveCfg = Debug_DLL|Win32
		{35E6ABA4-E192-497D-BA02-EFB79D1E0336}.Debug_DLL|Win32.Build.0 = Debug_DLL|Win32
		{35E6ABA4-E192-497D-BA02-EFB79D1E0336}.Debug_DLL|x64.ActiveCfg = Debug_DLL|X64
		{35E6ABA4-E192-497D-BA02-EFB79D1E0336}.Debug_DLL|x64.Build.0 = Debug_DLL|X64
		{35E6ABA4-E192-497D-BA02-EFB79D1E0336}.Debug_LIB|Win32.ActiveCfg = Debug_LIB|Win32
		{35E6ABA4-E192-497D-BA02-EFB79D1E0336}.Debug_LIB|Win32.Build.0 = Debug_LIB|Win32
		{35E6ABA4-E192-497D-BA02-EFB79D1E0336}.Debug_LIB|x64.ActiveCfg = Debug_LIB|X64
		{35E6ABA4-E192-497D-BA02-EFB79D1E0336}.Debug_LIB|x64.Build.0 = Debug_LIB|X64
		{35E6ABA4-E192-497D-BA02-EFB79D1E0336}.Release_DLL|Win32.ActiveCfg = Release_DLL|Win32
		{35E6ABA4-E192-497D-BA02-EFB79D1E0336}.Release_DLL|Win32.Build.0 = Release_DLL|Win32
		{35E6ABA4-E192-497D-BA02-EFB79D1E0336}.Release_DLL|x64.ActiveCfg = Release_DLL|X64
		{35E6ABA4-E192-497D-BA02-EFB79D1E0336}.Release_DLL|x64.Build.0 = Release_DLL|X64
		{35E6ABA4-E192-497D-BA02-EFB79D1E0336}.Release_LIB|Win32.ActiveCfg = Release_LIB|Win32
		{35E6ABA4-E192-497D-BA02-EFB79D1E0336}.Release_LIB|Win32.Build.0 = Release_LIB|Win32
		{35E6ABA4-E192-497D-BA02-EFB79D1E0336}.Release_LIB|x64.ActiveCfg = Release_LIB|X64
		{35E6ABA4-E192-497D-BA02-EFB79D1E0336}.Release_LIB|x64.Build.0 = Release_LIB|X64
		{02CAF068-A7FC-463E-AA7E-72EEAF665826}.Debug_DLL|Win32.ActiveCfg = Debug_DLL|Win32
		{02CAF068-A7FC-463E-AA7E-72EEAF665826}.Debug_DLL|Win32.Build.0 = Debug_DLL|Win32
		{02CAF068-A7FC-463E-AA7E-72EEAF665826}.Debug_DLL|x64.ActiveCfg = Debug_DLL|X64
		{02CAF068-A7FC-463E-AA7E-72EEAF665826}.Debug_DLL|x64.Build.0 = Debug_DLL|X64
		{02CAF068-A7FC-463E-AA7E-72EEAF665826}.Debug_LIB|Win32.ActiveCfg = Debug_LIB|Win32
		{02CAF068-A7FC-463E-AA7E-72EEAF665826}.Debug_LIB|Win32.Build.0 = Debug_LIB|Win32
		{02CAF068-A7FC-463E-AA7E-72EEAF665826}.Debug_LIB|x64.ActiveCfg = Debug_LIB|X64
		{02CAF068-A7FC-463E-AA7E-72EEAF665826}.Debug_LIB|x64.Build.0 = Debug_LIB|X64
		{02CAF068-A7FC-463E-AA7E-72EEAF665826}.Release_DLL|Win32.ActiveCfg = Release_DLL|Win32
		{02CAF068-A7FC-463E-AA7E-72EEAF665826}.Release_DLL|Win32.Build.0 = Release_DLL|Win32
		{02CAF068-A7FC-463E-AA7E-72EEAF665826}.Release_DLL|x64.ActiveCfg = Release_DLL|X64
		{02CAF068-A7FC-463E-AA7E-72EEAF665826}.Release_DLL|x64.Build.0 = Release_DLL|X64
		{02CAF068-A7FC-463E-AA7E-72EEAF665826}.Release_LIB|Win32.ActiveCfg = Release_LIB|Win32
		{02CAF068-A7FC-463E-AA7E-72EEAF665826}.Release_LIB|Win32.Build.0 = Release_LIB|Win32
		{02CAF068-A7FC-463E-AA7E-72EEAF665826}.Release_LIB|x64.ActiveCfg = Release_LIB|X64
		{02CAF068-A7FC-463E-AA7E-72EEAF665826}.Release_LIB|x64.Build.0 = Release_LIB|X64
		{285B2DD5-B55E-4195-9B2D-F129CF54A2B4}.Debug_DLL|Win32.ActiveCfg = Debug_DLL|Win32
		{285B2DD5-B55E-4195-9B2D-F129CF54A2B4}.Debug_DLL|Win32.Build.0 = Debug_DLL|Win32
		{285B2DD5-B55E-4195-9B2D-F129CF54A2B4}.Debug_DLL|x64.ActiveCfg = Debug_DLL|X64
		{285B2DD5-B55E-4195-9B2D-F129CF54A2B4}.Debug_DLL|x64.Build.0 = Debug_DLL|X64
		{285B2DD5-B55E-4195-9B2D-F129CF54A2B4}.Debug_LIB|Win32.ActiveCfg = Debug_LIB|Win32
		{285B2DD5-B55E-4195-9B2D-F129CF54A2B4}.Debug_LIB|Win32.Build.0 = Debug_LIB|Win32
		{285B2DD5-B55E-4195-9B2D-F129CF54A2B4}.Debug_LIB|x64.ActiveCfg = Debug_LIB|X64
		{285B2DD5-B55E-4195-9B2D-F129CF54A2B4}.Debug_LIB|x64.Build.0 = Debug_LIB|X64
		{285B2DD5-B55E-4195-9B2D-F129CF54A2B4}.Release_DLL|Win32.ActiveCfg = Release_DLL|Win32
		{285B2DD5-B55E-4195-9B2D-F129CF54A2B4}.Release_DLL|Win32.Build.0 = Release_DLL|Win32
		{285B2DD5-B55E-4195-9B2D-F129CF54A2B4}.Release_DLL|x64.ActiveCfg = Release_DLL|X64
		{285B2DD5-B55E-4195-9B2D-F129CF54A2B4}.Release_DLL|x64.Build.0 = Release_DLL|X64
		{285B2DD5-B55E-4195-9B2D-F129CF54A2B4}.Release_LIB|Win32.ActiveCfg = Release_LIB|Win32
		{285B2DD5-B55E-4195-9B2D-F129CF54A2B4}.Release_LIB|Win32.Build.0 = Release_LIB|Win32
		{285B2DD5-B55E-4195-9B2D-F129CF54A2B4}.Release_LIB|x64.ActiveCfg = Release_LIB|X64
		{285B2DD5-B55E-4195-9B2D-F129CF54A2B4}.Release_LIB|x64.Build.0 = Release_LIB|X64
		{5F6323FF-CEEB-4AD8-BED3-A443E6F75546}.Debug_DLL|Win32.ActiveCfg = Debug_DLL|Win32
		{5F6323FF-CEEB-4AD8-BED3-A443E6F75546}.Debug_DLL|Win32.Build.0 = Debug_DLL|Win32
		{5F6323FF-CEEB-4AD8-BED3-A443E6F75546}.Debug_DLL|x64.ActiveCfg = Debug_DLL|X64
		{5F6323FF-CEEB-4AD8-BED3-A443E6F75546}.Debug_DLL|x64.Build.0 = Debug_DLL|X64
		{5F6323FF-CEEB-4AD8-BED3-A443E6F75546}.Debug_LIB|Win32.ActiveCfg = Debug_LIB|Win32
		{5F6323FF-CEEB-4AD8-BED3-A443E6F75546}.Debug_LIB|Win32.Build.0 = Debug_LIB|Win32
		{5F6323FF-CEEB-4AD8-BED3-A443E6F75546}.Debug_LIB|x64.ActiveCfg = Debug_LIB|X64
		{5F6323FF-CEEB-4AD8-BED3-A443E6F75546}.Debug_LIB|x64.Build.0 = Debug_LIB|X64
		{5F6323FF-CEEB-4AD8-BED3-A443E6F75546}.Release_DLL|Win32.ActiveCfg = Release_DLL|Win32
		{5F6323FF-CEEB-4AD8-BED3-A443E6F75546}.Release_DLL|Win32.Build.0 = Release_DLL|Win32
		{5F6323FF-CEEB-4AD8-BED3-A443E6F75546}.Release_DLL|x64.ActiveCfg = Release_DLL|X64
		{5F6323FF-CEEB-4AD8-BED3-A443E6F75546}.Release_DLL|x64.Build.0 = Release_DLL|X64
		{5F6323FF-CEEB-4AD8-BED3-A443E6F75546}.Release_LIB|Win32.ActiveCfg = Release_LIB|Win32
		{5F6323FF-CEEB-4AD8-BED3-A443E6F75546}.Release_LIB|Win32.Build.0 = Release_LIB|Win32
		{5F6323FF-CEEB-4AD8-BED3-A443E6F75546}.Release_LIB|x64.ActiveCfg = Release_LIB|X64
		{5F6323FF-CEEB-4AD8-BED3-A443E6F75546}.Release_LIB|x64.Build.0 = Release_LIB|X64
		{5CCE1C6A-2BD5-48BF-99E2-D29B58F91991}.Debug_DLL|Win32.ActiveCfg = Debug_DLL|Win32
		{5CCE1C6A-2BD5-48BF-99E2-D29B58F91991}.Debug_DLL|Win32.Build.0 = Debug_DLL|Win32
		{5CCE1C6A-2BD5-48BF-99E2-D29B58F91991}.Debug_DLL|x64.ActiveCfg = Debug_DLL|X64
		{5CCE1C6A-2BD5-48BF-99E2-D29B58F91991}.Debug_DLL|x64.Build.0 = Debug_DLL|X64
		{5CCE1C6A-2BD5-48BF-99E2-D29B58F91991}.Debug_LIB|Win32.ActiveCfg = Debug_LIB|Win32
		{5CCE1C6A-2BD5-48BF-99E2-D29B58F91991}.Debug_LIB|Win32.Build.0 = Debug_LIB|Win32
		{5CCE1C6A-2BD5-48BF-99E2-D29B58F91991}.Debug_LIB|x64.ActiveCfg = Debug_LIB|X64
		{5CCE1C6A-2BD5-48BF-99E2-D29B58F91991}.Debug_LIB|x64.Build.0 = Debug_LIB|X64
		{5CCE1C6A-2BD5-48BF-99E2-D29B58F91991}.Release_DLL|Win32.ActiveCfg = Release_DLL|Win32
		{5CCE1C6A-2BD5-48BF-99E2-D29B58F91991}.Release_DLL|Win32.Build.0 = Release_DLL|Win32
		{5CCE1C6A-2BD5-48BF-99E2-D29B58F91991}.Release_DLL|x64.ActiveCfg = Release_DLL|X64
		{5CCE1C6A-2BD5-48BF-99E2-D29B58F91991}.Release_DLL|x64.Build.0 = Release_DLL|X64
		{5CCE1C6A-2BD5-48BF-99E2-D29B58F91991}.Release_LIB|Win32.ActiveCfg = Release_LIB|Win32
		{5CCE1C6A-2BD5-48BF-99E2-D29B58F91991}.Release_LIB|Win32.Build.0 = Release_LIB|Win32
		{5CCE1C6A-2BD5-48BF-99E2-D29B58F91991}.Release_LIB|x64.ActiveCfg = Release_LIB|X64
		{5CCE1C6A-2BD5-48BF-99E2-D29B58F91991}.Release_LIB|x64.Build.0 = Release_LIB|X64
		{440C585D-AD66-4738-941C-A87A1817A9BE}.Debug_DLL|Win32.ActiveCfg = Debug_DLL|Win32
		{440C585D-AD66-4738-941C-A87A1817A9BE}.Debug_DLL|Win32.Build.0 = Debug_DLL|Win32
		{440C585D-AD66-4738-941C-A87A1817A9BE}.Debug_DLL|x64.ActiveCfg = Debug_DLL|X64
		{440C585D-AD66-4738-941C-A87A1817A9BE}.Debug_DLL|x64.Build.0 = Debug_DLL|X64
		{440C585D-AD66-4738-941C-A87A1817A9BE}.Debug_LIB|Win32.ActiveCfg = Debug_LIB|Win32
		{440C585D-AD66-4738-941C-A87A1817A9BE}.Debug_LIB|Win32.Build.0 = Debug_LIB|Win32
		{440C585D-AD66-4738-941C-A87A1817A9BE}.Debug_LIB|x64.ActiveCfg = Debug_LIB|X64
		{440C585D-AD66-4738-941C-A87A1817A9BE}.Debug_LIB|x64.Build.0 = Debug_LIB|X64
		{440C585D-AD66-4738-941C-A87A1817A9BE}.Release_DLL|Win32.ActiveCfg = Release_DLL|Win32
		{440C585D-AD66-4738-941C-A87A1817A9BE}.Release_DLL|Win32.Build.0 = Release_DLL|Win32
		{440C585D-AD66-4738-941C-A87A1817A9BE}.Release_DLL|x64.ActiveCfg = Release_DLL|X64
		{440C585D-AD66-4738-941C-A87A1817A9BE}.Release_DLL|x64.Build.0 = Release_DLL|X64
		{440C585D-AD66-4738-941C-A87A1817A9BE}.Release_LIB|Win32.ActiveCfg = Release_LIB|Win32
		{440C585D-AD66-4738-941C-A87A1817A9BE}.Release_LIB|Win32.Build.0 = Release_LIB|Win32
		{440C585D-AD66-4738-941C-A87A1817A9BE}.Release_LIB|x64.ActiveCfg = Release_LIB|X64
		{440C585D-AD66-4738-941C-A87A1817A9BE}.Release_LIB|x64.Build.0 = Release_LIB|X64
		{3B0E3542-CB89-4FFA-B004-EAC882B3F277}.Debug_DLL|Win32.ActiveCfg = Debug_DLL|Win32
		{3B0E3542-CB89-4FFA-B004-EAC882B3F277}.Debug_DLL|Win32.Build.0 = Debug_DLL|Win32
		{3B0E3542-CB89-4FFA-B004-EAC882B3F277}.Debug_DLL|x64.ActiveCfg = Debug_DLL|X64
		{3B0E3542-CB89-4FFA-B004-EAC882B3F277}.Debug_DLL|x64.Build.0 = Debug_DLL|X64
		{3B0E3542-CB89-4FFA-B004-EAC882B3F277}.Debug_LIB|Win32.ActiveCfg = Debug_LIB|Win32
		{3B0E3542-CB89-4FFA-B004-EAC882B3F277}.Debug_LIB|Win32.Build.0 = Debug_LIB|Win32
		{3B0E3542-CB89-4FFA-B004-EAC882B3F277}.Debug_LIB|x64.ActiveCfg = Debug_LIB|X64
		{3B0E3542-CB89-4FFA-B004-EAC882B3F277}.Debug_LIB|x64.Build.0 = Debug_LIB|X64
		{3B0E3542-CB89-4FFA-B004-EAC882B3F277}.Release_DLL|Win32.ActiveCfg = Release_DLL|Win32
		{3B0E3542-CB89-4FFA-B004-EAC882B3F277}.Release_DLL|Win32.Build.0 = Release_DLL|Win32
		{3B0E3542-CB89-4FFA-B004-EAC882B3F277}.Release_DLL|x64.ActiveCfg = Release_DLL|X64
		{3B0E3542-CB89-4FFA-B004-EAC882B3F277}.Release_DLL|x64.Build.0 = Release_DLL|X64
		{3B0E3542-CB89-4FFA-B004-EAC882B3F277}.Release_LIB|Win32.ActiveCfg = Release_LIB|Win32
		{3B0E3542-CB89-4FFA-B004-EAC882B3F277}.Release_LIB|Win32.Build.0 = Release_LIB|Win32
		{3B0E3542-CB89-4FFA-B004-EAC882B3F277}.Release_LIB|x64.ActiveCfg = Release_LIB|X64
		{3B0E3542-CB89-4FFA-B004-EAC882B3F277}.Release_LIB|x64.Build.0 = Release_LIB|X64
		{0DF29C1B-6C17-4D60-8B78-27FE8714DC11}.Debug_DLL|Win32.ActiveCfg = Debug_DLL|Win32
		{0DF29C1B-6C17-4D60-8B78-27FE8714DC11}.Debug_DLL|Win32.Build.0 = Debug_DLL|Win32
		{0DF29C1B-6C17-4D60-8B78-27FE8714DC11}.Debug_DLL|x64.ActiveCfg = Debug_DLL|X64
		{0DF29C1B-6C17-4D60-8B78-27FE8714DC11}.Debug_DLL|x64.Build.0 = Debug_DLL|X64
		{0DF29C1B-6C17-4D60-8B78-27FE8714DC11}.Debug_LIB|Win32.ActiveCfg = Debug_LIB|Win32
		{0DF29C1B-6C17-4D60-8B78-27FE8714DC11}.Debug_LIB|Win32.Build.0 = Debug_LIB|Win32
		{0DF29C1B-6C17-4D60-8B78-27FE8714DC11}.Debug_LIB|x64.ActiveCfg = Debug_LIB|X64
		{0DF29C1B-6C17-4D60-8B78-27FE8714DC11}.Debug_LIB|x64.Build.0 = Debug_LIB|X64
		{0DF29C1B-6C17-4D60-8B78-27FE8714DC11}.Release_DLL|Win32.ActiveCfg = Release_DLL|Win32
		{0DF29C1B-6C17-4D60-8B78-27FE8714DC11}.Release_DLL|Win32.Build.0 = Release_DLL|Win32
		{0DF29C1B-6C17-4D60-8B78-27FE8714DC11}.Release_DLL|x64.ActiveCfg = Release_DLL|X64
		{0DF29C1B-6C17-4D60-8B78-27FE8714DC11}.Release_DLL|x64.Build.0 = Release_DLL|X64
		{0DF29C1B-6C17-4D60-8B78-27FE8714DC11}.Release_LIB|Win32.ActiveCfg = Release_LIB|Win32
		{0DF29C1B-6C17-4D60-8B78-27FE8714DC11}.Release_LIB|Win32.Build.0 = Release_LIB|Win32
		{0DF29C1B-6C17-4D60-8B78-27FE8714DC11}.Release_LIB|x64.ActiveCfg = Release_LIB|X64
		{0DF29C1B-6C17-4D60-8B78-27FE8714DC11}.Release_LIB|x64.Build.0 = Release_LIB|X64
		{1D35FFAF-078A-4A9F-8F63-D62E9C7B3928}.Debug_DLL|Win32.ActiveCfg = Debug_DLL|Win32
		{1D35FFAF-078A-4A9F-8F63-D62E9C7B3928}.Debug_DLL|Win32.Build.0 = Debug_DLL|Win32
		{1D35FFAF-078A-4A9F-8F63-D62E9C7B3928}.Debug_DLL|x64.ActiveCfg = Debug_DLL|X64
		{1D35FFAF-078A-4A9F-8F63-D62E9C7B3928}.Debug_DLL|x64.Build.0 = Debug_DLL|X64
		{1D35FFAF-078A-4A9F-8F63-D62E9C7B3928}.Debug_LIB|Win32.ActiveCfg = Debug_LIB|Win32
		{1D35FFAF-078A-4A9F-8F63-D62E9C7B3928}.Debug_LIB|Win32.Build.0 = Debug_LIB|Win32
		{1D35FFAF-078A-4A9F-8F63-D62E9C7B3928}.Debug_LIB|x64.ActiveCfg = Debug_LIB|X64
		{1D35FFAF-078A-4A9F-8F63-D62E9C7B3928}.Debug_LIB|x64.Build.0 = Debug_LIB|X64
		{1D35FFAF-078A-4A9F-8F63-D62E9C7B3928}.Release_DLL|Win32.ActiveCfg = Release_DLL|Win32
		{1D35FFAF-078A-4A9F-8F63-D62E9C7B3928}.Release_DLL|Win32.Build.0 = Release_DLL|Win32
		{1D35FFAF-078A-4A9F-8F63-D62E9C7B3928}.Release_DLL|x64.ActiveCfg = Release_DLL|X64
		{1D35FFAF-078A-4A9F-8F63-D62E9C7B3928}.Release_DLL|x64.Build.0 = Release_DLL|X64
		{1D35FFAF-078A-4A9F-8F63-D62E9C7B3928}.Release_LIB|Win32.ActiveCfg = Release_LIB|Win32
		{1D35FFAF-078A-4A9F-8F63-D62E9C7B3928}.Release_LIB|Win32.Build.0 = Release_LIB|Win32
		{1D35FFAF-078A-4A9F-8F63-D62E9C7B3928}.Release_LIB|x64.ActiveCfg = Release_LIB|X64
		{1D35FFAF-078A-4A9F-8F63-D62E9C7B3928}.Release_LIB|x64.Build.0 = Release_LIB|X64
		{7DB032CE-8696-4D7A-8679-E8B486012AEC}.Debug_DLL|Win32.ActiveCfg = Debug_DLL|Win32
		{7DB032CE-8696-4D7A-8679-E8B486012AEC}.Debug_DLL|Win32.Build.0 = Debug_DLL|Win32
		{7DB032CE-8696-4D7A-8679-E8B486012AEC}.Debug_DLL|x64.ActiveCfg = Debug_DLL|X64
		{7DB032CE-8696-4D7A-8679-E8B486012AEC}.Debug_DLL|x64.Build.0 = Debug_DLL|X64
		{7DB032CE-8696-4D7A-8679-E8B486012AEC}.Debug_LIB|Win32.ActiveCfg = Debug_LIB|Win32
		{7DB032CE-8696-4D7A-8679-E8B486012AEC}.Debug_LIB|Win32.Build.0 = Debug_LIB|Win32
		{7DB032CE-8696-4D7A-8679-E8B486012AEC}.Debug_LIB|x64.ActiveCfg = Debug_LIB|X64
		{7DB032CE-8696-4D7A-8679-E8B486012AEC}.Debug_LIB|x64.Build.0 = Debug_LIB|X64
		{7DB032CE-8696-4D7A-8679-E8B486012AEC}.Release_DLL|Win32.ActiveCfg = Release_DLL|Win32
		{7DB032CE-8696-4D7A-8679-E8B486012AEC}.Release_DLL|Win32.Build.0 = Release_DLL|Win32
		{7DB032CE-8696-4D7A-8679-E8B486012AEC}.Release_DLL|x64.ActiveCfg = Release_DLL|X64
		{7DB032CE-8696-4D7A-8679-E8B486012AEC}.Release_DLL|x64.Build.0 = Release_DLL|X64
		{7DB032CE-8696-4D7A-8679-E8B486012AEC}.Release_LIB|Win32.ActiveCfg = Release_LIB|Win32
		{7DB032CE-8696-4D7A-8679-E8B486012AEC}.Release_LIB|Win32.Build.0 = Release_LIB|Win32
		{7DB032CE-8696-4D7A-8679-E8B486012AEC}.Release_LIB|x64.ActiveCfg = Release_LIB|X64
		{7DB032CE-8696-4D7A-8679-E8B486012AEC}.Release_LIB|x64.Build.0 = Release_LIB|X64
		{8CC25EE1-944A-4AA0-9A58-BEDE2BB3C86C}.Debug_DLL|Win32.ActiveCfg = Debug_DLL|Win32
		{8CC25EE1-944A-4AA0-9A58-BEDE2BB3C86C}.Debug_DLL|Win32.Build.0 = Debug_DLL|Win32
		{8CC25EE1-944A-4AA0-9A58-BEDE2BB3C86C}.Debug_DLL|x64.ActiveCfg = Debug_DLL|X64
		{8CC25EE1-944A-4AA0-9A58-BEDE2BB3C86C}.Debug_DLL|x64.Build.0 = Debug_DLL|X64
		{8CC25EE1-944A-4AA0-9A58-BEDE2BB3C86C}.Debug_LIB|Win32.ActiveCfg = Debug_LIB|Win32
		{8CC25EE1-944A-4AA0-9A58-BEDE2BB3C86C}.Debug_LIB|Win32.Build.0 = Debug_LIB|Win32
		{8CC25EE1-944A-4AA0-9A58-BEDE2BB3C86C}.Debug_LIB|x64.ActiveCfg = Debug_LIB|X64
		{8CC25EE1-944A-4AA0-9A58-BEDE2BB3C86C}.Debug_LIB|x64.Build.0 = Debug_LIB|X64
		{8CC25EE1-944A-4AA0-9A58-BEDE2BB3C86C}.Release_DLL|Win32.ActiveCfg = Release_DLL|Win32
		{8CC25EE1-944A-4AA0-9A58-BEDE2BB3C86C}.Release_DLL|Win32.Build.0 = Release_DLL|Win32
		{8CC25EE1-944A-4AA0-9A58-BEDE2BB3C86C}.Release_DLL|x64.ActiveCfg = Release_DLL|X64
		{8CC25EE1-944A-4AA0-9A58-BEDE2BB3C86C}.Release_DLL|x64.Build.0 = Release_DLL|X64
		{8CC25EE1-944A-4AA0-9A58-BEDE2BB3C86C}.Release_LIB|Win32.ActiveCfg = Release_LIB|Win32
		{8CC25EE1-944A-4AA0-9A58-BEDE2BB3C86C}.Release_LIB|Win32.Build.0 = Release_LIB|Win32
		{8CC25EE1-944A-4AA0-9A58-BEDE2BB3C86C}.Release_LIB|x64.ActiveCfg = Release_LIB|X64
		{8CC25EE1-944A-4AA0-9A58-BEDE2BB3C86C}.Release_LIB|x64.Build.0 = Release_LIB|X64
		{3C906C28-3E5E-429A-9DC9-FADD47DB579E}.Debug_DLL|Win32.ActiveCfg = Debug_DLL|Win32
		{3C906C28-3E5E-429A-9DC9-FADD47DB579E}.Debug_DLL|Win32.Build.0 = Debug_DLL|Win32
		{3C906C28-3E5E-429A-9DC9-FADD47DB579E}.Debug_DLL|x64.ActiveCfg = Debug_DLL|X64
		{3C906C28-3E5E-429A-9DC9-FADD47DB579E}.Debug_DLL|x64.Build.0 = Debug_DLL|X64
		{3C906C28-3E5E-429A-9DC9-FADD47DB579E}.Debug_LIB|Win32.ActiveCfg = Debug_LIB|Win32
		{3C906C28-3E5E-429A-9DC9-FADD47DB579E}.Debug_LIB|Win32.Build.0 = Debug_LIB|Win32
		{3C906C28-3E5E-429A-9DC9-FADD47DB579E}.Debug_LIB|x64.ActiveCfg = Debug_LIB|X64
		{3C906C28-3E5E-429A-9DC9-FADD47DB579E}.Debug_LIB|x64.Build.0 = Debug_LIB|X64
		{3C906C28-3E5E-429A-9DC9-FADD47DB579E}.Release_DLL|Win32.ActiveCfg = Release_DLL|Win32
		{3C906C28-3E5E-429A-9DC9-FADD47DB579E}.Release_DLL|Win32.Build.0 = Release_DLL|Win32
		{3C906C28-3E5E-429A-9DC9-FADD47DB579E}.Release_DLL|x64.ActiveCfg = Release_DLL|X64
		{3C906C28-3E5E-429A-9DC9-FADD47DB579E}.Release_DLL|x64.Build.0 = Release_DLL|X64
		{3C906C28-3E5E-429A-9DC9-FADD47DB579E}.Release_LIB|Win32.ActiveCfg = Release_LIB|Win32
		{3C906C28-3E5E-429A-9DC9-FADD47DB579E}.Release_LIB|Win32.Build.0 = Release_LIB|Win32
		{3C906C28-3E5E-429A-9DC9-FADD47DB579E}.Release_LIB|x64.ActiveCfg = Release_LIB|X64
		{3C906C28-3E5E-429A-9DC9-FADD47DB579E}.Release_LIB|x64.Build.0 = Release_LIB|X64
		{3D039C8A-8B8D-4408-B1F7-BF1878D50315}.Debug_DLL|Win32.ActiveCfg = Debug_DLL|Win32
		{3D039C8A-8B8D-4408-B1F7-BF1878D50315}.Debug_DLL|Win32.Build.0 = Debug_DLL|Win32
		{3D039C8A-8B8D-4408-B1F7-BF1878D50315}.Debug_DLL|x64.ActiveCfg = Debug_DLL|X64
		{3D039C8A-8B8D-4408-B1F7-BF1878D50315}.Debug_DLL|x64.Build.0 = Debug_DLL|X64
		{3D039C8A-8B8D-4408-B1F7-BF1878D50315}.Debug_LIB|Win32.ActiveCfg = Debug_LIB|Win32
		{3D039C8A-8B8D-4408-B1F7-BF1878D50315}.Debug_LIB|Win32.Build.0 = Debug_LIB|Win32
		{3D039C8A-8B8D-4408-B1F7-BF1878D50315}.Debug_LIB|x64.ActiveCfg = Debug_LIB|X64
		{3D039C8A-8B8D-4408-B1F7-BF1878D50315}.Debug_LIB|x64.Build.0 = Debug_LIB|X64
		{3D039C8A-8B8D-4408-B1F7-BF1878D50315}.Release_DLL|Win32.ActiveCfg = Release_DLL|Win32
		{3D039C8A-8B8D-4408-B1F7-BF1878D50315}.Release_DLL|Win32.Build.0 = Release_DLL|Win32
		{3D039C8A-8B8D-4408-B1F7-BF1878D50315}.Release_DLL|x64.ActiveCfg = Release_DLL|X64
		{3D039C8A-8B8D-4408-B1F7-BF1878D50315}.Release_DLL|x64.Build.0 = Release_DLL|X64
		{3D039C8A-8B8D-4408-B1F7-BF1878D50315}.Release_LIB|Win32.ActiveCfg = Release_LIB|Win32
		{3D039C8A-8B8D-4408-B1F7-BF1878D50315}.Release_LIB|Win32.Build.0 = Release_LIB|Win32
		{3D039C8A-8B8D-4408-B1F7-BF1878D50315}.Release_LIB|x64.ActiveCfg = Release_LIB|X64
		{3D039C8A-8B8D-4408-B1F7-BF1878D50315}.Release_LIB|x64.Build.0 = Release_LIB|X64
		{B113F023-4E72-48D0-9DE0-F6BFF5CAC62A}.Debug_DLL|Win32.ActiveCfg = Debug_DLL|Win32
		{B113F023-4E72-48D0-9DE0-F6BFF5CAC62A}.Debug_DLL|Win32.Build.0 = Debug_DLL|Win32
		{B113F023-4E72-48D0-9DE0-F6BFF5CAC62A}.Debug_DLL|x64.ActiveCfg = Debug_DLL|x64
		{B113F023-4E72-48D0-9DE0-F6BFF5CAC62A}.Debug_DLL|x64.Build.0 = Debug_DLL|x64
		{B113F023-4E72-48D0-9DE0-F6BFF5CAC62A}.Debug_LIB|Win32.ActiveCfg = Debug_LIB|Win32
		{B113F023-4E72-48D0-9DE0-F6BFF5CAC62A}.Debug_LIB|Win32.Build.0 = Debug_LIB|Win32
		{B113F023-4E72-48D0-9DE0-F6BFF5CAC62A}.Debug_LIB|x64.ActiveCfg = Debug_LIB|x64
		{B113F023-4E72-48D0-9DE0-F6BFF5CAC62A}.Debug_LIB|x64.Build.0 = Debug_LIB|x64
		{B113F023-4E72-48D0-9DE0-F6BFF5CAC62A}.Release_DLL|Win32.ActiveCfg = Release_DLL|Win32
		{B113F023-4E72-48D0-9DE0-F6BFF5CAC62A}.Release_DLL|Win32.Build.0 = Release_DLL|Win32
		{B113F023-4E72-48D0-9DE0-F6BFF5CAC62A}.Release_DLL|x64.ActiveCfg = Release_DLL|x64
		{B113F023-4E72-48D0-9DE0-F6BFF5CAC62A}.Release_DLL|x64.Build.0 = Release_DLL|x64
		{B113F023-4E72-48D0-9DE0-F6BFF5CAC62A}.Release_LIB|Win32.ActiveCfg = Release_LIB|Win32
		{B113F023-4E72-48D0-9DE0-F6BFF5CAC62A}.Release_LIB|Win32.Build.0 = Release_LIB|Win32
		{B113F023-4E72-48D0-9DE0-F6BFF5CAC62A}.Release_LIB|x64.ActiveCfg = Release_LIB|x64
		{B113F023-4E72-48D0-9DE0-F6BFF5CAC62A}.Release_LIB|x64.Build.0 = Release_LIB|x64
		{A07A2021-121C-4C5C-8AEF-49E8006FF4B0}.Debug_DLL|Win32.ActiveCfg = Debug_DLL|Win32
		{A07A2021-121C-4C5C-8AEF-49E8006FF4B0}.Debug_DLL|Win32.Build.0 = Debug_DLL|Win32
		{A07A2021-121C-4C5C-8AEF-49E8006FF4B0}.Debug_DLL|x64.ActiveCfg = Debug_DLL|x64
		{A07A2021-121C-4C5C-8AEF-49E8006FF4B0}.Debug_DLL|x64.Build.0 = Debug_DLL|x64
		{A07A2021-121C-4C5C-8AEF-49E8006FF4B0}.Debug_LIB|Win32.ActiveCfg = Debug_LIB|Win32
		{A07A2021-121C-4C5C-8AEF-49E8006FF4B0}.Debug_LIB|Win32.Build.0 = Debug_LIB|Win32
		{A07A2021-121C-4C5C-8AEF-49E8006FF4B0}.Debug_LIB|x64.ActiveCfg = Debug_LIB|x64
		{A07A2021-121C-4C5C-8AEF-49E8006FF4B0}.Debug_LIB|x64.Build.0 = Debug_LIB|x64
		{A07A2021-121C-4C5C-8AEF-49E8006FF4B0}.Release_DLL|Win32.ActiveCfg = Release_DLL|Win32
		{A07A2021-121C-4C5C-8AEF-49E8006FF4B0}.Release_DLL|Win32.Build.0 = Release_DLL|Win32
		{A07A2021-121C-4C5C-8AEF-49E8006FF4B0}.Release_DLL|x64.ActiveCfg = Release_DLL|x64
		{A07A2021-121C-4C5C-8AEF-49E8006FF4B0}.Release_DLL|x64.Build.0 = Release_DLL|x64
		{A07A2021-121C-4C5C-8AEF-49E8006FF4B0}.Release_LIB|Win32.ActiveCfg = Release_LIB|Win32
		{A07A2021-121C-4C5C-8AEF-49E8006FF4B0}.Release_LIB|Win32.Build.0 = Release_LIB|Win32
		{A07A2021-121C-4C5C-8AEF-49E8006FF4B0}.Release_LIB|x64.ActiveCfg = Release_LIB|x64
		{A07A2021-121C-4C5C-8AEF-49E8006FF4B0}.Release_LIB|x64.Build.0 = Release_LIB|x64
		{2BEE02CB-BAE8-4B48-9D07-4D102A0827BD}.Debug_DLL|Win32.ActiveCfg = Debug_DLL|Win32
		{2BEE02CB-BAE8-4B48-9D07-4D102A0827BD}.Debug_DLL|Win32.Build.0 = Debug_DLL|Win32
		{2BEE02CB-BAE8-4B48-9D07-4D102A0827BD}.Debug_DLL|x64.ActiveCfg = Debug_DLL|x64
		{2BEE02CB-BAE8-4B48-9D07-4D102A0827BD}.Debug_DLL|x64.Build.0 = Debug_DLL|x64
		{2BEE02CB-BAE8-4B48-9D07-4D102A0827BD}.Debug_LIB|Win32.ActiveCfg = Debug_LIB|Win32
		{2BEE02CB-BAE8-4B48-9D07-4D102A0827BD}.Debug_LIB|Win32.Build.0 = Debug_LIB|Win32
		{2BEE02CB-BAE8-4B48-9D07-4D102A0827BD}.Debug_LIB|x64.ActiveCfg = Debug_LIB|x64
		{2BEE02CB-BAE8-4B48-9D07-4D102A0827BD}.Debug_LIB|x64.Build.0 = Debug_LIB|x64
		{2BEE02CB-BAE8-4B48-9D07-4D102A0827BD}.Release_DLL|Win32.ActiveCfg = Release_DLL|Win32
		{2BEE02CB-BAE8-4B48-9D07-4D102A0827BD}.Release_DLL|Win32.Build.0 = Release_DLL|Win32
		{2BEE02CB-BAE8-4B48-9D07-4D102A0827BD}.Release_DLL|x64.ActiveCfg = Release_DLL|x64
		{2BEE02CB-BAE8-4B48-9D07-4D102A0827BD}.Release_DLL|x64.Build.0 = Release_DLL|x64
		{2BEE02CB-BAE8-4B48-9D07-4D102A0827BD}.Release_LIB|Win32.ActiveCfg = Release_LIB|Win32
		{2BEE02CB-BAE8-4B48-9D07-4D102A0827BD}.Release_LIB|Win32.Build.0 = Release_LIB|Win32
		{2BEE02CB-BAE8-4B48-9D07-4D102A0827BD}.Release_LIB|x64.ActiveCfg = Release_LIB|x64
		{2BEE02CB-BAE8-4B48-9D07-4D102A0827BD}.Release_LIB|x64.Build.0 = Release_LIB|x64
		{DCFE05FB-91FA-4885-BE8C-E3F19D156AC3}.Debug_DLL|Win32.ActiveCfg = Debug_DLL|Win32
		{DCFE05FB-91FA-4885-BE8C-E3F19D156AC3}.Debug_DLL|Win32.Build.0 = Debug_DLL|Win32
		{DCFE05FB-91FA-4885-BE8C-E3F19D156AC3}.Debug_DLL|x64.ActiveCfg = Debug_DLL|x64
		{DCFE05FB-91FA-4885-BE8C-E3F19D156AC3}.Debug_DLL|x64.Build.0 = Debug_DLL|x64
		{DCFE05FB-91FA-4885-BE8C-E3F19D156AC3}.Debug_LIB|Win32.ActiveCfg = Debug_LIB|Win32
		{DCFE05FB-91FA-4885-BE8C-E3F19D156AC3}.Debug_LIB|Win32.Build.0 = Debug_LIB|Win32
		{DCFE05FB-91FA-4885-BE8C-E3F19D156AC3}.Debug_LIB|x64.ActiveCfg = Debug_LIB|x64
		{DCFE05FB-91FA-4885-BE8C-E3F19D156AC3}.Debug_LIB|x64.Build.0 = Debug_LIB|x64
		{DCFE05FB-91FA-4885-BE8C-E3F19D156AC3}.Release_DLL|Win32.ActiveCfg = Release_DLL|Win32
		{DCFE05FB-91FA-4885-BE8C-E3F19D156AC3}.Release_DLL|Win32.Build.0 = Release_DLL|Win32
		{DCFE05FB-91FA-4885-BE8C-E3F19D156AC3}.Release_DLL|x64.ActiveCfg = Release_DLL|x64
		{DCFE05FB-91FA-4885-BE8C-E3F19D156AC3}.Release_DLL|x64.Build.0 = Release_DLL|x64
		{DCFE05FB-91FA-4885-BE8C-E3F19D156AC3}.Release_LIB|Win32.ActiveCfg = Release_LIB|Win32
		{DCFE05FB-91FA-4885-BE8C-E3F19D156AC3}.Release_LIB|Win32.Build.0 = Release_LIB|Win32
		{DCFE05FB-91FA-4885-BE8C-E3F19D156AC3}.Release_LIB|x64.ActiveCfg = Release_LIB|x64
		{DCFE05FB-91FA-4885-BE8C-E3F19D156AC3}.Release_LIB|x64.Build.0 = Release_LIB|x64
		{BB4263F7-6587-4D6B-9D8D-610072E7B119}.Debug_DLL|Win32.ActiveCfg = Debug_DLL|Win32
		{BB4263F7-6587-4D6B-9D8D-610072E7B119}.Debug_DLL|Win32.Build.0 = Debug_DLL|Win32
		{BB4263F7-6587-4D6B-9D8D-610072E7B119}.Debug_DLL|x64.ActiveCfg = Debug_DLL|x64
		{BB4263F7-6587-4D6B-9D8D-610072E7B119}.Debug_DLL|x64.Build.0 = Debug_DLL|x64
		{BB4263F7-6587-4D6B-9D8D-610072E7B119}.Debug_LIB|Win32.ActiveCfg = Debug_LIB|Win32
		{BB4263F7-6587-4D6B-9D8D-610072E7B119}.Debug_LIB|Win32.Build.0 = Debug_LIB|Win32
		{BB4263F7-6587-4D6B-9D8D-610072E7B119}.Debug_LIB|x64.ActiveCfg = Debug_LIB|x64
		{BB4263F7-6587-4D6B-9D8D-610072E7B119}.Debug_LIB|x64.Build.0 = Debug_LIB|x64
		{BB4263F7-6587-4D6B-9D8D-610072E7B119}.Release_DLL|Win32.ActiveCfg = Release_DLL|Win32
		{BB4263F7-6587-4D6B-9D8D-610072E7B119}.Release_DLL|Win32.Build.0 = Release_DLL|Win32
		{BB4263F7-6587-4D6B-9D8D-610072E7B119}.Release_DLL|x64.ActiveCfg = Release_DLL|x64
		{BB4263F7-6587-4D6B-9D8D-610072E7B119}.Release_DLL|x64.Build.0 = Release_DLL|x64
		{BB4263F7-6587-4D6B-9D8D-610072E7B119}.Release_LIB|Win32.ActiveCfg = Release_LIB|Win32
		{BB4263F7-6587-4D6B-9D8D-610072E7B119}.Release_LIB|Win32.Build.0 = Release_LIB|Win32
		{BB4263F7-6587-4D6B-9D8D-610072E7B119}.Release_LIB|x64.ActiveCfg = Release_LIB|x64
		{BB4263F7-6587-4D6B-9D8D-610072E7B119}.Release_LIB|x64.Build.0 = Release_LIB|x64
		{56ED8A40-51A5-49EF-BEE1-10A4EF0C11DF}.Debug_DLL|Win32.ActiveCfg = Debug_DLL|Win32
		{56ED8A40-51A5-49EF-BEE1-10A4EF0C11DF}.Debug_DLL|Win32.Build.0 = Debug_DLL|Win32
		{56ED8A40-51A5-49EF-BEE1-10A4EF0C11DF}.Debug_DLL|x64.ActiveCfg = Debug_DLL|x64
		{56ED8A40-51A5-49EF-BEE1-10A4EF0C11DF}.Debug_DLL|x64.Build.0 = Debug_DLL|x64
		{56ED8A40-51A5-49EF-BEE1-10A4EF0C11DF}.Debug_LIB|Win32.ActiveCfg = Debug_LIB|Win32
		{56ED8A40-51A5-49EF-BEE1-10A4EF0C11DF}.Debug_LIB|Win32.Build.0 = Debug_LIB|Win32
		{56ED8A40-51A5-49EF-BEE1-10A4EF0C11DF}.Debug_LIB|x64.ActiveCfg = Debug_LIB|x64
		{56ED8A40-51A5-49EF-BEE1-10A4EF0C11DF}.Debug_LIB|x64.Build.0 = Debug_LIB|x64
		{56ED8A40-51A5-49EF-BEE1-10A4EF0C11DF}.Release_DLL|Win32.ActiveCfg = Release_DLL|Win32
		{56ED8A40-51A5-49EF-BEE1-10A4EF0C11DF}.Release_DLL|Win32.Build.0 = Release_DLL|Win32
		{56ED8A40-51A5-49EF-BEE1-10A4EF0C11DF}.Release_DLL|x64.ActiveCfg = Release_DLL|x64
		{56ED8A40-51A5-49EF-BEE1-10A4EF0C11DF}.Release_DLL|x64.Build.0 = Release_DLL|x64
		{56ED8A40-51A5-49EF-BEE1-10A4EF0C11DF}.Release_LIB|Win32.ActiveCfg = Release_LIB|Win32
		{56ED8A40-51A5-49EF-BEE1-10A4EF0C11DF}.Release_LIB|Win32.Build.0 = Release_LIB|Win32
		{56ED8A40-51A5-49EF-BEE1-10A4EF0C11DF}.Release_LIB|x64.ActiveCfg = Release_LIB|x64
		{56ED8A40-51A5-49EF-BEE1-10A4EF0C11DF}.Release_LIB|x64.Build.0 = Release_LIB|x64
		{8D4D1E05-54B0-4861-A657-3EEAFEFEBBE2}.Debug_DLL|Win32.ActiveCfg = Debug_DLL|Win32
		{8D4D1E05-54B0-4861-A657-3EEAFEFEBBE2}.Debug_DLL|Win32.Build.0 = Debug_DLL|Win32
		{8D4D1E05-54B0-4861-A657-3EEAFEFEBBE2}.Debug_DLL|x64.ActiveCfg = Debug_DLL|x64
		{8D4D1E05-54B0-4861-A657-3EEAFEFEBBE2}.Debug_DLL|x64.Build.0 = Debug_DLL|x64
		{8D4D1E05-54B0-4861-A657-3EEAFEFEBBE2}.Debug_LIB|Win32.ActiveCfg = Debug_LIB|Win32
		{8D4D1E05-54B0-4861-A657-3EEAFEFEBBE2}.Debug_LIB|Win32.Build.0 = Debug_LIB|Win32
		{8D4D1E05-54B0-4861-A657-3EEAFEFEBBE2}.Debug_LIB|x64.ActiveCfg = Debug_LIB|x64
		{8D4D1E05-54B0-4861-A657-3EEAFEFEBBE2}.Debug_LIB|x64.Build.0 = Debug_LIB|x64
		{8D4D1E05-54B0-4861-A657-3EEAFEFEBBE2}.Release_DLL|Win32.ActiveCfg = Release_DLL|Win32
		{8D4D1E05-54B0-4861-A657-3EEAFEFEBBE2}.Release_DLL|Win32.Build.0 = Release_DLL|Win32
		{8D4D1E05-54B0-4861-A657-3EEAFEFEBBE2}.Release_DLL|x64.ActiveCfg = Release_DLL|x64
		{8D4D1E05-54B0-4861-A657-3EEAFEFEBBE2}.Release_DLL|x64.Build.0 = Release_DLL|x64
		{8D4D1E05-54B0-4861-A657-3EEAFEFEBBE2}.Release_LIB|Win32.ActiveCfg = Release_LIB|Win32
		{8D4D1E05-54B0-4861-A657-3EEAFEFEBBE2}.Release_LIB|Win32.Build.0 = Release_LIB|Win32
		{8D4D1E05-54B0-4861-A657-3EEAFEFEBBE2}.Release_LIB|x64.ActiveCfg = Release_LIB|x64
		{8D4D1E05-54B0-4861-A657-3EEAFEFEBBE2}.Release_LIB|x64.Build.0 = Release_LIB|x64
		{E2B6D5E1-7383-4DCA-BA1C-05B8F2C44E4E}.Debug_DLL|Win32.ActiveCfg = Debug_DLL|Win32
		{E2B6D5E1-7383-4DCA-BA1C-05B8F2C44E4E}.Debug_DLL|Win32.Build.0 = Debug_DLL|Win32
		{E2B6D5E1-7383-4DCA-BA1C-05B8F2C44E4E}.Debug_DLL|x64.ActiveCfg = Debug_DLL|x64
		{E2B6D5E1-7383-4DCA-BA1C-05B8F2C44E4E}.Debug_DLL|x64.Build.0 = Debug_DLL|x64
		{E2B6D5E1-7383-4DCA-BA1C-05B8F2C44E4E}.Debug_LIB|Win32.ActiveCfg = Debug_LIB|Win32
		{E2B6D5E1-7383-4DCA-BA1C-05B8F2C44E4E}.Debug_LIB|Win32.Build.0 = Debug_LIB|Win32
		{E2B6D5E1-7383-4DCA-BA1C-05B8F2C44E4E}.Debug_LIB|x64.ActiveCfg = Debug_LIB|x64
		{E2B6D5E1-7383-4DCA-BA1C-05B8F2C44E4E}.Debug_LIB|x64.Build.0 = Debug_LIB|x64
		{E2B6D5E1-7383-4DCA-BA1C-05B8F2C44E4E}.Release_DLL|Win32.ActiveCfg = Release_DLL|Win32
		{E2B6D5E1-7383-4DCA-BA1C-05B8F2C44E4E}.Release_DLL|Win32.Build.0 = Release_DLL|Win32
		{E2B6D5E1-7383-4DCA-BA1C-05B8F2C44E4E}.Release_DLL|x64.ActiveCfg = Release_DLL|x64
		{E2B6D5E1-7383-4DCA-BA1C-05B8F2C44E4E}.Release_DLL|x64.Build.0 = Release_DLL|x64
		{E2B6D5E1-7383-4DCA-BA1C-05B8F2C44E4E}.Release_LIB|Win32.ActiveCfg = Release_LIB|Win32
		{E2B6D5E1-7383-4DCA-BA1C-05B8F2C44E4E}.Release_LIB|Win32.Build.0 = Release_LIB|Win32
		{E2B6D5E1-7383-4DCA-BA1C-05B8F2C44E4E}.Release_LIB|x64.ActiveCfg = Release_LIB|x64
		{E2B6D5E1-7383-4DCA-BA1C-05B8F2C44E4E}.Release_LIB|x64.Build.0 = Release_LIB|x64
		{8F881D50-14C0-4D6D-A47A-086C73BB7DA3}.Debug_DLL|Win32.ActiveCfg = Debug_DLL|Win32
		{8F881D50-14C0-4D6D-A47A-086C73BB7DA3}.Debug_DLL|Win32.Build.0 = Debug_DLL|Win32
		{8F881D50-14C0-4D6D-A47A-086C73BB7DA3}.Debug_DLL|x64.ActiveCfg = Debug_DLL|x64
		{8F881D50-14C0-4D6D-A47A-086C73BB7DA3}.Debug_DLL|x64.Build.0 = Debug_DLL|x64
		{8F881D50-14C0-4D6D-A47A-086C73BB7DA3}.Debug_LIB|Win32.ActiveCfg = Debug_LIB|Win32
		{8F881D50-14C0-4D6D-A47A-086C73BB7DA3}.Debug_LIB|Win32.Build.0 = Debug_LIB|Win32
		{8F881D50-14C0-4D6D-A47A-086C73BB7DA3}.Debug_LIB|x64.ActiveCfg = Debug_LIB|x64
		{8F881D50-14C0-4D6D-A47A-086C73BB7DA3}.Debug_LIB|x64.Build.0 = Debug_LIB|x64
		{8F881D50-14C0-4D6D-A47A-086C73BB7DA3}.Release_DLL|Win32.ActiveCfg = Release_DLL|Win32
		{8F881D50-14C0-4D6D-A47A-086C73BB7DA3}.Release_DLL|Win32.Build.0 = Release_DLL|Win32
		{8F881D50-14C0-4D6D-A47A-086C73BB7DA3}.Release_DLL|x64.ActiveCfg = Release_DLL|x64
		{8F881D50-14C0-4D6D-A47A-086C73BB7DA3}.Release_DLL|x64.Build.0 = Release_DLL|x64
		{8F881D50-14C0-4D6D-A47A-086C73BB7DA3}.Release_LIB|Win32.ActiveCfg = Release_LIB|Win32
		{8F881D50-14C0-4D6D-A47A-086C73BB7DA3}.Release_LIB|Win32.Build.0 = Release_LIB|Win32
		{8F881D50-14C0-4D6D-A47A-086C73BB7DA3}.Release_LIB|x64.ActiveCfg = Release_LIB|x64
		{8F881D50-14C0-4D6D-A47A-086C73BB7DA3}.Release_LIB|x64.Build.0 = Release_LIB|x64
		{055517C9-0A16-49EB-938A-FF2CFF783B99}.Debug_DLL|Win32.ActiveCfg = Debug_DLL|Win32
		{055517C9-0A16-49EB-938A-FF2CFF783B99}.Debug_DLL|Win32.Build.0 = Debug_DLL|Win32
		{055517C9-0A16-49EB-938A-FF2CFF783B99}.Debug_DLL|x64.ActiveCfg = Debug_DLL|x64
		{055517C9-0A16-49EB-938A-FF2CFF783B99}.Debug_DLL|x64.Build.0 = Debug_DLL|x64
		{055517C9-0A16-49EB-938A-FF2CFF783B99}.Debug_LIB|Win32.ActiveCfg = Debug_LIB|Win32
		{055517C9-0A16-49EB-938A-FF2CFF783B99}.Debug_LIB|Win32.Build.0 = Debug_LIB|Win32
		{055517C9-0A16-49EB-938A-FF2CFF783B99}.Debug_LIB|x64.ActiveCfg = Debug_LIB|x64
		{055517C9-0A16-49EB-938A-FF2CFF783B99}.Debug_LIB|x64.Build.0 = Debug_LIB|x64
		{055517C9-0A16-49EB-938A-FF2CFF783B99}.Release_DLL|Win32.ActiveCfg = Release_DLL|Win32
		{055517C9-0A16-49EB-938A-FF2CFF783B99}.Release_DLL|Win32.Build.0 = Release_DLL|Win32
		{055517C9-0A16-49EB-938A-FF2CFF783B99}.Release_DLL|x64.ActiveCfg = Release_DLL|x64
		{055517C9-0A16-49EB-938A-FF2CFF783B99}.Release_DLL|x64.Build.0 = Release_DLL|x64
		{055517C9-0A16-49EB-938A-FF2CFF783B99}.Release_LIB|Win32.ActiveCfg = Release_LIB|Win32
		{055517C9-0A16-49EB-938A-FF2CFF783B99}.Release_LIB|Win32.Build.0 = Release_LIB|Win32
		{055517C9-0A16-49EB-938A-FF2CFF783B99}.Release_LIB|x64.ActiveCfg = Release_LIB|x64
		{055517C9-0A16-49EB-938A-FF2CFF783B99}.Release_LIB|x64.Build.0 = Release_LIB|x64
		{BF6E0FF5-5886-4845-B21D-B82D631BEC00}.Debug_DLL|Win32.ActiveCfg = Debug_DLL|Win32
		{BF6E0FF5-5886-4845-B21D-B82D631BEC00}.Debug_DLL|Win32.Build.0 = Debug_DLL|Win32
		{BF6E0FF5-5886-4845-B21D-B82D631BEC00}.Debug_DLL|x64.ActiveCfg = Debug_DLL|x64
		{BF6E0FF5-5886-4845-B21D-B82D631BEC00}.Debug_DLL|x64.Build.0 = Debug_DLL|x64
		{BF6E0FF5-5886-4845-B21D-B82D631BEC00}.Debug_LIB|Win32.ActiveCfg = Debug_LIB|Win32
		{BF6E0FF5-5886-4845-B21D-B82D631BEC00}.Debug_LIB|Win32.Build.0 = Debug_LIB|Win32
		{BF6E0FF5-5886-4845-B21D-B82D631BEC00}.Debug_LIB|x64.ActiveCfg = Debug_LIB|x64
		{BF6E0FF5-5886-4845-B21D-B82D631BEC00}.Debug_LIB|x64.Build.0 = Debug_LIB|x64
		{BF6E0FF5-5886-4845-B21D-B82D631BEC00}.Release_DLL|Win32.ActiveCfg = Release_DLL|Win32
		{BF6E0FF5-5886-4845-B21D-B82D631BEC00}.Release_DLL|Win32.Build.0 = Release_DLL|Win32
		{BF6E0FF5-5886-4845-B21D-B82D631BEC00}.Release_DLL|x64.ActiveCfg = Release_DLL|x64
		{BF6E0FF5-5886-4845-B21D-B82D631BEC00}.Release_DLL|x64.Build.0 = Release_DLL|x64
		{BF6E0FF5-5886-4845-B21D-B82D631BEC00}.Release_LIB|Win32.ActiveCfg = Release_LIB|Win32
		{BF6E0FF5-5886-4845-B21D-B82D631BEC00}.Release_LIB|Win32.Build.0 = Release_LIB|Win32
		{BF6E0FF5-5886-4845-B21D-B82D631BEC00}.Release_LIB|x64.ActiveCfg = Release_LIB|x64
		{BF6E0FF5-5886-4845-B21D-B82D631BEC00}.Release_LIB|x64.Build.0 = Release_LIB|x64
		{57CD7F0E-D3C6-4914-83AE-315BA04EA555}.Debug_DLL|Win32.ActiveCfg = Debug_DLL|Win32
		{57CD7F0E-D3C6-4914-83AE-315BA04EA555}.Debug_DLL|Win32.Build.0 = Debug_DLL|Win32
		{57CD7F0E-D3C6-4914-83AE-315BA04EA555}.Debug_DLL|x64.ActiveCfg = Debug_DLL|x64
		{57CD7F0E-D3C6-4914-83AE-315BA04EA555}.Debug_DLL|x64.Build.0 = Debug_DLL|x64
		{57CD7F0E-D3C6-4914-83AE-315BA04EA555}.Debug_LIB|Win32.ActiveCfg = Debug_LIB|Win32
		{57CD7F0E-D3C6-4914-83AE-315BA04EA555}.Debug_LIB|Win32.Build.0 = Debug_LIB|Win32
		{57CD7F0E-D3C6-4914-83AE-315BA04EA555}.Debug_LIB|x64.ActiveCfg = Debug_LIB|x64
		{57CD7F0E-D3C6-4914-83AE-315BA04EA555}.Debug_LIB|x64.Build.0 = Debug_LIB|x64
		{57CD7F0E-D3C6-4914-83AE-315BA04EA555}.Release_DLL|Win32.ActiveCfg = Release_DLL|Win32
		{57CD7F0E-D3C6-4914-83AE-315BA04EA555}.Release_DLL|Win32.Build.0 = Release_DLL|Win32
		{57CD7F0E-D3C6-4914-83AE-315BA04EA555}.Release_DLL|x64.ActiveCfg = Release_DLL|x64
		{57CD7F0E-D3C6-4914-83AE-315BA04EA555}.Release_DLL|x64.Build.0 = Release_DLL|x64
		{57CD7F0E-D3C6-4914-83AE-315BA04EA555}.Release_LIB|Win32.ActiveCfg = Release_LIB|Win32
		{57CD7F0E-D3C6-4914-83AE-315BA04EA555}.Release_LIB|Win32.Build.0 = Release_LIB|Win32
		{57CD7F0E-D3C6-4914-83AE-315BA04EA555}.Release_LIB|x64.ActiveCfg = Release_LIB|x64
		{57CD7F0E-D3C6-4914-83AE-315BA04EA555}.Release_LIB|x64.Build.0 = Release_LIB|x64
		{B483CDC5-37FA-4580-861C-AE28E823781B}.Debug_DLL|Win32.ActiveCfg = Debug_DLL|Win32
		{B483CDC5-37FA-4580-861C-AE28E823781B}.Debug_DLL|Win32.Build.0 = Debug_DLL|Win32
		{B483CDC5-37FA-4580-861C-AE28E823781B}.Debug_DLL|x64.ActiveCfg = Debug_DLL|x64
		{B483CDC5-37FA-4580-861C-AE28E823781B}.Debug_DLL|x64.Build.0 = Debug_DLL|x64
		{B483CDC5-37FA-4580-861C-AE28E823781B}.Debug_LIB|Win32.ActiveCfg = Debug_LIB|Win32
		{B483CDC5-37FA-4580-861C-AE28E823781B}.Debug_LIB|Win32.Build.0 = Debug_LIB|Win32
		{B483CDC5-37FA-4580-861C-AE28E823781B}.Debug_LIB|x64.ActiveCfg = Debug_LIB|x64
		{B483CDC5-37FA-4580-861C-AE28E823781B}.Debug_LIB|x64.Build.0 = Debug_LIB|x64
		{B483CDC5-37FA-4580-861C-AE28E823781B}.Release_DLL|Win32.ActiveCfg = Release_DLL|Win32
		{B483CDC5-37FA-4580-861C-AE28E823781B}.Release_DLL|Win32.Build.0 = Release_DLL|Win32
		{B483CDC5-37FA-4580-861C-AE28E823781B}.Release_DLL|x64.ActiveCfg = Release_DLL|x64
		{B483CDC5-37FA-4580-861C-AE28E823781B}.Release_DLL|x64.Build.0 = Release_DLL|x64
		{B483CDC5-37FA-4580-861C-AE28E823781B}.Release_LIB|Win32.ActiveCfg = Release_LIB|Win32
		{B483CDC5-37FA-4580-861C-AE28E823781B}.Release_LIB|Win32.Build.0 = Release_LIB|Win32
		{B483CDC5-37FA-4580-861C-AE28E823781B}.Release_LIB|x64.ActiveCfg = Release_LIB|x64
		{B483CDC5-37FA-4580-861C-AE28E823781B}.Release_LIB|x64.Build.0 = Release_LIB|x64
		{D8CE3982-3E41-47A0-9F32-138728B45B6D}.Debug_DLL|Win32.ActiveCfg = Debug_DLL|Win32
		{D8CE3982-3E41-47A0-9F32-138728B45B6D}.Debug_DLL|Win32.Build.0 = Debug_DLL|Win32
		{D8CE3982-3E41-47A0-9F32-138728B45B6D}.Debug_DLL|x64.ActiveCfg = Debug_DLL|x64
		{D8CE3982-3E41-47A0-9F32-138728B45B6D}.Debug_DLL|x64.Build.0 = Debug_DLL|x64
		{D8CE3982-3E41-47A0-9F32-138728B45B6D}.Debug_LIB|Win32.ActiveCfg = Debug_LIB|Win32
		{D8CE3982-3E41-47A0-9F32-138728B45B6D}.Debug_LIB|Win32.Build.0 = Debug_LIB|Win32
		{D8CE3982-3E41-47A0-9F32-138728B45B6D}.Debug_LIB|x64.ActiveCfg = Debug_LIB|x64
		{D8CE3982-3E41-47A0-9F32-138728B45B6D}.Debug_LIB|x64.Build.0 = Debug_LIB|x64
		{D8CE3982-3E41-47A0-9F32-138728B45B6D}.Release_DLL|Win32.ActiveCfg = Release_DLL|Win32
		{D8CE3982-3E41-47A0-9F32-138728B45B6D}.Release_DLL|Win32.Build.0 = Release_DLL|Win32
		{D8CE3982-3E41-47A0-9F32-138728B45B6D}.Release_DLL|x64.ActiveCfg = Release_DLL|x64
		{D8CE3982-3E41-47A0-9F32-138728B45B6D}.Release_DLL|x64.Build.0 = Release_DLL|x64
		{D8CE3982-3E41-47A0-9F32-138728B45B6D}.Release_LIB|Win32.ActiveCfg = Release_LIB|Win32
		{D8CE3982-3E41-47A0-9F32-138728B45B6D}.Release_LIB|Win32.Build.0 = Release_LIB|Win32
		{D8CE3982-3E41-47A0-9F32-138728B45B6D}.Release_LIB|x64.ActiveCfg = Release_LIB|x64
		{D8CE3982-3E41-47A0-9F32-138728B45B6D}.Release_LIB|x64.Build.0 = Release_LIB|x64
		{8B797ED0-1330-469E-99C8-6D6669921412}.Debug_DLL|Win32.ActiveCfg = Debug_DLL|Win32
		{8B797ED0-1330-469E-99C8-6D6669921412}.Debug_DLL|Win32.Build.0 = Debug_DLL|Win32
		{8B797ED0-1330-469E-99C8-6D6669921412}.Debug_DLL|x64.ActiveCfg = Debug_DLL|x64
		{8B797ED0-1330-469E-99C8-6D6669921412}.Debug_DLL|x64.Build.0 = Debug_DLL|x64
		{8B797ED0-1330-469E-99C8-6D6669921412}.Debug_LIB|Win32.ActiveCfg = Debug_LIB|Win32
		{8B797ED0-1330-469E-99C8-6D6669921412}.Debug_LIB|Win32.Build.0 = Debug_LIB|Win32
		{8B797ED0-1330-469E-99C8-6D6669921412}.Debug_LIB|x64.ActiveCfg = Debug_LIB|x64
		{8B797ED0-1330-469E-99C8-6D6669921412}.Debug_LIB|x64.Build.0 = Debug_LIB|x64
		{8B797ED0-1330-469E-99C8-6D6669921412}.Release_DLL|Win32.ActiveCfg = Release_DLL|Win32
		{8B797ED0-1330-469E-99C8-6D6669921412}.Release_DLL|Win32.Build.0 = Release_DLL|Win32
		{8B797ED0-1330-469E-99C8-6D6669921412}.Release_DLL|x64.ActiveCfg = Release_DLL|x64
		{8B797ED0-1330-469E-99C8-6D6669921412}.Release_DLL|x64.Build.0 = Release_DLL|x64
		{8B797ED0-1330-469E-99C8-6D6669921412}.Release_LIB|Win32.ActiveCfg = Release_LIB|Win32
		{8B797ED0-1330-469E-99C8-6D6669921412}.Release_LIB|Win32.Build.0 = Release_LIB|Win32
		{8B797ED0-1330-469E-99C8-6D6669921412}.Release_LIB|x64.ActiveCfg = Release_LIB|x64
		{8B797ED0-1330-469E-99C8-6D6669921412}.Release_LIB|x64.Build.0 = Release_LIB|x64
		{E3C6D871-83EC-4F64-815A-AFD9E6B63EDA}.Debug_DLL|Win32.ActiveCfg = Debug_DLL|Win32
		{E3C6D871-83EC-4F64-815A-AFD9E6B63EDA}.Debug_DLL|Win32.Build.0 = Debug_DLL|Win32
		{E3C6D871-83EC-4F64-815A-AFD9E6B63EDA}.Debug_DLL|x64.ActiveCfg = Debug_DLL|x64
		{E3C6D871-83EC-4F64-815A-AFD9E6B63EDA}.Debug_DLL|x64.Build.0 = Debug_DLL|x64
		{E3C6D871-83EC-4F64-815A-AFD9E6B63EDA}.Debug_LIB|Win32.ActiveCfg = Debug_LIB|Win32
		{E3C6D871-83EC-4F64-815A-AFD9E6B63EDA}.Debug_LIB|Win32.Build.0 = Debug_LIB|Win32
		{E3C6D871-83EC-4F64-815A-AFD9E6B63EDA}.Debug_LIB|x64.ActiveCfg = Debug_LIB|x64
		{E3C6D871-83EC-4F64-815A-AFD9E6B63EDA}.Debug_LIB|x64.Build.0 = Debug_LIB|x64
		{E3C6D871-83EC-4F64-815A-AFD9E6B63EDA}.Release_DLL|Win32.ActiveCfg = Release_DLL|Win32
		{E3C6D871-83EC-4F64-815A-AFD9E6B63EDA}.Release_DLL|Win32.Build.0 = Release_DLL|Win32
		{E3C6D871-83EC-4F64-815A-AFD9E6B63EDA}.Release_DLL|x64.ActiveCfg = Release_DLL|x64
		{E3C6D871-83EC-4F64-815A-AFD9E6B63EDA}.Release_DLL|x64.Build.0 = Release_DLL|x64
		{E3C6D871-83EC-4F64-815A-AFD9E6B63EDA}.Release_LIB|Win32.ActiveCfg = Release_LIB|Win32
		{E3C6D871-83EC-4F64-815A-AFD9E6B63EDA}.Release_LIB|Win32.Build.0 = Release_LIB|Win32
		{E3C6D871-83EC-4F64-815A-AFD9E6B63EDA}.Release_LIB|x64.ActiveCfg = Release_LIB|x64
		{E3C6D871-83EC-4F64-815A-AFD9E6B63EDA}.Release_LIB|x64.Build.0 = Release_LIB|x64
		{D5B667D9-4A72-4CCB-AAF6-8BA2C433EDD6}.Debug_DLL|Win32.ActiveCfg = Debug_DLL|Win32
		{D5B667D9-4A72-4CCB-AAF6-8BA2C433EDD6}.Debug_DLL|Win32.Build.0 = Debug_DLL|Win32
		{D5B667D9-4A72-4CCB-AAF6-8BA2C433EDD6}.Debug_DLL|x64.ActiveCfg = Debug_DLL|x64
		{D5B667D9-4A72-4CCB-AAF6-8BA2C433EDD6}.Debug_DLL|x64.Build.0 = Debug_DLL|x64
		{D5B667D9-4A72-4CCB-AAF6-8BA2C433EDD6}.Debug_LIB|Win32.ActiveCfg = Debug_LIB|Win32
		{D5B667D9-4A72-4CCB-AAF6-8BA2C433EDD6}.Debug_LIB|Win32.Build.0 = Debug_LIB|Win32
		{D5B667D9-4A72-4CCB-AAF6-8BA2C433EDD6}.Debug_LIB|x64.ActiveCfg = Debug_LIB|x64
		{D5B667D9-4A72-4CCB-AAF6-8BA2C433EDD6}.Debug_LIB|x64.Build.0 = Debug_LIB|x64
		{D5B667D9-4A72-4CCB-AAF6-8BA2C433EDD6}.Release_DLL|Win32.ActiveCfg = Release_DLL|Win32
		{D5B667D9-4A72-4CCB-AAF6-8BA2C433EDD6}.Release_DLL|Win32.Build.0 = Release_DLL|Win32
		{D5B667D9-4A72-4CCB-AAF6-8BA2C433EDD6}.Release_DLL|x64.ActiveCfg = Release_DLL|x64
		{D5B667D9-4A72-4CCB-AAF6-8BA2C433EDD6}.Release_DLL|x64.Build.0 = Release_DLL|x64
		{D5B667D9-4A72-4CCB-AAF6-8BA2C433EDD6}.Release_LIB|Win32.ActiveCfg = Release_LIB|Win32
		{D5B667D9-4A72-4CCB-AAF6-8BA2C433EDD6}.Release_LIB|Win32.Build.0 = Release_LIB|Win32
		{D5B667D9-4A72-4CCB-AAF6-8BA2C433EDD6}.Release_LIB|x64.ActiveCfg = Release_LIB|x64
		{D5B667D9-4A72-4CCB-AAF6-8BA2C433EDD6}.Release_LIB|x64.Build.0 = Release_LIB|x64
		{C4C77088-9772-4F2C-898B-653ACB53B11A}.Debug_DLL|Win32.ActiveCfg = Debug_DLL|Win32
		{C4C77088-9772-4F2C-898B-653ACB53B11A}.Debug_DLL|Win32.Build.0 = Debug_DLL|Win32
		{C4C77088-9772-4F2C-898B-653ACB53B11A}.Debug_DLL|x64.ActiveCfg = Debug_DLL|x64
		{C4C77088-9772-4F2C-898B-653ACB53B11A}.Debug_DLL|x64.Build.0 = Debug_DLL|x64
		{C4C77088-9772-4F2C-898B-653ACB53B11A}.Debug_LIB|Win32.ActiveCfg = Debug_LIB|Win32
		{C4C77088-9772-4F2C-898B-653ACB53B11A}.Debug_LIB|Win32.Build.0 = Debug_LIB|Win32
		{C4C77088-9772-4F2C-898B-653ACB53B11A}.Debug_LIB|x64.ActiveCfg = Debug_LIB|x64
		{C4C77088-9772-4F2C-898B-653ACB53B11A}.Debug_LIB|x64.Build.0 = Debug_LIB|x64
		{C4C77088-9772-4F2C-898B-653ACB53B11A}.Release_DLL|Win32.ActiveCfg = Release_DLL|Win32
		{C4C77088-9772-4F2C-898B-653ACB53B11A}.Release_DLL|Win32.Build.0 = Release_DLL|Win32
		{C4C77088-9772-4F2C-898B-653ACB53B11A}.Release_DLL|x64.ActiveCfg = Release_DLL|x64
		{C4C77088-9772-4F2C-898B-653ACB53B11A}.Release_DLL|x64.Build.0 = Release_DLL|x64
		{C4C77088-9772-4F2C-898B-653ACB53B11A}.Release_LIB|Win32.ActiveCfg = Release_LIB|Win32
		{C4C77088-9772-4F2C-898B-653ACB53B11A}.Release_LIB|Win32.Build.0 = Release_LIB|Win32
		{C4C77088-9772-4F2C-898B-653ACB53B11A}.Release_LIB|x64.ActiveCfg = Release_LIB|x64
		{C4C77088-9772-4F2C-898B-653ACB53B11A}.Release_LIB|x64.Build.0 = Release_LIB|x64
		{77CBC12C-AE16-40EF-A286-A61535F45A99}.Debug_DLL|Win32.ActiveCfg = Debug_DLL|Win32
		{77CBC12C-AE16-40EF-A286-A61535F45A99}.Debug_DLL|Win32.Build.0 = Debug_DLL|Win32
		{77CBC12C-AE16-40EF-A286-A61535F45A99}.Debug_DLL|x64.ActiveCfg = Debug_DLL|x64
		{77CBC12C-AE16-40EF-A286-A61535F45A99}.Debug_DLL|x64.Build.0 = Debug_DLL|x64
		{77CBC12C-AE16-40EF-A286-A61535F45A99}.Debug_LIB|Win32.ActiveCfg = Debug_LIB|Win32
		{77CBC12C-AE16-40EF-A286-A61535F45A99}.Debug_LIB|Win32.Build.0 = Debug_LIB|Win32
		{77CBC12C-AE16-40EF-A286-A61535F45A99}.Debug_LIB|x64.ActiveCfg = Debug_LIB|x64
		{77CBC12C-AE16-40EF-A286-A61535F45A99}.Debug_LIB|x64.Build.0 = Debug_LIB|x64
		{77CBC12C-AE16-40EF-A286-A61535F45A99}.Release_DLL|Win32.ActiveCfg = Release_DLL|Win32
		{77CBC12C-AE16-40EF-A286-A61535F45A99}.Release_DLL|Win32.Build.0 = Release_DLL|Win32
		{77CBC12C-AE16-40EF-A286-A61535F45A99}.Release_DLL|x64.ActiveCfg = Release_DLL|x64
		{77CBC12C-AE16-40EF-A286-A61535F45A99}.Release_DLL|x64.Build.0 = Release_DLL|x64
		{77CBC12C-AE16-40EF-A286-A61535F45A99}.Release_LIB|Win32.ActiveCfg = Release_LIB|Win32
		{77CBC12C-AE16-40EF-A286-A61535F45A99}.Release_LIB|Win32.Build.0 = Release_LIB|Win32
		{77CBC12C-AE16-40EF-A286-A61535F45A99}.Release_LIB|x64.ActiveCfg = Release_LIB|x64
		{77CBC12C-AE16-40EF-A286-A61535F45A99}.Release_LIB|x64.Build.0 = Release_LIB|x64
		{98DFF6EA-747C-4964-A11F-7ABB34B314F4}.Debug_DLL|Win32.ActiveCfg = Debug_DLL|Win32
		{98DFF6EA-747C-4964-A11F-7ABB34B314F4}.Debug_DLL|Win32.Build.0 = Debug_DLL|Win32
		{98DFF6EA-747C-4964-A11F-7ABB34B314F4}.Debug_DLL|x64.ActiveCfg = Debug_DLL|x64
		{98DFF6EA-747C-4964-A11F-7ABB34B314F4}.Debug_DLL|x64.Build.0 = Debug_DLL|x64
		{98DFF6EA-747C-4964-A11F-7ABB34B314F4}.Debug_LIB|Win32.ActiveCfg = Debug_LIB|Win32
		{98DFF6EA-747C-4964-A11F-7ABB34B314F4}.Debug_LIB|Win32.Build.0 = Debug_LIB|Win32
		{98DFF6EA-747C-4964-A11F-7ABB34B314F4}.Debug_LIB|x64.ActiveCfg = Debug_LIB|x64
		{98DFF6EA-747C-4964-A11F-7ABB34B314F4}.Debug_LIB|x64.Build.0 = Debug_LIB|x64
		{98DFF6EA-747C-4964-A11F-7ABB34B314F4}.Release_DLL|Win32.ActiveCfg = Release_DLL|Win32
		{98DFF6EA-747C-4964-A11F-7ABB34B314F4}.Release_DLL|Win32.Build.0 = Release_DLL|Win32
		{98DFF6EA-747C-4964-A11F-7ABB34B314F4}.Release_DLL|x64.ActiveCfg = Release_DLL|x64
		{98DFF6EA-747C-4964-A11F-7ABB34B314F4}.Release_DLL|x64.Build.0 = Release_DLL|x64
		{98DFF6EA-747C-4964-A11F-7ABB34B314F4}.Release_LIB|Win32.ActiveCfg = Release_LIB|Win32
		{98DFF6EA-747C-4964-A11F-7ABB34B314F4}.Release_LIB|Win32.Build.0 = Release_LIB|Win32
		{98DFF6EA-747C-4964-A11F-7ABB34B314F4}.Release_LIB|x64.ActiveCfg = Release_LIB|x64
		{98DFF6EA-747C-4964-A11F-7ABB34B314F4}.Release_LIB|x64.Build.0 = Release_LIB|x64
		{A1C1777E-50D2-47DC-91BB-3B328362214A}.Debug_DLL|Win32.ActiveCfg = Debug_DLL|Win32
		{A1C1777E-50D2-47DC-91BB-3B328362214A}.Debug_DLL|Win32.Build.0 = Debug_DLL|Win32
		{A1C1777E-50D2-47DC-91BB-3B328362214A}.Debug_DLL|x64.ActiveCfg = Debug_DLL|x64
		{A1C1777E-50D2-47DC-91BB-3B328362214A}.Debug_DLL|x64.Build.0 = Debug_DLL|x64
		{A1C1777E-50D2-47DC-91BB-3B328362214A}.Debug_LIB|Win32.ActiveCfg = Debug_LIB|Win32
		{A1C1777E-50D2-47DC-91BB-3B328362214A}.Debug_LIB|Win32.Build.0 = Debug_LIB|Win32
		{A1C1777E-50D2-47DC-91BB-3B328362214A}.Debug_LIB|x64.ActiveCfg = Debug_LIB|x64
		{A1C1777E-50D2-47DC-91BB-3B328362214A}.Debug_LIB|x64.Build.0 = Debug_LIB|x64
		{A1C1777E-50D2-47DC-91BB-3B328362214A}.Release_DLL|Win32.ActiveCfg = Release_DLL|Win32
		{A1C1777E-50D2-47DC-91BB-3B328362214A}.Release_DLL|Win32.Build.0 = Release_DLL|Win32
		{A1C1777E-50D2-47DC-91BB-3B328362214A}.Release_DLL|x64.ActiveCfg = Release_DLL|x64
		{A1C1777E-50D2-47DC-91BB-3B328362214A}.Release_DLL|x64.Build.0 = Release_DLL|x64
		{A1C1777E-50D2-47DC-91BB-3B328362214A}.Release_LIB|Win32.ActiveCfg = Release_LIB|Win32
		{A1C1777E-50D2-47DC-91BB-3B328362214A}.Release_LIB|Win32.Build.0 = Release_LIB|Win32
		{A1C1777E-50D2-47DC-91BB-3B328362214A}.Release_LIB|x64.ActiveCfg = Release_LIB|x64
		{A1C1777E-50D2-47DC-91BB-3B328362214A}.Release_LIB|x64.Build.0 = Release_LIB|x64
		{C9C70B97-BFAF-412C-887A-5B1E19181433}.Debug_DLL|Win32.ActiveCfg = Debug_DLL|Win32
		{C9C70B97-BFAF-412C-887A-5B1E19181433}.Debug_DLL|Win32.Build.0 = Debug_DLL|Win32
		{C9C70B97-BFAF-412C-887A-5B1E19181433}.Debug_DLL|x64.ActiveCfg = Debug_DLL|x64
		{C9C70B97-BFAF-412C-887A-5B1E19181433}.Debug_DLL|x64.Build.0 = Debug_DLL|x64
		{C9C70B97-BFAF-412C-887A-5B1E19181433}.Debug_LIB|Win32.ActiveCfg = Debug_LIB|Win32
		{C9C70B97-BFAF-412C-887A-5B1E19181433}.Debug_LIB|Win32.Build.0 = Debug_LIB|Win32
		{C9C70B97-BFAF-412C-887A-5B1E19181433}.Debug_LIB|x64.ActiveCfg = Debug_LIB|x64
		{C9C70B97-BFAF-412C-887A-5B1E19181433}.Debug_LIB|x64.Build.0 = Debug_LIB|x64
		{C9C70B97-BFAF-412C-887A-5B1E19181433}.Release_DLL|Win32.ActiveCfg = Release_DLL|Win32
		{C9C70B97-BFAF-412C-887A-5B1E19181433}.Release_DLL|Win32.Build.0 = Release_DLL|Win32
		{C9C70B97-BFAF-412C-887A-5B1E19181433}.Release_DLL|x64.ActiveCfg = Release_DLL|x64
		{C9C70B97-BFAF-412C-887A-5B1E19181433}.Release_DLL|x64.Build.0 = Release_DLL|x64
		{C9C70B97-BFAF-412C-887A-5B1E19181433}.Release_LIB|Win32.ActiveCfg = Release_LIB|Win32
		{C9C70B97-BFAF-412C-887A-5B1E19181433}.Release_LIB|Win32.Build.0 = Release_LIB|Win32
		{C9C70B97-BFAF-412C-887A-5B1E19181433}.Release_LIB|x64.ActiveCfg = Release_LIB|x64
		{C9C70B97-BFAF-412C-887A-5B1E19181433}.Release_LIB|x64.Build.0 = Release_LIB|x64
		{39A57A7C-0399-40D5-BF95-2940FC941E4D}.Debug_DLL|Win32.ActiveCfg = Debug_DLL|Win32
		{39A57A7C-0399-40D5-BF95-2940FC941E4D}.Debug_DLL|Win32.Build.0 = Debug_DLL|Win32
		{39A57A7C-0399-40D5-BF95-2940FC941E4D}.Debug_DLL|x64.ActiveCfg = Debug_DLL|x64
		{39A57A7C-0399-40D5-BF95-2940FC941E4D}.Debug_DLL|x64.Build.0 = Debug_DLL|x64
		{39A57A7C-0399-40D5-BF95-2940FC941E4D}.Debug_LIB|Win32.ActiveCfg = Debug_LIB|Win32
		{39A57A7C-0399-40D5-BF95-2940FC941E4D}.Debug_LIB|Win32.Build.0 = Debug_LIB|Win32
		{39A57A7C-0399-40D5-BF95-2940FC941E4D}.Debug_LIB|x64.ActiveCfg = Debug_LIB|x64
		{39A57A7C-0399-40D5-BF95-2940FC941E4D}.Debug_LIB|x64.Build.0 = Debug_LIB|x64
		{39A57A7C-0399-40D5-BF95-2940FC941E4D}.Release_DLL|Win32.ActiveCfg = Release_DLL|Win32
		{39A57A7C-0399-40D5-BF95-2940FC941E4D}.Release_DLL|Win32.Build.0 = Release_DLL|Win32
		{39A57A7C-0399-40D5-BF95-2940FC941E4D}.Release_DLL|x64.ActiveCfg = Release_DLL|x64
		{39A57A7C-0399-40D5-BF95-2940FC941E4D}.Release_DLL|x64.Build.0 = Release_DLL|x64
		{39A57A7C-0399-40D5-BF95-2940FC941E4D}.Release_LIB|Win32.ActiveCfg = Release_LIB|Win32
		{39A57A7C-0399-40D5-BF95-2940FC941E4D}.Release_LIB|Win32.Build.0 = Release_LIB|Win32
		{39A57A7C-0399-40D5-BF95-2940FC941E4D}.Release_LIB|x64.ActiveCfg = Release_LIB|x64
		{39A57A7C-0399-40D5-BF95-2940FC941E4D}.Release_LIB|x64.Build.0 = Release_LIB|x64
		{575A12DD-9181-465B-B0E1-C3BF5B3D9171}.Debug_DLL|Win32.ActiveCfg = Debug_DLL|Win32
		{575A12DD-9181-465B-B0E1-C3BF5B3D9171}.Debug_DLL|Win32.Build.0 = Debug_DLL|Win32
		{575A12DD-9181-465B-B0E1-C3BF5B3D9171}.Debug_DLL|x64.ActiveCfg = Debug_DLL|x64
		{575A12DD-9181-465B-B0E1-C3BF5B3D9171}.Debug_DLL|x64.Build.0 = Debug_DLL|x64
		{575A12DD-9181-465B-B0E1-C3BF5B3D9171}.Debug_LIB|Win32.ActiveCfg = Debug_LIB|Win32
		{575A12DD-9181-465B-B0E1-C3BF5B3D9171}.Debug_LIB|Win32.Build.0 = Debug_LIB|Win32
		{575A12DD-9181-465B-B0E1-C3BF5B3D9171}.Debug_LIB|x64.ActiveCfg = Debug_LIB|x64
		{575A12DD-9181-465B-B0E1-C3BF5B3D9171}.Debug_LIB|x64.Build.0 = Debug_LIB|x64
		{575A12DD-9181-465B-B0E1-C3BF5B3D9171}.Release_DLL|Win32.ActiveCfg = Release_DLL|Win32
		{575A12DD-9181-465B-B0E1-C3BF5B3D9171}.Release_DLL|Win32.Build.0 = Release_DLL|Win32
		{575A12DD-9181-465B-B0E1-C3BF5B3D9171}.Release_DLL|x64.ActiveCfg = Release_DLL|x64
		{575A12DD-9181-465B-B0E1-C3BF5B3D9171}.Release_DLL|x64.Build.0 = Release_DLL|x64
		{575A12DD-9181-465B-B0E1-C3BF5B3D9171}.Release_LIB|Win32.ActiveCfg = Release_LIB|Win32
		{575A12DD-9181-465B-B0E1-C3BF5B3D9171}.Release_LIB|Win32.Build.0 = Release_LIB|Win32
		{575A12DD-9181-465B-B0E1-C3BF5B3D9171}.Release_LIB|x64.ActiveCfg = Release_LIB|x64
		{575A12DD-9181-465B-B0E1-C3BF5B3D9171}.Release_LIB|x64.Build.0 = Release_LIB|x64
		{98D6B430-C1E3-47D6-AECB-846A7EE2D938}.Debug_DLL|Win32.ActiveCfg = Debug_DLL|Win32
		{98D6B430-C1E3-47D6-AECB-846A7EE2D938}.Debug_DLL|Win32.Build.0 = Debug_DLL|Win32
		{98D6B430-C1E3-47D6-AECB-846A7EE2D938}.Debug_DLL|x64.ActiveCfg = Debug_DLL|x64
		{98D6B430-C1E3-47D6-AECB-846A7EE2D938}.Debug_DLL|x64.Build.0 = Debug_DLL|x64
		{98D6B430-C1E3-47D6-AECB-846A7EE2D938}.Debug_LIB|Win32.ActiveCfg = Debug_LIB|Win32
		{98D6B430-C1E3-47D6-AECB-846A7EE2D938}.Debug_LIB|Win32.Build.0 = Debug_LIB|Win32
		{98D6B430-C1E3-47D6-AECB-846A7EE2D938}.Debug_LIB|x64.ActiveCfg = Debug_LIB|x64
		{98D6B430-C1E3-47D6-AECB-846A7EE2D938}.Debug_LIB|x64.Build.0 = Debug_LIB|x64
		{98D6B430-C1E3-47D6-AECB-846A7EE2D938}.Release_DLL|Win32.ActiveCfg = Release_DLL|Win32
		{98D6B430-C1E3-47D6-AECB-846A7EE2D938}.Release_DLL|Win32.Build.0 = Release_DLL|Win32
		{98D6B430-C1E3-47D6-AECB-846A7EE2D938}.Release_DLL|x64.ActiveCfg = Release_DLL|x64
		{98D6B430-C1E3-47D6-AECB-846A7EE2D938}.Release_DLL|x64.Build.0 = Release_DLL|x64
		{98D6B430-C1E3-47D6-AECB-846A7EE2D938}.Release_LIB|Win32.ActiveCfg = Release_LIB|Win32
		{98D6B430-C1E3-47D6-AECB-846A7EE2D938}.Release_LIB|Win32.Build.0 = Release_LIB|Win32
		{98D6B430-C1E3-47D6-AECB-846A7EE2D938}.Release_LIB|x64.ActiveCfg = Release_LIB|x64
		{98D6B430-C1E3-47D6-AECB-846A7EE2D938}.Release_LIB|x64.Build.0 = Release_LIB|x64
		{704A182E-FAEA-4E59-B5F4-9DC799F4556A}.Debug_DLL|Win32.ActiveCfg = Debug_DLL|Win32
		{704A182E-FAEA-4E59-B5F4-9DC799F4556A}.Debug_DLL|Win32.Build.0 = Debug_DLL|Win32
		{704A182E-FAEA-4E59-B5F4-9DC799F4556A}.Debug_DLL|x64.ActiveCfg = Debug_DLL|x64
		{704A182E-FAEA-4E59-B5F4-9DC799F4556A}.Debug_DLL|x64.Build.0 = Debug_DLL|x64
		{704A182E-FAEA-4E59-B5F4-9DC799F4556A}.Debug_LIB|Win32.ActiveCfg = Debug_LIB|Win32
		{704A182E-FAEA-4E59-B5F4-9DC799F4556A}.Debug_LIB|Win32.Build.0 = Debug_LIB|Win32
		{704A182E-FAEA-4E59-B5F4-9DC799F4556A}.Debug_LIB|x64.ActiveCfg = Debug_LIB|x64
		{704A182E-FAEA-4E59-B5F4-9DC799F4556A}.Debug_LIB|x64.Build.0 = Debug_LIB|x64
		{704A182E-FAEA-4E59-B5F4-9DC799F4556A}.Release_DLL|Win32.ActiveCfg = Release_DLL|Win32
		{704A182E-FAEA-4E59-B5F4-9DC799F4556A}.Release_DLL|Win32.Build.0 = Release_DLL|Win32
		{704A182E-FAEA-4E59-B5F4-9DC799F4556A}.Release_DLL|x64.ActiveCfg = Release_DLL|x64
		{704A182E-FAEA-4E59-B5F4-9DC799F4556A}.Release_DLL|x64.Build.0 = Release_DLL|x64
		{704A182E-FAEA-4E59-B5F4-9DC799F4556A}.Release_LIB|Win32.ActiveCfg = Release_LIB|Win32
		{704A182E-FAEA-4E59-B5F4-9DC799F4556A}.Release_LIB|Win32.Build.0 = Release_LIB|Win32
		{704A182E-FAEA-4E59-B5F4-9DC799F4556A}.Release_LIB|x64.ActiveCfg = Release_LIB|x64
		{704A182E-FAEA-4E59-B5F4-9DC799F4556A}.Release_LIB|x64.Build.0 = Release_LIB|x64
		{BC5F994E-1BFE-4C94-BF8D-86077EF84ED7}.Debug_DLL|Win32.ActiveCfg = Debug_DLL|Win32
		{BC5F994E-1BFE-4C94-BF8D-86077EF84ED7}.Debug_DLL|Win32.Build.0 = Debug_DLL|Win32
		{BC5F994E-1BFE-4C94-BF8D-86077EF84ED7}.Debug_DLL|x64.ActiveCfg = Debug_DLL|x64
		{BC5F994E-1BFE-4C94-BF8D-86077EF84ED7}.Debug_DLL|x64.Build.0 = Debug_DLL|x64
		{BC5F994E-1BFE-4C94-BF8D-86077EF84ED7}.Debug_LIB|Win32.ActiveCfg = Debug_LIB|Win32
		{BC5F994E-1BFE-4C94-BF8D-86077EF84ED7}.Debug_LIB|Win32.Build.0 = Debug_LIB|Win32
		{BC5F994E-1BFE-4C94-BF8D-86077EF84ED7}.Debug_LIB|x64.ActiveCfg = Debug_LIB|x64
		{BC5F994E-1BFE-4C94-BF8D-86077EF84ED7}.Debug_LIB|x64.Build.0 = Debug_LIB|x64
		{BC5F994E-1BFE-4C94-BF8D-86077EF84ED7}.Release_DLL|Win32.ActiveCfg = Release_DLL|Win32
		{BC5F994E-1BFE-4C94-BF8D-86077EF84ED7}.Release_DLL|Win32.Build.0 = Release_DLL|Win32
		{BC5F994E-1BFE-4C94-BF8D-86077EF84ED7}.Release_DLL|x64.ActiveCfg = Release_DLL|x64
		{BC5F994E-1BFE-4C94-BF8D-86077EF84ED7}.Release_DLL|x64.Build.0 = Release_DLL|x64
		{BC5F994E-1BFE-4C94-BF8D-86077EF84ED7}.Release_LIB|Win32.ActiveCfg = Release_LIB|Win32
		{BC5F994E-1BFE-4C94-BF8D-86077EF84ED7}.Release_LIB|Win32.Build.0 = Release_LIB|Win32
		{BC5F994E-1BFE-4C94-BF8D-86077EF84ED7}.Release_LIB|x64.ActiveCfg = Release_LIB|x64
		{BC5F994E-1BFE-4C94-BF8D-86077EF84ED7}.Release_LIB|x64.Build.0 = Release_LIB|x64
		{EC5C161C-4177-49BD-BD1F-2BA6A05F03D4}.Debug_DLL|Win32.ActiveCfg = Debug_DLL|Win32
		{EC5C161C-4177-49BD-BD1F-2BA6A05F03D4}.Debug_DLL|Win32.Build.0 = Debug_DLL|Win32
		{EC5C161C-4177-49BD-BD1F-2BA6A05F03D4}.Debug_DLL|x64.ActiveCfg = Debug_DLL|x64
		{EC5C161C-4177-49BD-BD1F-2BA6A05F03D4}.Debug_DLL|x64.Build.0 = Debug_DLL|x64
		{EC5C161C-4177-49BD-BD1F-2BA6A05F03D4}.Debug_LIB|Win32.ActiveCfg = Debug_LIB|Win32
		{EC5C161C-4177-49BD-BD1F-2BA6A05F03D4}.Debug_LIB|Win32.Build.0 = Debug_LIB|Win32
		{EC5C161C-4177-49BD-BD1F-2BA6A05F03D4}.Debug_LIB|x64.ActiveCfg = Debug_LIB|x64
		{EC5C161C-4177-49BD-BD1F-2BA6A05F03D4}.Debug_LIB|x64.Build.0 = Debug_LIB|x64
		{EC5C161C-4177-49BD-BD1F-2BA6A05F03D4}.Release_DLL|Win32.ActiveCfg = Release_DLL|Win32
		{EC5C161C-4177-49BD-BD1F-2BA6A05F03D4}.Release_DLL|Win32.Build.0 = Release_DLL|Win32
		{EC5C161C-4177-49BD-BD1F-2BA6A05F03D4}.Release_DLL|x64.ActiveCfg = Release_DLL|x64
		{EC5C161C-4177-49BD-BD1F-2BA6A05F03D4}.Release_DLL|x64.Build.0 = Release_DLL|x64
		{EC5C161C-4177-49BD-BD1F-2BA6A05F03D4}.Release_LIB|Win32.ActiveCfg = Release_LIB|Win32
		{EC5C161C-4177-49BD-BD1F-2BA6A05F03D4}.Release_LIB|Win32.Build.0 = Release_LIB|Win32
		{EC5C161C-4177-49BD-BD1F-2BA6A05F03D4}.Release_LIB|x64.ActiveCfg = Release_LIB|x64
		{EC5C161C-4177-49BD-BD1F-2BA6A05F03D4}.Release_LIB|x64.Build.0 = Release_LIB|x64
	EndGlobalSection
	GlobalSection(SolutionProperties) = preSolution
		HideSolutionNode = FALSE
	EndGlobalSection
	GlobalSection(NestedProjects) = preSolution
		{F96E9D8C-5CA4-42F4-A6B0-A1E28779DE50} = {0419E814-81A1-4054-B88C-0AACD53CAAAB}
		{B4C01990-91CA-4F74-95B2-90F7286BCCF9} = {0419E814-81A1-4054-B88C-0AACD53CAAAB}
		{22DFB684-2F2B-4988-83A6-32378C9231B5} = {0419E814-81A1-4054-B88C-0AACD53CAAAB}
		{77F3BBCD-8410-428C-8C88-974E91240745} = {0419E814-81A1-4054-B88C-0AACD53CAAAB}
		{57214243-9EDA-4CA2-929E-A3BB43D471B0} = {0419E814-81A1-4054-B88C-0AACD53CAAAB}
		{CA2A648F-7A25-4E2E-A299-1F6F5CB1BA8B} = {0419E814-81A1-4054-B88C-0AACD53CAAAB}
		{AF70446C-3E93-42DF-9943-18DDCFA4991A} = {D772CB17-6D38-48F4-958E-6A721026C056}
		{40388928-DF89-4B74-ABD0-440569C51A20} = {AF70446C-3E93-42DF-9943-18DDCFA4991A}
		{665C7A29-60C1-447F-A897-42E68A96F6E3} = {AF70446C-3E93-42DF-9943-18DDCFA4991A}
		{72F51F37-2669-43E0-A166-04E8FD34B294} = {AF70446C-3E93-42DF-9943-18DDCFA4991A}
		{5499ACCB-903F-4F89-AAFA-C82E7AF7F132} = {AF70446C-3E93-42DF-9943-18DDCFA4991A}
		{06A4CD01-E81E-4372-A9D4-34C4F3C5ABEC} = {AF70446C-3E93-42DF-9943-18DDCFA4991A}
		{D915C7BF-E16C-446D-BB8F-26414F1C8F5B} = {40388928-DF89-4B74-ABD0-440569C51A20}
		{35E6ABA4-E192-497D-BA02-EFB79D1E0336} = {40388928-DF89-4B74-ABD0-440569C51A20}
		{CD897BA0-128B-4B9D-9BD0-1829E3EB91C6} = {40388928-DF89-4B74-ABD0-440569C51A20}
		{5F6323FF-CEEB-4AD8-BED3-A443E6F75546} = {D915C7BF-E16C-446D-BB8F-26414F1C8F5B}
		{B2DF808C-1DFB-40C9-8555-CB94D7B92C8F} = {665C7A29-60C1-447F-A897-42E68A96F6E3}
		{111D8975-EB90-4DBB-9639-0EA89A192999} = {665C7A29-60C1-447F-A897-42E68A96F6E3}
		{02CAF068-A7FC-463E-AA7E-72EEAF665826} = {B2DF808C-1DFB-40C9-8555-CB94D7B92C8F}
		{285B2DD5-B55E-4195-9B2D-F129CF54A2B4} = {CD897BA0-128B-4B9D-9BD0-1829E3EB91C6}
		{5CCE1C6A-2BD5-48BF-99E2-D29B58F91991} = {72F51F37-2669-43E0-A166-04E8FD34B294}
		{440C585D-AD66-4738-941C-A87A1817A9BE} = {5499ACCB-903F-4F89-AAFA-C82E7AF7F132}
		{3BE95765-EB5A-44D6-9369-A8759A2FAFDE} = {5499ACCB-903F-4F89-AAFA-C82E7AF7F132}
		{3B0E3542-CB89-4FFA-B004-EAC882B3F277} = {06A4CD01-E81E-4372-A9D4-34C4F3C5ABEC}
		{BA5F5A20-2C40-4066-AE19-9853DFF82EEE} = {06A4CD01-E81E-4372-A9D4-34C4F3C5ABEC}
		{5F8962DB-830E-42EA-8DEC-E87B958D532B} = {F96E9D8C-5CA4-42F4-A6B0-A1E28779DE50}
		{C3EA0FF7-6039-4884-BA91-7B4619BEFEA5} = {5F8962DB-830E-42EA-8DEC-E87B958D532B}
		{0DF29C1B-6C17-4D60-8B78-27FE8714DC11} = {BA5F5A20-2C40-4066-AE19-9853DFF82EEE}
		{08A4F5B9-442C-4AAC-9118-1163B28D0557} = {111D8975-EB90-4DBB-9639-0EA89A192999}
		{8DD5BDA7-D522-4199-94BE-892D5ECB3980} = {111D8975-EB90-4DBB-9639-0EA89A192999}
		{1D35FFAF-078A-4A9F-8F63-D62E9C7B3928} = {08A4F5B9-442C-4AAC-9118-1163B28D0557}
		{7DB032CE-8696-4D7A-8679-E8B486012AEC} = {8DD5BDA7-D522-4199-94BE-892D5ECB3980}
		{8CC25EE1-944A-4AA0-9A58-BEDE2BB3C86C} = {8DD5BDA7-D522-4199-94BE-892D5ECB3980}
		{3C906C28-3E5E-429A-9DC9-FADD47DB579E} = {8DD5BDA7-D522-4199-94BE-892D5ECB3980}
		{3D039C8A-8B8D-4408-B1F7-BF1878D50315} = {3BE95765-EB5A-44D6-9369-A8759A2FAFDE}
		{A26F1C8E-2B8E-4D85-8B4E-799905A7BB43} = {B4C01990-91CA-4F74-95B2-90F7286BCCF9}
		{0E746B6F-00AD-449C-9575-03AA410EB23A} = {B4C01990-91CA-4F74-95B2-90F7286BCCF9}
		{9E79E287-83E2-4322-A014-9ACA80A1A48C} = {B4C01990-91CA-4F74-95B2-90F7286BCCF9}
		{535DA8BE-A011-462E-8690-E066F4E9BF3F} = {A26F1C8E-2B8E-4D85-8B4E-799905A7BB43}
		{C6D31DE6-C1C3-4378-A005-34DED5D99E49} = {A26F1C8E-2B8E-4D85-8B4E-799905A7BB43}
		{A5236B14-0B52-4ED2-A1BF-8846FC73E5CF} = {535DA8BE-A011-462E-8690-E066F4E9BF3F}
		{7B41D864-863A-410A-8A50-6322BC88746D} = {A5236B14-0B52-4ED2-A1BF-8846FC73E5CF}
		{B113F023-4E72-48D0-9DE0-F6BFF5CAC62A} = {7B41D864-863A-410A-8A50-6322BC88746D}
		{A07A2021-121C-4C5C-8AEF-49E8006FF4B0} = {C6D31DE6-C1C3-4378-A005-34DED5D99E49}
		{661DDC1C-3156-48A2-80CD-605B81CCA86C} = {0E746B6F-00AD-449C-9575-03AA410EB23A}
		{944D37EB-CA44-4C68-928A-E669406F6EFD} = {0E746B6F-00AD-449C-9575-03AA410EB23A}
		{428F6F99-62EF-4478-8924-4B28B5813404} = {0E746B6F-00AD-449C-9575-03AA410EB23A}
		{97439278-DDB7-4684-B8AD-88EF3FE25108} = {0E746B6F-00AD-449C-9575-03AA410EB23A}
		{2506559D-409F-406E-99AE-4B54DAAD57B7} = {0E746B6F-00AD-449C-9575-03AA410EB23A}
		{7ED86CF4-02D8-4E11-9B8B-0454B502DAA0} = {661DDC1C-3156-48A2-80CD-605B81CCA86C}
		{70C08225-F674-4E79-A237-3B127EBFE97D} = {7ED86CF4-02D8-4E11-9B8B-0454B502DAA0}
		{B5013D28-E481-47D3-B52E-EEAA2DDCB241} = {7ED86CF4-02D8-4E11-9B8B-0454B502DAA0}
		{4257A106-41F3-43C7-9724-FA7478668A02} = {7ED86CF4-02D8-4E11-9B8B-0454B502DAA0}
		{48A241DB-089E-46A3-A4E0-F004DB022306} = {7ED86CF4-02D8-4E11-9B8B-0454B502DAA0}
		{3EE0FE30-35A4-48B8-AD13-F119F5299F35} = {7ED86CF4-02D8-4E11-9B8B-0454B502DAA0}
		{3B97ADD6-46C9-406B-ABAF-93D5F5EC5FC5} = {7ED86CF4-02D8-4E11-9B8B-0454B502DAA0}
		{82CEC2D8-02F6-40B3-A641-21088097A2FA} = {7ED86CF4-02D8-4E11-9B8B-0454B502DAA0}
		{A61EFD1A-FABB-43EC-BE6A-9D7F607158D7} = {7ED86CF4-02D8-4E11-9B8B-0454B502DAA0}
		{B9A2B380-209A-4DC7-B6B2-8719673BDD2E} = {7ED86CF4-02D8-4E11-9B8B-0454B502DAA0}
		{E16DD236-245C-4B58-9786-2484EDDB60EB} = {7ED86CF4-02D8-4E11-9B8B-0454B502DAA0}
		{6CB44AB4-5735-456A-9BDE-D2705C788C8A} = {7ED86CF4-02D8-4E11-9B8B-0454B502DAA0}
		{341B6BD2-DBA5-4FCB-B0FD-6344914E88CA} = {7ED86CF4-02D8-4E11-9B8B-0454B502DAA0}
		{D1B2AEAF-739D-4831-A43C-D6FB2045D9B8} = {7ED86CF4-02D8-4E11-9B8B-0454B502DAA0}
		{FF30867A-2FAC-4AE6-855E-A7B0C0BBEC6E} = {7ED86CF4-02D8-4E11-9B8B-0454B502DAA0}
		{F9B3E6C2-C70B-43CF-8381-AA97EA117044} = {7ED86CF4-02D8-4E11-9B8B-0454B502DAA0}
		{CB325354-3A04-4948-9E31-50A8754AA822} = {7ED86CF4-02D8-4E11-9B8B-0454B502DAA0}
		{2BEE02CB-BAE8-4B48-9D07-4D102A0827BD} = {70C08225-F674-4E79-A237-3B127EBFE97D}
		{DCFE05FB-91FA-4885-BE8C-E3F19D156AC3} = {B5013D28-E481-47D3-B52E-EEAA2DDCB241}
		{BB4263F7-6587-4D6B-9D8D-610072E7B119} = {4257A106-41F3-43C7-9724-FA7478668A02}
		{56ED8A40-51A5-49EF-BEE1-10A4EF0C11DF} = {48A241DB-089E-46A3-A4E0-F004DB022306}
		{8D4D1E05-54B0-4861-A657-3EEAFEFEBBE2} = {3EE0FE30-35A4-48B8-AD13-F119F5299F35}
		{E2B6D5E1-7383-4DCA-BA1C-05B8F2C44E4E} = {3B97ADD6-46C9-406B-ABAF-93D5F5EC5FC5}
		{8F881D50-14C0-4D6D-A47A-086C73BB7DA3} = {82CEC2D8-02F6-40B3-A641-21088097A2FA}
		{055517C9-0A16-49EB-938A-FF2CFF783B99} = {A61EFD1A-FABB-43EC-BE6A-9D7F607158D7}
		{BF6E0FF5-5886-4845-B21D-B82D631BEC00} = {B9A2B380-209A-4DC7-B6B2-8719673BDD2E}
		{57CD7F0E-D3C6-4914-83AE-315BA04EA555} = {E16DD236-245C-4B58-9786-2484EDDB60EB}
		{B483CDC5-37FA-4580-861C-AE28E823781B} = {6CB44AB4-5735-456A-9BDE-D2705C788C8A}
		{D8CE3982-3E41-47A0-9F32-138728B45B6D} = {341B6BD2-DBA5-4FCB-B0FD-6344914E88CA}
		{8B797ED0-1330-469E-99C8-6D6669921412} = {D1B2AEAF-739D-4831-A43C-D6FB2045D9B8}
		{E3C6D871-83EC-4F64-815A-AFD9E6B63EDA} = {FF30867A-2FAC-4AE6-855E-A7B0C0BBEC6E}
		{D5B667D9-4A72-4CCB-AAF6-8BA2C433EDD6} = {F9B3E6C2-C70B-43CF-8381-AA97EA117044}
		{C4C77088-9772-4F2C-898B-653ACB53B11A} = {CB325354-3A04-4948-9E31-50A8754AA822}
		{5AC8D97E-E50B-4280-B7AB-541A6725A26E} = {9E79E287-83E2-4322-A014-9ACA80A1A48C}
		{77CBC12C-AE16-40EF-A286-A61535F45A99} = {5AC8D97E-E50B-4280-B7AB-541A6725A26E}
		{E2C160E0-B9FF-4E8E-92B3-FD898011155D} = {5AC8D97E-E50B-4280-B7AB-541A6725A26E}
		{F00FDECF-9B2D-46DB-9E9B-E58B5EFCE42F} = {5AC8D97E-E50B-4280-B7AB-541A6725A26E}
		{98DFF6EA-747C-4964-A11F-7ABB34B314F4} = {E2C160E0-B9FF-4E8E-92B3-FD898011155D}
		{A1C1777E-50D2-47DC-91BB-3B328362214A} = {944D37EB-CA44-4C68-928A-E669406F6EFD}
		{C9C70B97-BFAF-412C-887A-5B1E19181433} = {428F6F99-62EF-4478-8924-4B28B5813404}
		{39A57A7C-0399-40D5-BF95-2940FC941E4D} = {97439278-DDB7-4684-B8AD-88EF3FE25108}
		{575A12DD-9181-465B-B0E1-C3BF5B3D9171} = {2506559D-409F-406E-99AE-4B54DAAD57B7}
		{E887F24E-278A-4314-9331-FCDF8B47DF97} = {22DFB684-2F2B-4988-83A6-32378C9231B5}
		{4F233774-85D0-4E51-A0B1-6B40CA4D0CE8} = {E887F24E-278A-4314-9331-FCDF8B47DF97}
		{98D6B430-C1E3-47D6-AECB-846A7EE2D938} = {4F233774-85D0-4E51-A0B1-6B40CA4D0CE8}
		{5BE0855D-912D-416F-B49E-3C146D4D79AF} = {77F3BBCD-8410-428C-8C88-974E91240745}
		{7E1AC61D-477B-4899-A276-44F1EFC89D21} = {5BE0855D-912D-416F-B49E-3C146D4D79AF}
		{704A182E-FAEA-4E59-B5F4-9DC799F4556A} = {7E1AC61D-477B-4899-A276-44F1EFC89D21}
		{EC1D535E-4FA4-41F4-9297-85C81083457C} = {57214243-9EDA-4CA2-929E-A3BB43D471B0}
		{3376CCCF-3390-40F4-A4B4-B82EF5EE1D50} = {EC1D535E-4FA4-41F4-9297-85C81083457C}
		{BC5F994E-1BFE-4C94-BF8D-86077EF84ED7} = {3376CCCF-3390-40F4-A4B4-B82EF5EE1D50}
		{54616F7B-916C-403F-9E2F-35BC73A5A0ED} = {CA2A648F-7A25-4E2E-A299-1F6F5CB1BA8B}
		{58A227E3-8DAD-4E95-9158-D9B493A873AD} = {54616F7B-916C-403F-9E2F-35BC73A5A0ED}
		{EC5C161C-4177-49BD-BD1F-2BA6A05F03D4} = {58A227E3-8DAD-4E95-9158-D9B493A873AD}
	EndGlobalSection
EndGlobal
