<?xml version="1.0" encoding="utf-8"?>
<Project ToolsVersion="4.0" xmlns="http://schemas.microsoft.com/developer/msbuild/2003">
  <ItemGroup>
    <None Include="Makefile" />
    <None Include="O.Common\bptTypeJdegC.dbd">
      <Filter>O.Common</Filter>
    </None>
    <None Include="O.Common\bptTypeJdegF.dbd">
      <Filter>O.Common</Filter>
    </None>
    <None Include="O.Common\bptTypeKdegC.dbd">
      <Filter>O.Common</Filter>
    </None>
    <None Include="O.Common\bptTypeKdegF.dbd">
      <Filter>O.Common</Filter>
    </None>
    <None Include="bptTypeKdegC.data" />
    <None Include="bptTypeJdegF.data" />
    <None Include="bptTypeKdegF.data" />
    <None Include="bptTypeJdegC.data" />
  </ItemGroup>
  <ItemGroup>
    <ClInclude Include="cvtTable.h" />
  </ItemGroup>
  <ItemGroup>
    <ClCompile Include="makeBpt.c" />
  </ItemGroup>
  <ItemGroup>
    <Filter Include="O.Common">
      <UniqueIdentifier>{61719ff0-5b83-48b1-a92e-46fd8ae5afee}</UniqueIdentifier>
      <SourceControlFiles>False</SourceControlFiles>
    </Filter>
  </ItemGroup>
  <ItemGroup>
    <CustomBuild Include="menuConvert.dbd" />
  </ItemGroup>
</Project>