<?xml version="1.0" encoding="utf-8"?>
<Project ToolsVersion="4.0" xmlns="http://schemas.microsoft.com/developer/msbuild/2003">
  <ItemGroup>
    <ClCompile Include="AsynDriverInterface.cc" />
    <ClCompile Include="BCDConverter.cc" />
    <ClCompile Include="BinaryConverter.cc" />
    <ClCompile Include="ChecksumConverter.cc" />
    <ClCompile Include="DebugInterface.cc" />
    <ClCompile Include="devaaiStream.c" />
    <ClCompile Include="devaaoStream.c" />
    <ClCompile Include="devaiStream.c" />
    <ClCompile Include="devaoStream.c" />
    <ClCompile Include="devbiStream.c" />
    <ClCompile Include="devboStream.c" />
    <ClCompile Include="devcalcoutStream.c" />
    <ClCompile Include="devlonginStream.c" />
    <ClCompile Include="devlongoutStream.c" />
    <ClCompile Include="devmbbiDirectStream.c" />
    <ClCompile Include="devmbbiStream.c" />
    <ClCompile Include="devmbboDirectStream.c" />
    <ClCompile Include="devmbboStream.c" />
    <ClCompile Include="devstringinStream.c" />
    <ClCompile Include="devstringoutStream.c" />
    <ClCompile Include="devwaveformStream.c" />
    <ClCompile Include="DummyInterface.cc" />
    <ClCompile Include="EnumConverter.cc" />
    <ClCompile Include="MantissaExponentConverter.cc" />
    <ClCompile Include="RawConverter.cc" />
    <ClCompile Include="RawFloatConverter.cc" />
    <ClCompile Include="RegexpConverter.cc" />
    <ClCompile Include="StreamBuffer.cc" />
    <ClCompile Include="StreamBusInterface.cc" />
    <ClCompile Include="StreamCore.cc" />
    <ClCompile Include="StreamEpics.cc" />
    <ClCompile Include="StreamError.cc" />
    <ClCompile Include="StreamFormatConverter.cc" />
    <ClCompile Include="StreamProtocol.cc" />
    <ClCompile Include="StreamVersion.c" />
    <ClCompile Include="TimestampConverter.cc" />
  </ItemGroup>
  <ItemGroup>
    <ClInclude Include="devStream.h" />
    <ClInclude Include="StreamBuffer.h" />
    <ClInclude Include="StreamBusInterface.h" />
    <ClInclude Include="StreamCore.h" />
    <ClInclude Include="StreamError.h" />
    <ClInclude Include="StreamFormat.h" />
    <ClInclude Include="StreamFormatConverter.h" />
    <ClInclude Include="StreamProtocol.h" />
  </ItemGroup>
</Project>