<?xml version="1.0" encoding="utf-8"?>
<Project ToolsVersion="4.0" xmlns="http://schemas.microsoft.com/developer/msbuild/2003">
  <ItemGroup>
    <ClInclude Include="colorMaps.h" />
    <ClInclude Include="fft.h" />
    <ClInclude Include="NDArrayRing.h" />
    <ClInclude Include="NDFileHDF5.h" />
    <ClInclude Include="NDFileHDF5AttributeDataset.h" />
    <ClInclude Include="NDFileHDF5Dataset.h" />
    <ClInclude Include="NDFileHDF5Layout.h" />
    <ClInclude Include="NDFileHDF5LayoutXML.h" />
    <ClInclude Include="NDFileHDF5VersionCheck.h" />
    <ClInclude Include="NDFileJPEG.h" />
    <ClInclude Include="NDFileMagick.h" />
    <ClInclude Include="NDFileNetCDF.h" />
    <ClInclude Include="NDFileNexus.h" />
    <ClInclude Include="NDFileNull.h" />
    <ClInclude Include="NDFileTIFF.h" />
    <ClInclude Include="NDPluginAttribute.h" />
    <ClInclude Include="NDPluginCircularBuff.h" />
    <ClInclude Include="NDPluginColorConvert.h" />
    <ClInclude Include="NDPluginDriver.h" />
    <ClInclude Include="NDPluginFFT.h" />
    <ClInclude Include="NDPluginFile.h" />
    <ClInclude Include="NDPluginOverlay.h" />
    <ClInclude Include="NDPluginOverlayTextFont.h" />
    <ClInclude Include="NDPluginProcess.h" />
    <ClInclude Include="NDPluginPva.h" />
    <ClInclude Include="NDPluginROI.h" />
    <ClInclude Include="NDPluginROIStat.h" />
    <ClInclude Include="NDPluginStats.h" />
    <ClInclude Include="NDPluginStdArrays.h" />
    <ClInclude Include="NDPluginTimeSeries.h" />
    <ClInclude Include="NDPluginTransform.h" />
    <ClInclude Include="NDPosPlugin.h" />
    <ClInclude Include="NDPosPluginFileReader.h" />
  </ItemGroup>
  <ItemGroup>
    <ClCompile Include="fft.c" />
    <ClCompile Include="NDArrayRing.cpp" />
    <ClCompile Include="NDFileDummy.cpp" />
    <ClCompile Include="NDFileHDF5.cpp" />
    <ClCompile Include="NDFileHDF5AttributeDataset.cpp" />
    <ClCompile Include="NDFileHDF5Dataset.cpp" />
    <ClCompile Include="NDFileHDF5Layout.cpp" />
    <ClCompile Include="NDFileHDF5LayoutXML.cpp" />
    <ClCompile Include="NDFileJPEG.cpp" />
    <ClCompile Include="NDFileMagick.cpp" />
    <ClCompile Include="NDFileNetCDF.cpp" />
    <ClCompile Include="NDFileNexus.cpp" />
    <ClCompile Include="NDFileNull.cpp" />
    <ClCompile Include="NDFileTIFF.cpp" />
    <ClCompile Include="NDPluginAttribute.cpp" />
    <ClCompile Include="NDPluginCircularBuff.cpp" />
    <ClCompile Include="NDPluginColorConvert.cpp" />
    <ClCompile Include="NDPluginDriver.cpp" />
    <ClCompile Include="NDPluginFFT.cpp" />
    <ClCompile Include="NDPluginFile.cpp" />
    <ClCompile Include="NDPluginOverlay.cpp" />
    <ClCompile Include="NDPluginOverlayTextFont.cpp" />
    <ClCompile Include="NDPluginProcess.cpp" />
    <ClCompile Include="NDPluginPva.cpp" />
    <ClCompile Include="NDPluginROI.cpp" />
    <ClCompile Include="NDPluginROIStat.cpp" />
    <ClCompile Include="NDPluginStats.cpp" />
    <ClCompile Include="NDPluginStdArrays.cpp" />
    <ClCompile Include="NDPluginTimeSeries.cpp" />
    <ClCompile Include="NDPluginTransform.cpp" />
    <ClCompile Include="NDPosPlugin.cpp" />
    <ClCompile Include="NDPosPluginFileReader.cpp" />
    <ClCompile Include="NDPluginAttrPlot.cpp" />
    <ClCompile Include="NDPluginGather.cpp" />
    <ClCompile Include="NDPluginScatter.cpp" />
    <ClCompile Include="test_forward_reference.cpp" />
  </ItemGroup>
  <ItemGroup>
    <None Include="Makefile" />
    <None Include="NDFileHDF5.dbd" />
    <None Include="NDFileJPEG.dbd" />
    <None Include="NDFileMagick.dbd" />
    <None Include="NDFileNetCDF.dbd" />
    <None Include="NDFileNexus.dbd" />
    <None Include="NDFileNull.dbd" />
    <None Include="NDFileTIFF.dbd" />
    <None Include="NDPluginAttribute.dbd" />
    <None Include="NDPluginCircularBuff.dbd" />
    <None Include="NDPluginColorConvert.dbd" />
    <None Include="NDPluginFFT.dbd" />
    <None Include="NDPluginOverlay.dbd" />
    <None Include="NDPluginProcess.dbd" />
    <None Include="NDPluginPva.dbd" />
    <None Include="NDPluginROI.dbd" />
    <None Include="NDPluginROIStat.dbd" />
    <None Include="NDPluginStats.dbd" />
    <None Include="NDPluginStdArrays.dbd" />
    <None Include="NDPluginTimeSeries.dbd" />
    <None Include="NDPluginTransform.dbd" />
    <None Include="NDPosPlugin.dbd" />
    <None Include="tiff_test.pro" />
  </ItemGroup>
</Project>