<?xml version="1.0" encoding="utf-8"?>
<Project ToolsVersion="4.0" xmlns="http://schemas.microsoft.com/developer/msbuild/2003">
  <ItemGroup>
    <ClCompile Include="pvaClient.cpp" />
    <ClCompile Include="pvaClientChannel.cpp" />
    <ClCompile Include="pvaClientGet.cpp" />
    <ClCompile Include="pvaClientGetData.cpp" />
    <ClCompile Include="pvaClientMonitor.cpp" />
    <ClCompile Include="pvaClientMonitorData.cpp" />
    <ClCompile Include="pvaClientMultiChannel.cpp" />
    <ClCompile Include="pvaClientMultiGetDouble.cpp" />
    <ClCompile Include="pvaClientMultiMonitorDouble.cpp" />
    <ClCompile Include="pvaClientMultiPutDouble.cpp" />
    <ClCompile Include="pvaClientNTMultiData.cpp" />
    <ClCompile Include="pvaClientNTMultiGet.cpp" />
    <ClCompile Include="pvaClientNTMultiMonitor.cpp" />
    <ClCompile Include="pvaClientNTMultiPut.cpp" />
    <ClCompile Include="pvaClientProcess.cpp" />
    <ClCompile Include="pvaClientPut.cpp" />
    <ClCompile Include="pvaClientPutData.cpp" />
    <ClCompile Include="pvaClientPutGet.cpp" />
    <ClCompile Include="pvaClientRPC.cpp" />
  </ItemGroup>
  <ItemGroup>
    <ClInclude Include="pvaClient.h" />
    <ClInclude Include="pvaClientMultiChannel.h" />
  </ItemGroup>
</Project>