<?xml version="1.0" encoding="utf-8"?>
<Project ToolsVersion="4.0" xmlns="http://schemas.microsoft.com/developer/msbuild/2003">
  <ItemGroup>
    <Filter Include="src">
      <UniqueIdentifier>{449deca5-6d98-457a-bf7f-6fca49db697b}</UniqueIdentifier>
    </Filter>
    <Filter Include="include">
      <UniqueIdentifier>{71dc6ae2-be78-45b3-a466-1ffc0ba54c68}</UniqueIdentifier>
    </Filter>
    <Filter Include="resource">
      <UniqueIdentifier>{f6531bfd-0982-4513-aa35-404a79162f96}</UniqueIdentifier>
    </Filter>
  </ItemGroup>
  <ItemGroup>
    <ClCompile Include="..\..\xlib\X11_stubs.c">
      <Filter>src</Filter>
    </ClCompile>
  </ItemGroup>
</Project>