<?xml version="1.0" encoding="utf-8"?>
<Project ToolsVersion="4.0" xmlns="http://schemas.microsoft.com/developer/msbuild/2003">
  <ItemGroup>
    <ClCompile Include="src\O.Common\motorIms_registerRecordDeviceDriver.cpp">
      <Filter>Src\O.Common</Filter>
    </ClCompile>
    <ClCompile Include="src\motorImsMain.cpp">
      <Filter>Src</Filter>
    </ClCompile>
  </ItemGroup>
  <ItemGroup>
    <Filter Include="Src">
      <UniqueIdentifier>{946b6893-86f3-4e8f-80f8-1d0865915904}</UniqueIdentifier>
    </Filter>
    <Filter Include="Src\O.Common">
      <UniqueIdentifier>{8d9b0ae4-cdc9-45ce-91cd-535c80a7e4ad}</UniqueIdentifier>
    </Filter>
    <Filter Include="Db">
      <UniqueIdentifier>{060f4d16-d809-43c5-8452-f65a30cc41c6}</UniqueIdentifier>
    </Filter>
  </ItemGroup>
  <ItemGroup>
    <None Include="Db\ims_motor.tss.db">
      <Filter>Db</Filter>
    </None>
  </ItemGroup>
</Project>