<?xml version="1.0" encoding="utf-8"?>
<Project ToolsVersion="4.0" xmlns="http://schemas.microsoft.com/developer/msbuild/2003">
  <ItemGroup>
    <Filter Include="src">
      <UniqueIdentifier>{fe8d6cf4-008b-4192-9b26-8750e710e6ee}</UniqueIdentifier>
    </Filter>
    <Filter Include="include">
      <UniqueIdentifier>{ab091403-dc7a-45ad-823d-5b6dcd58d871}</UniqueIdentifier>
    </Filter>
    <Filter Include="resource">
      <UniqueIdentifier>{81307474-2580-4090-aa11-7d61061f4af0}</UniqueIdentifier>
    </Filter>
  </ItemGroup>
  <ItemGroup>
    <ClCompile Include="..\..\bzlib\blocksort.c">
      <Filter>src</Filter>
    </ClCompile>
    <ClCompile Include="..\..\bzlib\bzlib.c">
      <Filter>src</Filter>
    </ClCompile>
    <ClCompile Include="..\..\bzlib\compress.c">
      <Filter>src</Filter>
    </ClCompile>
    <ClCompile Include="..\..\bzlib\crctable.c">
      <Filter>src</Filter>
    </ClCompile>
    <ClCompile Include="..\..\bzlib\decompress.c">
      <Filter>src</Filter>
    </ClCompile>
    <ClCompile Include="..\..\bzlib\huffman.c">
      <Filter>src</Filter>
    </ClCompile>
    <ClCompile Include="..\..\bzlib\randtable.c">
      <Filter>src</Filter>
    </ClCompile>
  </ItemGroup>
  <ItemGroup>
    <ResourceCompile Include="bzlib.rc">
      <Filter>src</Filter>
    </ResourceCompile>
  </ItemGroup>
  <ItemGroup>
    <ClInclude Include="..\..\bzlib\bzlib.h">
      <Filter>include</Filter>
    </ClInclude>
    <ClInclude Include="..\..\bzlib\bzlib_private.h">
      <Filter>include</Filter>
    </ClInclude>
  </ItemGroup>
</Project>