Microsoft Visual Studio Solution File, Format Version 11.00
# Visual Studio 2010
Project("{8BC9CEB8-8B4A-11D0-8D11-00A0C91BC942}") = "CORE_bzlib", "bzlib\CORE_bzlib.vcxproj", "{2BEE02CB-BAE8-4B48-9D07-4D102A0827BD}"
EndProject
Project("{8BC9CEB8-8B4A-11D0-8D11-00A0C91BC942}") = "CORE_coders", "coders\CORE_coders.vcxproj", "{DCFE05FB-91FA-4885-BE8C-E3F19D156AC3}"
EndProject
Project("{8BC9CEB8-8B4A-11D0-8D11-00A0C91BC942}") = "CORE_filters", "filters\CORE_filters.vcxproj", "{BB4263F7-6587-4D6B-9D8D-610072E7B119}"
EndProject
Project("{8BC9CEB8-8B4A-11D0-8D11-00A0C91BC942}") = "CORE_jbig", "jbig\CORE_jbig.vcxproj", "{56ED8A40-51A5-49EF-BEE1-10A4EF0C11DF}"
EndProject
Project("{8BC9CEB8-8B4A-11D0-8D11-00A0C91BC942}") = "CORE_jp2", "jp2\CORE_jp2.vcxproj", "{8D4D1E05-54B0-4861-A657-3EEAFEFEBBE2}"
EndProject
Project("{8BC9CEB8-8B4A-11D0-8D11-00A0C91BC942}") = "CORE_lcms", "lcms\CORE_lcms.vcxproj", "{E2B6D5E1-7383-4DCA-BA1C-05B8F2C44E4E}"
EndProject
Project("{8BC9CEB8-8B4A-11D0-8D11-00A0C91BC942}") = "CORE_magick", "magick\CORE_magick.vcxproj", "{8F881D50-14C0-4D6D-A47A-086C73BB7DA3}"
EndProject
Project("{8BC9CEB8-8B4A-11D0-8D11-00A0C91BC942}") = "CORE_Magick++", "Magick++\CORE_Magick++.vcxproj", "{055517C9-0A16-49EB-938A-FF2CFF783B99}"
EndProject
Project("{8BC9CEB8-8B4A-11D0-8D11-00A0C91BC942}") = "CORE_png", "png\CORE_png.vcxproj", "{BF6E0FF5-5886-4845-B21D-B82D631BEC00}"
EndProject
Project("{8BC9CEB8-8B4A-11D0-8D11-00A0C91BC942}") = "CORE_ttf", "ttf\CORE_ttf.vcxproj", "{57CD7F0E-D3C6-4914-83AE-315BA04EA555}"
EndProject
Project("{8BC9CEB8-8B4A-11D0-8D11-00A0C91BC942}") = "CORE_webp", "webp\CORE_webp.vcxproj", "{B483CDC5-37FA-4580-861C-AE28E823781B}"
EndProject
Project("{8BC9CEB8-8B4A-11D0-8D11-00A0C91BC942}") = "CORE_wmf", "wmf\CORE_wmf.vcxproj", "{D8CE3982-3E41-47A0-9F32-138728B45B6D}"
EndProject
Project("{8BC9CEB8-8B4A-11D0-8D11-00A0C91BC942}") = "CORE_libxml", "libxml\CORE_libxml.vcxproj", "{8B797ED0-1330-469E-99C8-6D6669921412}"
EndProject
Project("{8BC9CEB8-8B4A-11D0-8D11-00A0C91BC942}") = "CORE_tiff", "tiff\CORE_tiff.vcxproj", "{E3C6D871-83EC-4F64-815A-AFD9E6B63EDA}"
EndProject
Project("{8BC9CEB8-8B4A-11D0-8D11-00A0C91BC942}") = "CORE_jpeg", "jpeg\CORE_jpeg.vcxproj", "{D5B667D9-4A72-4CCB-AAF6-8BA2C433EDD6}"
EndProject
Project("{8BC9CEB8-8B4A-11D0-8D11-00A0C91BC942}") = "CORE_zlib", "zlib\CORE_zlib.vcxproj", "{C4C77088-9772-4F2C-898B-653ACB53B11A}"
EndProject
Global
	GlobalSection(SolutionConfigurationPlatforms) = preSolution
		Debug_DLL|Win32 = Debug_DLL|Win32
		Debug_DLL|x64 = Debug_DLL|x64
		Debug_LIB|Win32 = Debug_LIB|Win32
		Debug_LIB|x64 = Debug_LIB|x64
		Release_DLL|Win32 = Release_DLL|Win32
		Release_DLL|x64 = Release_DLL|x64
		Release_LIB|Win32 = Release_LIB|Win32
		Release_LIB|x64 = Release_LIB|x64
	EndGlobalSection
	GlobalSection(ProjectConfigurationPlatforms) = postSolution
		{2BEE02CB-BAE8-4B48-9D07-4D102A0827BD}.Debug_DLL|Win32.ActiveCfg = Debug_DLL|Win32
		{2BEE02CB-BAE8-4B48-9D07-4D102A0827BD}.Debug_DLL|Win32.Build.0 = Debug_DLL|Win32
		{2BEE02CB-BAE8-4B48-9D07-4D102A0827BD}.Debug_DLL|x64.ActiveCfg = Debug_DLL|x64
		{2BEE02CB-BAE8-4B48-9D07-4D102A0827BD}.Debug_DLL|x64.Build.0 = Debug_DLL|x64
		{2BEE02CB-BAE8-4B48-9D07-4D102A0827BD}.Debug_LIB|Win32.ActiveCfg = Debug_LIB|Win32
		{2BEE02CB-BAE8-4B48-9D07-4D102A0827BD}.Debug_LIB|Win32.Build.0 = Debug_LIB|Win32
		{2BEE02CB-BAE8-4B48-9D07-4D102A0827BD}.Debug_LIB|x64.ActiveCfg = Debug_LIB|x64
		{2BEE02CB-BAE8-4B48-9D07-4D102A0827BD}.Debug_LIB|x64.Build.0 = Debug_LIB|x64
		{2BEE02CB-BAE8-4B48-9D07-4D102A0827BD}.Release_DLL|Win32.ActiveCfg = Release_DLL|Win32
		{2BEE02CB-BAE8-4B48-9D07-4D102A0827BD}.Release_DLL|Win32.Build.0 = Release_DLL|Win32
		{2BEE02CB-BAE8-4B48-9D07-4D102A0827BD}.Release_DLL|x64.ActiveCfg = Release_DLL|x64
		{2BEE02CB-BAE8-4B48-9D07-4D102A0827BD}.Release_DLL|x64.Build.0 = Release_DLL|x64
		{2BEE02CB-BAE8-4B48-9D07-4D102A0827BD}.Release_LIB|Win32.ActiveCfg = Release_LIB|Win32
		{2BEE02CB-BAE8-4B48-9D07-4D102A0827BD}.Release_LIB|Win32.Build.0 = Release_LIB|Win32
		{2BEE02CB-BAE8-4B48-9D07-4D102A0827BD}.Release_LIB|x64.ActiveCfg = Release_LIB|x64
		{2BEE02CB-BAE8-4B48-9D07-4D102A0827BD}.Release_LIB|x64.Build.0 = Release_LIB|x64
		{DCFE05FB-91FA-4885-BE8C-E3F19D156AC3}.Debug_DLL|Win32.ActiveCfg = Debug_DLL|Win32
		{DCFE05FB-91FA-4885-BE8C-E3F19D156AC3}.Debug_DLL|Win32.Build.0 = Debug_DLL|Win32
		{DCFE05FB-91FA-4885-BE8C-E3F19D156AC3}.Debug_DLL|x64.ActiveCfg = Debug_DLL|x64
		{DCFE05FB-91FA-4885-BE8C-E3F19D156AC3}.Debug_DLL|x64.Build.0 = Debug_DLL|x64
		{DCFE05FB-91FA-4885-BE8C-E3F19D156AC3}.Debug_LIB|Win32.ActiveCfg = Debug_LIB|Win32
		{DCFE05FB-91FA-4885-BE8C-E3F19D156AC3}.Debug_LIB|Win32.Build.0 = Debug_LIB|Win32
		{DCFE05FB-91FA-4885-BE8C-E3F19D156AC3}.Debug_LIB|x64.ActiveCfg = Debug_LIB|x64
		{DCFE05FB-91FA-4885-BE8C-E3F19D156AC3}.Debug_LIB|x64.Build.0 = Debug_LIB|x64
		{DCFE05FB-91FA-4885-BE8C-E3F19D156AC3}.Release_DLL|Win32.ActiveCfg = Release_DLL|Win32
		{DCFE05FB-91FA-4885-BE8C-E3F19D156AC3}.Release_DLL|Win32.Build.0 = Release_DLL|Win32
		{DCFE05FB-91FA-4885-BE8C-E3F19D156AC3}.Release_DLL|x64.ActiveCfg = Release_DLL|x64
		{DCFE05FB-91FA-4885-BE8C-E3F19D156AC3}.Release_DLL|x64.Build.0 = Release_DLL|x64
		{DCFE05FB-91FA-4885-BE8C-E3F19D156AC3}.Release_LIB|Win32.ActiveCfg = Release_LIB|Win32
		{DCFE05FB-91FA-4885-BE8C-E3F19D156AC3}.Release_LIB|Win32.Build.0 = Release_LIB|Win32
		{DCFE05FB-91FA-4885-BE8C-E3F19D156AC3}.Release_LIB|x64.ActiveCfg = Release_LIB|x64
		{DCFE05FB-91FA-4885-BE8C-E3F19D156AC3}.Release_LIB|x64.Build.0 = Release_LIB|x64
		{BB4263F7-6587-4D6B-9D8D-610072E7B119}.Debug_DLL|Win32.ActiveCfg = Debug_DLL|Win32
		{BB4263F7-6587-4D6B-9D8D-610072E7B119}.Debug_DLL|Win32.Build.0 = Debug_DLL|Win32
		{BB4263F7-6587-4D6B-9D8D-610072E7B119}.Debug_DLL|x64.ActiveCfg = Debug_DLL|x64
		{BB4263F7-6587-4D6B-9D8D-610072E7B119}.Debug_DLL|x64.Build.0 = Debug_DLL|x64
		{BB4263F7-6587-4D6B-9D8D-610072E7B119}.Debug_LIB|Win32.ActiveCfg = Debug_LIB|Win32
		{BB4263F7-6587-4D6B-9D8D-610072E7B119}.Debug_LIB|Win32.Build.0 = Debug_LIB|Win32
		{BB4263F7-6587-4D6B-9D8D-610072E7B119}.Debug_LIB|x64.ActiveCfg = Debug_LIB|x64
		{BB4263F7-6587-4D6B-9D8D-610072E7B119}.Debug_LIB|x64.Build.0 = Debug_LIB|x64
		{BB4263F7-6587-4D6B-9D8D-610072E7B119}.Release_DLL|Win32.ActiveCfg = Release_DLL|Win32
		{BB4263F7-6587-4D6B-9D8D-610072E7B119}.Release_DLL|Win32.Build.0 = Release_DLL|Win32
		{BB4263F7-6587-4D6B-9D8D-610072E7B119}.Release_DLL|x64.ActiveCfg = Release_DLL|x64
		{BB4263F7-6587-4D6B-9D8D-610072E7B119}.Release_DLL|x64.Build.0 = Release_DLL|x64
		{BB4263F7-6587-4D6B-9D8D-610072E7B119}.Release_LIB|Win32.ActiveCfg = Release_LIB|Win32
		{BB4263F7-6587-4D6B-9D8D-610072E7B119}.Release_LIB|Win32.Build.0 = Release_LIB|Win32
		{BB4263F7-6587-4D6B-9D8D-610072E7B119}.Release_LIB|x64.ActiveCfg = Release_LIB|x64
		{BB4263F7-6587-4D6B-9D8D-610072E7B119}.Release_LIB|x64.Build.0 = Release_LIB|x64
		{56ED8A40-51A5-49EF-BEE1-10A4EF0C11DF}.Debug_DLL|Win32.ActiveCfg = Debug_DLL|Win32
		{56ED8A40-51A5-49EF-BEE1-10A4EF0C11DF}.Debug_DLL|Win32.Build.0 = Debug_DLL|Win32
		{56ED8A40-51A5-49EF-BEE1-10A4EF0C11DF}.Debug_DLL|x64.ActiveCfg = Debug_DLL|x64
		{56ED8A40-51A5-49EF-BEE1-10A4EF0C11DF}.Debug_DLL|x64.Build.0 = Debug_DLL|x64
		{56ED8A40-51A5-49EF-BEE1-10A4EF0C11DF}.Debug_LIB|Win32.ActiveCfg = Debug_LIB|Win32
		{56ED8A40-51A5-49EF-BEE1-10A4EF0C11DF}.Debug_LIB|Win32.Build.0 = Debug_LIB|Win32
		{56ED8A40-51A5-49EF-BEE1-10A4EF0C11DF}.Debug_LIB|x64.ActiveCfg = Debug_LIB|x64
		{56ED8A40-51A5-49EF-BEE1-10A4EF0C11DF}.Debug_LIB|x64.Build.0 = Debug_LIB|x64
		{56ED8A40-51A5-49EF-BEE1-10A4EF0C11DF}.Release_DLL|Win32.ActiveCfg = Release_DLL|Win32
		{56ED8A40-51A5-49EF-BEE1-10A4EF0C11DF}.Release_DLL|Win32.Build.0 = Release_DLL|Win32
		{56ED8A40-51A5-49EF-BEE1-10A4EF0C11DF}.Release_DLL|x64.ActiveCfg = Release_DLL|x64
		{56ED8A40-51A5-49EF-BEE1-10A4EF0C11DF}.Release_DLL|x64.Build.0 = Release_DLL|x64
		{56ED8A40-51A5-49EF-BEE1-10A4EF0C11DF}.Release_LIB|Win32.ActiveCfg = Release_LIB|Win32
		{56ED8A40-51A5-49EF-BEE1-10A4EF0C11DF}.Release_LIB|Win32.Build.0 = Release_LIB|Win32
		{56ED8A40-51A5-49EF-BEE1-10A4EF0C11DF}.Release_LIB|x64.ActiveCfg = Release_LIB|x64
		{56ED8A40-51A5-49EF-BEE1-10A4EF0C11DF}.Release_LIB|x64.Build.0 = Release_LIB|x64
		{8D4D1E05-54B0-4861-A657-3EEAFEFEBBE2}.Debug_DLL|Win32.ActiveCfg = Debug_DLL|Win32
		{8D4D1E05-54B0-4861-A657-3EEAFEFEBBE2}.Debug_DLL|Win32.Build.0 = Debug_DLL|Win32
		{8D4D1E05-54B0-4861-A657-3EEAFEFEBBE2}.Debug_DLL|x64.ActiveCfg = Debug_DLL|x64
		{8D4D1E05-54B0-4861-A657-3EEAFEFEBBE2}.Debug_DLL|x64.Build.0 = Debug_DLL|x64
		{8D4D1E05-54B0-4861-A657-3EEAFEFEBBE2}.Debug_LIB|Win32.ActiveCfg = Debug_LIB|Win32
		{8D4D1E05-54B0-4861-A657-3EEAFEFEBBE2}.Debug_LIB|Win32.Build.0 = Debug_LIB|Win32
		{8D4D1E05-54B0-4861-A657-3EEAFEFEBBE2}.Debug_LIB|x64.ActiveCfg = Debug_LIB|x64
		{8D4D1E05-54B0-4861-A657-3EEAFEFEBBE2}.Debug_LIB|x64.Build.0 = Debug_LIB|x64
		{8D4D1E05-54B0-4861-A657-3EEAFEFEBBE2}.Release_DLL|Win32.ActiveCfg = Release_DLL|Win32
		{8D4D1E05-54B0-4861-A657-3EEAFEFEBBE2}.Release_DLL|Win32.Build.0 = Release_DLL|Win32
		{8D4D1E05-54B0-4861-A657-3EEAFEFEBBE2}.Release_DLL|x64.ActiveCfg = Release_DLL|x64
		{8D4D1E05-54B0-4861-A657-3EEAFEFEBBE2}.Release_DLL|x64.Build.0 = Release_DLL|x64
		{8D4D1E05-54B0-4861-A657-3EEAFEFEBBE2}.Release_LIB|Win32.ActiveCfg = Release_LIB|Win32
		{8D4D1E05-54B0-4861-A657-3EEAFEFEBBE2}.Release_LIB|Win32.Build.0 = Release_LIB|Win32
		{8D4D1E05-54B0-4861-A657-3EEAFEFEBBE2}.Release_LIB|x64.ActiveCfg = Release_LIB|x64
		{8D4D1E05-54B0-4861-A657-3EEAFEFEBBE2}.Release_LIB|x64.Build.0 = Release_LIB|x64
		{E2B6D5E1-7383-4DCA-BA1C-05B8F2C44E4E}.Debug_DLL|Win32.ActiveCfg = Debug_DLL|Win32
		{E2B6D5E1-7383-4DCA-BA1C-05B8F2C44E4E}.Debug_DLL|Win32.Build.0 = Debug_DLL|Win32
		{E2B6D5E1-7383-4DCA-BA1C-05B8F2C44E4E}.Debug_DLL|x64.ActiveCfg = Debug_DLL|x64
		{E2B6D5E1-7383-4DCA-BA1C-05B8F2C44E4E}.Debug_DLL|x64.Build.0 = Debug_DLL|x64
		{E2B6D5E1-7383-4DCA-BA1C-05B8F2C44E4E}.Debug_LIB|Win32.ActiveCfg = Debug_LIB|Win32
		{E2B6D5E1-7383-4DCA-BA1C-05B8F2C44E4E}.Debug_LIB|Win32.Build.0 = Debug_LIB|Win32
		{E2B6D5E1-7383-4DCA-BA1C-05B8F2C44E4E}.Debug_LIB|x64.ActiveCfg = Debug_LIB|x64
		{E2B6D5E1-7383-4DCA-BA1C-05B8F2C44E4E}.Debug_LIB|x64.Build.0 = Debug_LIB|x64
		{E2B6D5E1-7383-4DCA-BA1C-05B8F2C44E4E}.Release_DLL|Win32.ActiveCfg = Release_DLL|Win32
		{E2B6D5E1-7383-4DCA-BA1C-05B8F2C44E4E}.Release_DLL|Win32.Build.0 = Release_DLL|Win32
		{E2B6D5E1-7383-4DCA-BA1C-05B8F2C44E4E}.Release_DLL|x64.ActiveCfg = Release_DLL|x64
		{E2B6D5E1-7383-4DCA-BA1C-05B8F2C44E4E}.Release_DLL|x64.Build.0 = Release_DLL|x64
		{E2B6D5E1-7383-4DCA-BA1C-05B8F2C44E4E}.Release_LIB|Win32.ActiveCfg = Release_LIB|Win32
		{E2B6D5E1-7383-4DCA-BA1C-05B8F2C44E4E}.Release_LIB|Win32.Build.0 = Release_LIB|Win32
		{E2B6D5E1-7383-4DCA-BA1C-05B8F2C44E4E}.Release_LIB|x64.ActiveCfg = Release_LIB|x64
		{E2B6D5E1-7383-4DCA-BA1C-05B8F2C44E4E}.Release_LIB|x64.Build.0 = Release_LIB|x64
		{8F881D50-14C0-4D6D-A47A-086C73BB7DA3}.Debug_DLL|Win32.ActiveCfg = Debug_DLL|Win32
		{8F881D50-14C0-4D6D-A47A-086C73BB7DA3}.Debug_DLL|Win32.Build.0 = Debug_DLL|Win32
		{8F881D50-14C0-4D6D-A47A-086C73BB7DA3}.Debug_DLL|x64.ActiveCfg = Debug_DLL|x64
		{8F881D50-14C0-4D6D-A47A-086C73BB7DA3}.Debug_DLL|x64.Build.0 = Debug_DLL|x64
		{8F881D50-14C0-4D6D-A47A-086C73BB7DA3}.Debug_LIB|Win32.ActiveCfg = Debug_LIB|Win32
		{8F881D50-14C0-4D6D-A47A-086C73BB7DA3}.Debug_LIB|Win32.Build.0 = Debug_LIB|Win32
		{8F881D50-14C0-4D6D-A47A-086C73BB7DA3}.Debug_LIB|x64.ActiveCfg = Debug_LIB|x64
		{8F881D50-14C0-4D6D-A47A-086C73BB7DA3}.Debug_LIB|x64.Build.0 = Debug_LIB|x64
		{8F881D50-14C0-4D6D-A47A-086C73BB7DA3}.Release_DLL|Win32.ActiveCfg = Release_DLL|Win32
		{8F881D50-14C0-4D6D-A47A-086C73BB7DA3}.Release_DLL|Win32.Build.0 = Release_DLL|Win32
		{8F881D50-14C0-4D6D-A47A-086C73BB7DA3}.Release_DLL|x64.ActiveCfg = Release_DLL|x64
		{8F881D50-14C0-4D6D-A47A-086C73BB7DA3}.Release_DLL|x64.Build.0 = Release_DLL|x64
		{8F881D50-14C0-4D6D-A47A-086C73BB7DA3}.Release_LIB|Win32.ActiveCfg = Release_LIB|Win32
		{8F881D50-14C0-4D6D-A47A-086C73BB7DA3}.Release_LIB|Win32.Build.0 = Release_LIB|Win32
		{8F881D50-14C0-4D6D-A47A-086C73BB7DA3}.Release_LIB|x64.ActiveCfg = Release_LIB|x64
		{8F881D50-14C0-4D6D-A47A-086C73BB7DA3}.Release_LIB|x64.Build.0 = Release_LIB|x64
		{055517C9-0A16-49EB-938A-FF2CFF783B99}.Debug_DLL|Win32.ActiveCfg = Debug_DLL|Win32
		{055517C9-0A16-49EB-938A-FF2CFF783B99}.Debug_DLL|Win32.Build.0 = Debug_DLL|Win32
		{055517C9-0A16-49EB-938A-FF2CFF783B99}.Debug_DLL|x64.ActiveCfg = Debug_DLL|x64
		{055517C9-0A16-49EB-938A-FF2CFF783B99}.Debug_DLL|x64.Build.0 = Debug_DLL|x64
		{055517C9-0A16-49EB-938A-FF2CFF783B99}.Debug_LIB|Win32.ActiveCfg = Debug_LIB|Win32
		{055517C9-0A16-49EB-938A-FF2CFF783B99}.Debug_LIB|Win32.Build.0 = Debug_LIB|Win32
		{055517C9-0A16-49EB-938A-FF2CFF783B99}.Debug_LIB|x64.ActiveCfg = Debug_LIB|x64
		{055517C9-0A16-49EB-938A-FF2CFF783B99}.Debug_LIB|x64.Build.0 = Debug_LIB|x64
		{055517C9-0A16-49EB-938A-FF2CFF783B99}.Release_DLL|Win32.ActiveCfg = Release_DLL|Win32
		{055517C9-0A16-49EB-938A-FF2CFF783B99}.Release_DLL|Win32.Build.0 = Release_DLL|Win32
		{055517C9-0A16-49EB-938A-FF2CFF783B99}.Release_DLL|x64.ActiveCfg = Release_DLL|x64
		{055517C9-0A16-49EB-938A-FF2CFF783B99}.Release_DLL|x64.Build.0 = Release_DLL|x64
		{055517C9-0A16-49EB-938A-FF2CFF783B99}.Release_LIB|Win32.ActiveCfg = Release_LIB|Win32
		{055517C9-0A16-49EB-938A-FF2CFF783B99}.Release_LIB|Win32.Build.0 = Release_LIB|Win32
		{055517C9-0A16-49EB-938A-FF2CFF783B99}.Release_LIB|x64.ActiveCfg = Release_LIB|x64
		{055517C9-0A16-49EB-938A-FF2CFF783B99}.Release_LIB|x64.Build.0 = Release_LIB|x64
		{BF6E0FF5-5886-4845-B21D-B82D631BEC00}.Debug_DLL|Win32.ActiveCfg = Debug_DLL|Win32
		{BF6E0FF5-5886-4845-B21D-B82D631BEC00}.Debug_DLL|Win32.Build.0 = Debug_DLL|Win32
		{BF6E0FF5-5886-4845-B21D-B82D631BEC00}.Debug_DLL|x64.ActiveCfg = Debug_DLL|x64
		{BF6E0FF5-5886-4845-B21D-B82D631BEC00}.Debug_DLL|x64.Build.0 = Debug_DLL|x64
		{BF6E0FF5-5886-4845-B21D-B82D631BEC00}.Debug_LIB|Win32.ActiveCfg = Debug_LIB|Win32
		{BF6E0FF5-5886-4845-B21D-B82D631BEC00}.Debug_LIB|Win32.Build.0 = Debug_LIB|Win32
		{BF6E0FF5-5886-4845-B21D-B82D631BEC00}.Debug_LIB|x64.ActiveCfg = Debug_LIB|x64
		{BF6E0FF5-5886-4845-B21D-B82D631BEC00}.Debug_LIB|x64.Build.0 = Debug_LIB|x64
		{BF6E0FF5-5886-4845-B21D-B82D631BEC00}.Release_DLL|Win32.ActiveCfg = Release_DLL|Win32
		{BF6E0FF5-5886-4845-B21D-B82D631BEC00}.Release_DLL|Win32.Build.0 = Release_DLL|Win32
		{BF6E0FF5-5886-4845-B21D-B82D631BEC00}.Release_DLL|x64.ActiveCfg = Release_DLL|x64
		{BF6E0FF5-5886-4845-B21D-B82D631BEC00}.Release_DLL|x64.Build.0 = Release_DLL|x64
		{BF6E0FF5-5886-4845-B21D-B82D631BEC00}.Release_LIB|Win32.ActiveCfg = Release_LIB|Win32
		{BF6E0FF5-5886-4845-B21D-B82D631BEC00}.Release_LIB|Win32.Build.0 = Release_LIB|Win32
		{BF6E0FF5-5886-4845-B21D-B82D631BEC00}.Release_LIB|x64.ActiveCfg = Release_LIB|x64
		{BF6E0FF5-5886-4845-B21D-B82D631BEC00}.Release_LIB|x64.Build.0 = Release_LIB|x64
		{57CD7F0E-D3C6-4914-83AE-315BA04EA555}.Debug_DLL|Win32.ActiveCfg = Debug_DLL|Win32
		{57CD7F0E-D3C6-4914-83AE-315BA04EA555}.Debug_DLL|Win32.Build.0 = Debug_DLL|Win32
		{57CD7F0E-D3C6-4914-83AE-315BA04EA555}.Debug_DLL|x64.ActiveCfg = Debug_DLL|x64
		{57CD7F0E-D3C6-4914-83AE-315BA04EA555}.Debug_DLL|x64.Build.0 = Debug_DLL|x64
		{57CD7F0E-D3C6-4914-83AE-315BA04EA555}.Debug_LIB|Win32.ActiveCfg = Debug_LIB|Win32
		{57CD7F0E-D3C6-4914-83AE-315BA04EA555}.Debug_LIB|Win32.Build.0 = Debug_LIB|Win32
		{57CD7F0E-D3C6-4914-83AE-315BA04EA555}.Debug_LIB|x64.ActiveCfg = Debug_LIB|x64
		{57CD7F0E-D3C6-4914-83AE-315BA04EA555}.Debug_LIB|x64.Build.0 = Debug_LIB|x64
		{57CD7F0E-D3C6-4914-83AE-315BA04EA555}.Release_DLL|Win32.ActiveCfg = Release_DLL|Win32
		{57CD7F0E-D3C6-4914-83AE-315BA04EA555}.Release_DLL|Win32.Build.0 = Release_DLL|Win32
		{57CD7F0E-D3C6-4914-83AE-315BA04EA555}.Release_DLL|x64.ActiveCfg = Release_DLL|x64
		{57CD7F0E-D3C6-4914-83AE-315BA04EA555}.Release_DLL|x64.Build.0 = Release_DLL|x64
		{57CD7F0E-D3C6-4914-83AE-315BA04EA555}.Release_LIB|Win32.ActiveCfg = Release_LIB|Win32
		{57CD7F0E-D3C6-4914-83AE-315BA04EA555}.Release_LIB|Win32.Build.0 = Release_LIB|Win32
		{57CD7F0E-D3C6-4914-83AE-315BA04EA555}.Release_LIB|x64.ActiveCfg = Release_LIB|x64
		{57CD7F0E-D3C6-4914-83AE-315BA04EA555}.Release_LIB|x64.Build.0 = Release_LIB|x64
		{B483CDC5-37FA-4580-861C-AE28E823781B}.Debug_DLL|Win32.ActiveCfg = Debug_DLL|Win32
		{B483CDC5-37FA-4580-861C-AE28E823781B}.Debug_DLL|Win32.Build.0 = Debug_DLL|Win32
		{B483CDC5-37FA-4580-861C-AE28E823781B}.Debug_DLL|x64.ActiveCfg = Debug_DLL|x64
		{B483CDC5-37FA-4580-861C-AE28E823781B}.Debug_DLL|x64.Build.0 = Debug_DLL|x64
		{B483CDC5-37FA-4580-861C-AE28E823781B}.Debug_LIB|Win32.ActiveCfg = Debug_LIB|Win32
		{B483CDC5-37FA-4580-861C-AE28E823781B}.Debug_LIB|Win32.Build.0 = Debug_LIB|Win32
		{B483CDC5-37FA-4580-861C-AE28E823781B}.Debug_LIB|x64.ActiveCfg = Debug_LIB|x64
		{B483CDC5-37FA-4580-861C-AE28E823781B}.Debug_LIB|x64.Build.0 = Debug_LIB|x64
		{B483CDC5-37FA-4580-861C-AE28E823781B}.Release_DLL|Win32.ActiveCfg = Release_DLL|Win32
		{B483CDC5-37FA-4580-861C-AE28E823781B}.Release_DLL|Win32.Build.0 = Release_DLL|Win32
		{B483CDC5-37FA-4580-861C-AE28E823781B}.Release_DLL|x64.ActiveCfg = Release_DLL|x64
		{B483CDC5-37FA-4580-861C-AE28E823781B}.Release_DLL|x64.Build.0 = Release_DLL|x64
		{B483CDC5-37FA-4580-861C-AE28E823781B}.Release_LIB|Win32.ActiveCfg = Release_LIB|Win32
		{B483CDC5-37FA-4580-861C-AE28E823781B}.Release_LIB|Win32.Build.0 = Release_LIB|Win32
		{B483CDC5-37FA-4580-861C-AE28E823781B}.Release_LIB|x64.ActiveCfg = Release_LIB|x64
		{B483CDC5-37FA-4580-861C-AE28E823781B}.Release_LIB|x64.Build.0 = Release_LIB|x64
		{D8CE3982-3E41-47A0-9F32-138728B45B6D}.Debug_DLL|Win32.ActiveCfg = Debug_DLL|Win32
		{D8CE3982-3E41-47A0-9F32-138728B45B6D}.Debug_DLL|Win32.Build.0 = Debug_DLL|Win32
		{D8CE3982-3E41-47A0-9F32-138728B45B6D}.Debug_DLL|x64.ActiveCfg = Debug_DLL|x64
		{D8CE3982-3E41-47A0-9F32-138728B45B6D}.Debug_DLL|x64.Build.0 = Debug_DLL|x64
		{D8CE3982-3E41-47A0-9F32-138728B45B6D}.Debug_LIB|Win32.ActiveCfg = Debug_LIB|Win32
		{D8CE3982-3E41-47A0-9F32-138728B45B6D}.Debug_LIB|Win32.Build.0 = Debug_LIB|Win32
		{D8CE3982-3E41-47A0-9F32-138728B45B6D}.Debug_LIB|x64.ActiveCfg = Debug_LIB|x64
		{D8CE3982-3E41-47A0-9F32-138728B45B6D}.Debug_LIB|x64.Build.0 = Debug_LIB|x64
		{D8CE3982-3E41-47A0-9F32-138728B45B6D}.Release_DLL|Win32.ActiveCfg = Release_DLL|Win32
		{D8CE3982-3E41-47A0-9F32-138728B45B6D}.Release_DLL|Win32.Build.0 = Release_DLL|Win32
		{D8CE3982-3E41-47A0-9F32-138728B45B6D}.Release_DLL|x64.ActiveCfg = Release_DLL|x64
		{D8CE3982-3E41-47A0-9F32-138728B45B6D}.Release_DLL|x64.Build.0 = Release_DLL|x64
		{D8CE3982-3E41-47A0-9F32-138728B45B6D}.Release_LIB|Win32.ActiveCfg = Release_LIB|Win32
		{D8CE3982-3E41-47A0-9F32-138728B45B6D}.Release_LIB|Win32.Build.0 = Release_LIB|Win32
		{D8CE3982-3E41-47A0-9F32-138728B45B6D}.Release_LIB|x64.ActiveCfg = Release_LIB|x64
		{D8CE3982-3E41-47A0-9F32-138728B45B6D}.Release_LIB|x64.Build.0 = Release_LIB|x64
		{8B797ED0-1330-469E-99C8-6D6669921412}.Debug_DLL|Win32.ActiveCfg = Debug_DLL|Win32
		{8B797ED0-1330-469E-99C8-6D6669921412}.Debug_DLL|Win32.Build.0 = Debug_DLL|Win32
		{8B797ED0-1330-469E-99C8-6D6669921412}.Debug_DLL|x64.ActiveCfg = Debug_LIB|Win32
		{8B797ED0-1330-469E-99C8-6D6669921412}.Debug_LIB|Win32.ActiveCfg = Debug_LIB|Win32
		{8B797ED0-1330-469E-99C8-6D6669921412}.Debug_LIB|Win32.Build.0 = Debug_LIB|Win32
		{8B797ED0-1330-469E-99C8-6D6669921412}.Debug_LIB|x64.ActiveCfg = Debug_LIB|Win32
		{8B797ED0-1330-469E-99C8-6D6669921412}.Release_DLL|Win32.ActiveCfg = Release_DLL|Win32
		{8B797ED0-1330-469E-99C8-6D6669921412}.Release_DLL|Win32.Build.0 = Release_DLL|Win32
		{8B797ED0-1330-469E-99C8-6D6669921412}.Release_DLL|x64.ActiveCfg = Release_LIB|Win32
		{8B797ED0-1330-469E-99C8-6D6669921412}.Release_LIB|Win32.ActiveCfg = Release_LIB|Win32
		{8B797ED0-1330-469E-99C8-6D6669921412}.Release_LIB|Win32.Build.0 = Release_LIB|Win32
		{8B797ED0-1330-469E-99C8-6D6669921412}.Release_LIB|x64.ActiveCfg = Release_LIB|Win32
		{E3C6D871-83EC-4F64-815A-AFD9E6B63EDA}.Debug_DLL|Win32.ActiveCfg = Debug_DLL|Win32
		{E3C6D871-83EC-4F64-815A-AFD9E6B63EDA}.Debug_DLL|Win32.Build.0 = Debug_DLL|Win32
		{E3C6D871-83EC-4F64-815A-AFD9E6B63EDA}.Debug_DLL|x64.ActiveCfg = Debug_LIB|Win32
		{E3C6D871-83EC-4F64-815A-AFD9E6B63EDA}.Debug_LIB|Win32.ActiveCfg = Debug_LIB|Win32
		{E3C6D871-83EC-4F64-815A-AFD9E6B63EDA}.Debug_LIB|Win32.Build.0 = Debug_LIB|Win32
		{E3C6D871-83EC-4F64-815A-AFD9E6B63EDA}.Debug_LIB|x64.ActiveCfg = Debug_LIB|Win32
		{E3C6D871-83EC-4F64-815A-AFD9E6B63EDA}.Release_DLL|Win32.ActiveCfg = Release_DLL|Win32
		{E3C6D871-83EC-4F64-815A-AFD9E6B63EDA}.Release_DLL|Win32.Build.0 = Release_DLL|Win32
		{E3C6D871-83EC-4F64-815A-AFD9E6B63EDA}.Release_DLL|x64.ActiveCfg = Release_LIB|Win32
		{E3C6D871-83EC-4F64-815A-AFD9E6B63EDA}.Release_LIB|Win32.ActiveCfg = Release_LIB|Win32
		{E3C6D871-83EC-4F64-815A-AFD9E6B63EDA}.Release_LIB|Win32.Build.0 = Release_LIB|Win32
		{E3C6D871-83EC-4F64-815A-AFD9E6B63EDA}.Release_LIB|x64.ActiveCfg = Release_LIB|Win32
		{D5B667D9-4A72-4CCB-AAF6-8BA2C433EDD6}.Debug_DLL|Win32.ActiveCfg = Debug_DLL|Win32
		{D5B667D9-4A72-4CCB-AAF6-8BA2C433EDD6}.Debug_DLL|Win32.Build.0 = Debug_DLL|Win32
		{D5B667D9-4A72-4CCB-AAF6-8BA2C433EDD6}.Debug_DLL|x64.ActiveCfg = Debug_LIB|Win32
		{D5B667D9-4A72-4CCB-AAF6-8BA2C433EDD6}.Debug_LIB|Win32.ActiveCfg = Debug_LIB|Win32
		{D5B667D9-4A72-4CCB-AAF6-8BA2C433EDD6}.Debug_LIB|Win32.Build.0 = Debug_LIB|Win32
		{D5B667D9-4A72-4CCB-AAF6-8BA2C433EDD6}.Debug_LIB|x64.ActiveCfg = Debug_LIB|Win32
		{D5B667D9-4A72-4CCB-AAF6-8BA2C433EDD6}.Release_DLL|Win32.ActiveCfg = Release_DLL|Win32
		{D5B667D9-4A72-4CCB-AAF6-8BA2C433EDD6}.Release_DLL|Win32.Build.0 = Release_DLL|Win32
		{D5B667D9-4A72-4CCB-AAF6-8BA2C433EDD6}.Release_DLL|x64.ActiveCfg = Release_LIB|Win32
		{D5B667D9-4A72-4CCB-AAF6-8BA2C433EDD6}.Release_LIB|Win32.ActiveCfg = Release_LIB|Win32
		{D5B667D9-4A72-4CCB-AAF6-8BA2C433EDD6}.Release_LIB|Win32.Build.0 = Release_LIB|Win32
		{D5B667D9-4A72-4CCB-AAF6-8BA2C433EDD6}.Release_LIB|x64.ActiveCfg = Release_LIB|Win32
		{C4C77088-9772-4F2C-898B-653ACB53B11A}.Debug_DLL|Win32.ActiveCfg = Debug_DLL|Win32
		{C4C77088-9772-4F2C-898B-653ACB53B11A}.Debug_DLL|Win32.Build.0 = Debug_DLL|Win32
		{C4C77088-9772-4F2C-898B-653ACB53B11A}.Debug_DLL|x64.ActiveCfg = Debug_LIB|Win32
		{C4C77088-9772-4F2C-898B-653ACB53B11A}.Debug_LIB|Win32.ActiveCfg = Debug_LIB|Win32
		{C4C77088-9772-4F2C-898B-653ACB53B11A}.Debug_LIB|Win32.Build.0 = Debug_LIB|Win32
		{C4C77088-9772-4F2C-898B-653ACB53B11A}.Debug_LIB|x64.ActiveCfg = Debug_LIB|Win32
		{C4C77088-9772-4F2C-898B-653ACB53B11A}.Release_DLL|Win32.ActiveCfg = Release_DLL|Win32
		{C4C77088-9772-4F2C-898B-653ACB53B11A}.Release_DLL|Win32.Build.0 = Release_DLL|Win32
		{C4C77088-9772-4F2C-898B-653ACB53B11A}.Release_DLL|x64.ActiveCfg = Release_LIB|Win32
		{C4C77088-9772-4F2C-898B-653ACB53B11A}.Release_LIB|Win32.ActiveCfg = Release_LIB|Win32
		{C4C77088-9772-4F2C-898B-653ACB53B11A}.Release_LIB|Win32.Build.0 = Release_LIB|Win32
		{C4C77088-9772-4F2C-898B-653ACB53B11A}.Release_LIB|x64.ActiveCfg = Release_LIB|Win32
	EndGlobalSection
	GlobalSection(SolutionProperties) = preSolution
		HideSolutionNode = FALSE
	EndGlobalSection
EndGlobal
