<?xml version="1.0" encoding="utf-8"?>
<Project ToolsVersion="4.0" xmlns="http://schemas.microsoft.com/developer/msbuild/2003">
  <ItemGroup>
    <Filter Include="src">
      <UniqueIdentifier>{4FC737F1-C7A5-4376-A066-2A32D752A2FF}</UniqueIdentifier>
      <Extensions>cpp;c;cc;cxx;def;odl;idl;hpj;bat;asm;asmx</Extensions>
    </Filter>
    <Filter Include="src\O.Common">
      <UniqueIdentifier>{d0104fb1-fae6-467d-b202-b534bd676d23}</UniqueIdentifier>
      <SourceControlFiles>False</SourceControlFiles>
    </Filter>
    <Filter Include="testApp">
      <UniqueIdentifier>{888eb747-ba97-4276-9c33-6125426e0a22}</UniqueIdentifier>
    </Filter>
  </ItemGroup>
  <ItemGroup>
    <ClCompile Include="src\devTestGpibSerial.c">
      <Filter>src</Filter>
    </ClCompile>
    <ClCompile Include="src\testGpibSerialMain.cpp">
      <Filter>src</Filter>
    </ClCompile>
    <ClCompile Include="src\O.Common\testGpibSerial_registerRecordDeviceDriver.cpp">
      <Filter>src\O.Common</Filter>
    </ClCompile>
    <ClCompile Include="..\testApp\src\echoDriver.c">
      <Filter>testApp</Filter>
    </ClCompile>
  </ItemGroup>
  <ItemGroup>
    <None Include="src\ipacInclude.dbd">
      <Filter>src</Filter>
    </None>
    <None Include="src\testGpibSerialSupport.dbd">
      <Filter>src</Filter>
    </None>
  </ItemGroup>
  <ItemGroup>
    <CustomBuild Include="src\devTestGpibSerial.dbd">
      <Filter>src</Filter>
    </CustomBuild>
    <CustomBuild Include="src\O.Common\testGpibSerial.dbd">
      <Filter>src\O.Common</Filter>
    </CustomBuild>
  </ItemGroup>
</Project>